
Microsoft Visual Studio Solution File, Format Version 12.00
# Visual Studio 2013
Project("{8BC9CEB8-8B4A-11D0-8D11-00A0C91BC942}") = "TriggerVolume", "TriggerVolume.vcxproj", "{7D746FA8-D038-459A-8905-79A29147D208}"
EndProject
Global
	GlobalSection(SolutionConfigurationPlatforms) = preSolution
		Debug|Win32 = Debug|Win32
		Release|Win32 = Release|Win32
	EndGlobalSection
	GlobalSection(ProjectConfigurationPlatforms) = postSolution
		{7D746FA8-D038-459A-8905-79A29147D208}.Debug|Win32.ActiveCfg = Debug|Win32
		{7D746FA8-D038-459A-8905-79A29147D208}.Debug|Win32.Build.0 = Debug|Win32
		{7D746FA8-D038-459A-8905-79A29147D208}.Release|Win32.ActiveCfg = Release|Win32
		{7D746FA8-D038-459A-8905-79A29147D208}.Release|Win32.Build.0 = Release|Win32
	EndGlobalSection
	GlobalSection(SolutionProperties) = preSolution
		HideSolutionNode = FALSE
	EndGlobalSection
EndGlobal
