<Project ToolsVersion="4.0" xmlns="http://schemas.microsoft.com/developer/msbuild/2003">
  <ItemGroup>
    <Filter Include="Source Files">
      <UniqueIdentifier>{4FC737F1-C7A5-4376-A066-2A32D752A2FF}</UniqueIdentifier>
      <Extensions>cpp;c;cc;cxx;def;odl;idl;hpj;bat;asm;asmx</Extensions>
    </Filter>
    <Filter Include="Header Files">
      <UniqueIdentifier>{93995380-89BD-4b04-88EB-625FBE52EBFB}</UniqueIdentifier>
      <Extensions>h;hpp;hxx;hm;inl;inc;xsd</Extensions>
    </Filter>
    <Filter Include="Resource Files">
      <UniqueIdentifier>{67DA6AB6-F800-4c08-8B7A-83BB121AAD01}</UniqueIdentifier>
      <Extensions>rc;ico;cur;bmp;dlg;rc2;rct;bin;rgs;gif;jpg;jpeg;jpe;resx;tiff;tif;png;wav</Extensions>
    </Filter>
    <Filter Include="Blocks">
      <UniqueIdentifier>{E4609993-B82D-459C-995F-78058313B388}</UniqueIdentifier>
    </Filter>
    <Filter Include="Blocks\Bullet 3D Physics">
      <UniqueIdentifier>{232B78DA-B88F-415B-9ACC-AE3166DF4FEE}</UniqueIdentifier>
    </Filter>
    <Filter Include="Blocks\Bullet 3D Physics\src">
      <UniqueIdentifier>{026B8E65-0E33-4851-BF64-F8C1C4D37619}</UniqueIdentifier>
    </Filter>
    <Filter Include="Blocks\Bullet 3D Physics\src\BulletPhysics">
      <UniqueIdentifier>{98C3A331-8D38-48BC-A7DD-1863733AC278}</UniqueIdentifier>
    </Filter>
    <Filter Include="Blocks\Bullet 3D Physics\src\BulletPhysics\BulletCollision">
      <UniqueIdentifier>{B8E73366-9855-403A-928B-AA67FEF9DE7F}</UniqueIdentifier>
    </Filter>
    <Filter Include="Blocks\Bullet 3D Physics\src\BulletPhysics\BulletCollision\BroadPhaseCollision">
      <UniqueIdentifier>{D6A22D29-0C8B-438E-86C6-6A4C8079EA58}</UniqueIdentifier>
    </Filter>
    <Filter Include="Blocks\Bullet 3D Physics\src\BulletPhysics\BulletCollision\CollisionDispatch">
      <UniqueIdentifier>{CF7150E5-2030-4570-959F-C5BE4F3707EC}</UniqueIdentifier>
    </Filter>
    <Filter Include="Blocks\Bullet 3D Physics\src\BulletPhysics\BulletCollision\CollisionShapes">
      <UniqueIdentifier>{F0E64B46-DD90-401D-9247-8536A6435683}</UniqueIdentifier>
    </Filter>
    <Filter Include="Blocks\Bullet 3D Physics\src\BulletPhysics\BulletCollision\GImpact">
      <UniqueIdentifier>{7364ED0A-1EF4-4B5B-B1D4-FD5C6FFBE8B4}</UniqueIdentifier>
    </Filter>
    <Filter Include="Blocks\Bullet 3D Physics\src\BulletPhysics\BulletCollision\NarrowPhaseCollision">
      <UniqueIdentifier>{7D0D84D3-8140-46D8-9286-59FF7082EE7B}</UniqueIdentifier>
    </Filter>
    <Filter Include="Blocks\Bullet 3D Physics\src\BulletPhysics\BulletDynamics">
      <UniqueIdentifier>{3409E632-FDF2-4941-BA0A-180995EB8115}</UniqueIdentifier>
    </Filter>
    <Filter Include="Blocks\Bullet 3D Physics\src\BulletPhysics\BulletDynamics\Character">
      <UniqueIdentifier>{8C71E4CE-B253-43EC-A01D-AB8848CDB6C6}</UniqueIdentifier>
    </Filter>
    <Filter Include="Blocks\Bullet 3D Physics\src\BulletPhysics\BulletDynamics\ConstraintSolver">
      <UniqueIdentifier>{83194F10-3595-4FC7-AEDF-94448409E036}</UniqueIdentifier>
    </Filter>
    <Filter Include="Blocks\Bullet 3D Physics\src\BulletPhysics\BulletDynamics\Dynamics">
      <UniqueIdentifier>{4C3343CB-79A9-4941-A1AE-D83F09E8225A}</UniqueIdentifier>
    </Filter>
    <Filter Include="Blocks\Bullet 3D Physics\src\BulletPhysics\BulletDynamics\FeatherStone">
      <UniqueIdentifier>{9C913C41-520E-434E-A0B0-A48327BFFC58}</UniqueIdentifier>
    </Filter>
    <Filter Include="Blocks\Bullet 3D Physics\src\BulletPhysics\BulletDynamics\MLCPSolvers">
      <UniqueIdentifier>{27D7BE19-3BBD-4A27-B812-3FBCDAC42883}</UniqueIdentifier>
    </Filter>
    <Filter Include="Blocks\Bullet 3D Physics\src\BulletPhysics\BulletDynamics\Vehicle">
      <UniqueIdentifier>{BEB7CD97-4F3E-4EDC-B87F-65F4D8125BCF}</UniqueIdentifier>
    </Filter>
    <Filter Include="Blocks\Bullet 3D Physics\src\BulletPhysics\InverseDynamics">
      <UniqueIdentifier>{81D50C1B-3EFE-495F-A2E1-240170EE161B}</UniqueIdentifier>
    </Filter>
    <Filter Include="Blocks\Bullet 3D Physics\src\BulletPhysics\HACD">
      <UniqueIdentifier>{19D65649-C255-432D-8D74-C9197FC95CD8}</UniqueIdentifier>
    </Filter>
    <Filter Include="Blocks\Bullet 3D Physics\src\BulletPhysics\ConvexDecomposition">
      <UniqueIdentifier>{E7553806-F452-410D-A040-AE93C8704CFA}</UniqueIdentifier>
    </Filter>
    <Filter Include="Blocks\Bullet 3D Physics\src\BussIK">
      <UniqueIdentifier>{03A7BC2F-9F11-42DA-8762-521573459A05}</UniqueIdentifier>
    </Filter>
    <Filter Include="Blocks\Bullet 3D Physics\src\BulletPhysics\Serialize">
      <UniqueIdentifier>{31E9BAC8-6336-4C5E-8ABF-A7FF6ECEFFD1}</UniqueIdentifier>
    </Filter>
    <Filter Include="Blocks\Bullet 3D Physics\src\BulletPhysics\Serialize\BulletFileLoader">
      <UniqueIdentifier>{A80C0D08-10C1-4536-9850-74D4957F096C}</UniqueIdentifier>
    </Filter>
    <Filter Include="Blocks\Bullet 3D Physics\src\BulletPhysics\Serialize\BulletWorldImporter">
      <UniqueIdentifier>{36ACC9E4-73B7-4C6B-987D-4DFE1956A315}</UniqueIdentifier>
    </Filter>
    <Filter Include="Blocks\Bullet 3D Physics\src\BulletPhysics\BulletSoftBody">
      <UniqueIdentifier>{4B436521-C4BA-4C98-9586-9F48DC3305CD}</UniqueIdentifier>
    </Filter>
    <Filter Include="Blocks\Bullet 3D Physics\src\Cinder-Bullet3D">
      <UniqueIdentifier>{24F219A9-E3AD-42A4-97AF-8F7CD38AD1D4}</UniqueIdentifier>
    </Filter>
    <Filter Include="Blocks\Bullet 3D Physics\src\BulletPhysics\BulletInverseDynamics">
      <UniqueIdentifier>{8CB707E6-C359-47C1-B9BC-4973D0A49706}</UniqueIdentifier>
    </Filter>
    <Filter Include="Blocks\Bullet 3D Physics\src\BulletPhysics\BulletInverseDynamics\details">
      <UniqueIdentifier>{7D122BC1-E07C-4AE1-B98E-C2153AB9F2FD}</UniqueIdentifier>
    </Filter>
  </ItemGroup>
  <ItemGroup>
    <ClCompile Include="..\src\RagDollApp.cpp">
      <Filter>Source Files</Filter>
    </ClCompile>
    <ClCompile Include="..\src\RagDollApp.cpp">
      <Filter>Source Files</Filter>
    </ClCompile>
    <ClInclude Include="..\include\Resources.h">
      <Filter>Header Files</Filter>
    </ClInclude>
    <ClInclude Include="..\..\..\src\BulletPhysics\btBulletCollisionCommon.h">
      <Filter>Blocks\Bullet 3D Physics\src\BulletPhysics</Filter>
    </ClInclude>
    <ClInclude Include="..\..\..\src\BulletPhysics\btBulletDynamicsCommon.h">
      <Filter>Blocks\Bullet 3D Physics\src\BulletPhysics</Filter>
    </ClInclude>
    <ClInclude Include="..\..\..\src\BulletPhysics\BulletCollision\BroadPhaseCollision\btAxisSweep3.h">
      <Filter>Blocks\Bullet 3D Physics\src\BulletPhysics\BulletCollision\BroadPhaseCollision</Filter>
    </ClInclude>
    <ClInclude Include="..\..\..\src\BulletPhysics\BulletCollision\BroadPhaseCollision\btBroadphaseInterface.h">
      <Filter>Blocks\Bullet 3D Physics\src\BulletPhysics\BulletCollision\BroadPhaseCollision</Filter>
    </ClInclude>
    <ClInclude Include="..\..\..\src\BulletPhysics\BulletCollision\BroadPhaseCollision\btBroadphaseProxy.h">
      <Filter>Blocks\Bullet 3D Physics\src\BulletPhysics\BulletCollision\BroadPhaseCollision</Filter>
    </ClInclude>
    <ClInclude Include="..\..\..\src\BulletPhysics\BulletCollision\BroadPhaseCollision\btCollisionAlgorithm.h">
      <Filter>Blocks\Bullet 3D Physics\src\BulletPhysics\BulletCollision\BroadPhaseCollision</Filter>
    </ClInclude>
    <ClInclude Include="..\..\..\src\BulletPhysics\BulletCollision\BroadPhaseCollision\btDbvt.h">
      <Filter>Blocks\Bullet 3D Physics\src\BulletPhysics\BulletCollision\BroadPhaseCollision</Filter>
    </ClInclude>
    <ClInclude Include="..\..\..\src\BulletPhysics\BulletCollision\BroadPhaseCollision\btDbvtBroadphase.h">
      <Filter>Blocks\Bullet 3D Physics\src\BulletPhysics\BulletCollision\BroadPhaseCollision</Filter>
    </ClInclude>
    <ClInclude Include="..\..\..\src\BulletPhysics\BulletCollision\BroadPhaseCollision\btDispatcher.h">
      <Filter>Blocks\Bullet 3D Physics\src\BulletPhysics\BulletCollision\BroadPhaseCollision</Filter>
    </ClInclude>
    <ClInclude Include="..\..\..\src\BulletPhysics\BulletCollision\BroadPhaseCollision\btMultiSapBroadphase.h">
      <Filter>Blocks\Bullet 3D Physics\src\BulletPhysics\BulletCollision\BroadPhaseCollision</Filter>
    </ClInclude>
    <ClInclude Include="..\..\..\src\BulletPhysics\BulletCollision\BroadPhaseCollision\btOverlappingPairCache.h">
      <Filter>Blocks\Bullet 3D Physics\src\BulletPhysics\BulletCollision\BroadPhaseCollision</Filter>
    </ClInclude>
    <ClInclude Include="..\..\..\src\BulletPhysics\BulletCollision\BroadPhaseCollision\btOverlappingPairCallback.h">
      <Filter>Blocks\Bullet 3D Physics\src\BulletPhysics\BulletCollision\BroadPhaseCollision</Filter>
    </ClInclude>
    <ClInclude Include="..\..\..\src\BulletPhysics\BulletCollision\BroadPhaseCollision\btQuantizedBvh.h">
      <Filter>Blocks\Bullet 3D Physics\src\BulletPhysics\BulletCollision\BroadPhaseCollision</Filter>
    </ClInclude>
    <ClInclude Include="..\..\..\src\BulletPhysics\BulletCollision\BroadPhaseCollision\btSimpleBroadphase.h">
      <Filter>Blocks\Bullet 3D Physics\src\BulletPhysics\BulletCollision\BroadPhaseCollision</Filter>
    </ClInclude>
    <ClInclude Include="..\..\..\src\BulletPhysics\BulletCollision\CollisionDispatch\btActivatingCollisionAlgorithm.h">
      <Filter>Blocks\Bullet 3D Physics\src\BulletPhysics\BulletCollision\CollisionDispatch</Filter>
    </ClInclude>
    <ClInclude Include="..\..\..\src\BulletPhysics\BulletCollision\CollisionDispatch\btBox2dBox2dCollisionAlgorithm.h">
      <Filter>Blocks\Bullet 3D Physics\src\BulletPhysics\BulletCollision\CollisionDispatch</Filter>
    </ClInclude>
    <ClInclude Include="..\..\..\src\BulletPhysics\BulletCollision\CollisionDispatch\btBoxBoxCollisionAlgorithm.h">
      <Filter>Blocks\Bullet 3D Physics\src\BulletPhysics\BulletCollision\CollisionDispatch</Filter>
    </ClInclude>
    <ClInclude Include="..\..\..\src\BulletPhysics\BulletCollision\CollisionDispatch\btBoxBoxDetector.h">
      <Filter>Blocks\Bullet 3D Physics\src\BulletPhysics\BulletCollision\CollisionDispatch</Filter>
    </ClInclude>
    <ClInclude Include="..\..\..\src\BulletPhysics\BulletCollision\CollisionDispatch\btCollisionConfiguration.h">
      <Filter>Blocks\Bullet 3D Physics\src\BulletPhysics\BulletCollision\CollisionDispatch</Filter>
    </ClInclude>
    <ClInclude Include="..\..\..\src\BulletPhysics\BulletCollision\CollisionDispatch\btCollisionCreateFunc.h">
      <Filter>Blocks\Bullet 3D Physics\src\BulletPhysics\BulletCollision\CollisionDispatch</Filter>
    </ClInclude>
    <ClInclude Include="..\..\..\src\BulletPhysics\BulletCollision\CollisionDispatch\btCollisionDispatcher.h">
      <Filter>Blocks\Bullet 3D Physics\src\BulletPhysics\BulletCollision\CollisionDispatch</Filter>
    </ClInclude>
    <ClInclude Include="..\..\..\src\BulletPhysics\BulletCollision\CollisionDispatch\btCollisionObject.h">
      <Filter>Blocks\Bullet 3D Physics\src\BulletPhysics\BulletCollision\CollisionDispatch</Filter>
    </ClInclude>
    <ClInclude Include="..\..\..\src\BulletPhysics\BulletCollision\CollisionDispatch\btCollisionObjectWrapper.h">
      <Filter>Blocks\Bullet 3D Physics\src\BulletPhysics\BulletCollision\CollisionDispatch</Filter>
    </ClInclude>
    <ClInclude Include="..\..\..\src\BulletPhysics\BulletCollision\CollisionDispatch\btCollisionWorld.h">
      <Filter>Blocks\Bullet 3D Physics\src\BulletPhysics\BulletCollision\CollisionDispatch</Filter>
    </ClInclude>
    <ClInclude Include="..\..\..\src\BulletPhysics\BulletCollision\CollisionDispatch\btCollisionWorldImporter.h">
      <Filter>Blocks\Bullet 3D Physics\src\BulletPhysics\BulletCollision\CollisionDispatch</Filter>
    </ClInclude>
    <ClInclude Include="..\..\..\src\BulletPhysics\BulletCollision\CollisionDispatch\btCompoundCollisionAlgorithm.h">
      <Filter>Blocks\Bullet 3D Physics\src\BulletPhysics\BulletCollision\CollisionDispatch</Filter>
    </ClInclude>
    <ClInclude Include="..\..\..\src\BulletPhysics\BulletCollision\CollisionDispatch\btCompoundCompoundCollisionAlgorithm.h">
      <Filter>Blocks\Bullet 3D Physics\src\BulletPhysics\BulletCollision\CollisionDispatch</Filter>
    </ClInclude>
    <ClInclude Include="..\..\..\src\BulletPhysics\BulletCollision\CollisionDispatch\btConvex2dConvex2dAlgorithm.h">
      <Filter>Blocks\Bullet 3D Physics\src\BulletPhysics\BulletCollision\CollisionDispatch</Filter>
    </ClInclude>
    <ClInclude Include="..\..\..\src\BulletPhysics\BulletCollision\CollisionDispatch\btConvexConcaveCollisionAlgorithm.h">
      <Filter>Blocks\Bullet 3D Physics\src\BulletPhysics\BulletCollision\CollisionDispatch</Filter>
    </ClInclude>
    <ClInclude Include="..\..\..\src\BulletPhysics\BulletCollision\CollisionDispatch\btConvexConvexAlgorithm.h">
      <Filter>Blocks\Bullet 3D Physics\src\BulletPhysics\BulletCollision\CollisionDispatch</Filter>
    </ClInclude>
    <ClInclude Include="..\..\..\src\BulletPhysics\BulletCollision\CollisionDispatch\btConvexPlaneCollisionAlgorithm.h">
      <Filter>Blocks\Bullet 3D Physics\src\BulletPhysics\BulletCollision\CollisionDispatch</Filter>
    </ClInclude>
    <ClInclude Include="..\..\..\src\BulletPhysics\BulletCollision\CollisionDispatch\btDefaultCollisionConfiguration.h">
      <Filter>Blocks\Bullet 3D Physics\src\BulletPhysics\BulletCollision\CollisionDispatch</Filter>
    </ClInclude>
    <ClInclude Include="..\..\..\src\BulletPhysics\BulletCollision\CollisionDispatch\btEmptyCollisionAlgorithm.h">
      <Filter>Blocks\Bullet 3D Physics\src\BulletPhysics\BulletCollision\CollisionDispatch</Filter>
    </ClInclude>
    <ClInclude Include="..\..\..\src\BulletPhysics\BulletCollision\CollisionDispatch\btGhostObject.h">
      <Filter>Blocks\Bullet 3D Physics\src\BulletPhysics\BulletCollision\CollisionDispatch</Filter>
    </ClInclude>
    <ClInclude Include="..\..\..\src\BulletPhysics\BulletCollision\CollisionDispatch\btHashedSimplePairCache.h">
      <Filter>Blocks\Bullet 3D Physics\src\BulletPhysics\BulletCollision\CollisionDispatch</Filter>
    </ClInclude>
    <ClInclude Include="..\..\..\src\BulletPhysics\BulletCollision\CollisionDispatch\btInternalEdgeUtility.h">
      <Filter>Blocks\Bullet 3D Physics\src\BulletPhysics\BulletCollision\CollisionDispatch</Filter>
    </ClInclude>
    <ClInclude Include="..\..\..\src\BulletPhysics\BulletCollision\CollisionDispatch\btManifoldResult.h">
      <Filter>Blocks\Bullet 3D Physics\src\BulletPhysics\BulletCollision\CollisionDispatch</Filter>
    </ClInclude>
    <ClInclude Include="..\..\..\src\BulletPhysics\BulletCollision\CollisionDispatch\btSimulationIslandManager.h">
      <Filter>Blocks\Bullet 3D Physics\src\BulletPhysics\BulletCollision\CollisionDispatch</Filter>
    </ClInclude>
    <ClInclude Include="..\..\..\src\BulletPhysics\BulletCollision\CollisionDispatch\btSphereBoxCollisionAlgorithm.h">
      <Filter>Blocks\Bullet 3D Physics\src\BulletPhysics\BulletCollision\CollisionDispatch</Filter>
    </ClInclude>
    <ClInclude Include="..\..\..\src\BulletPhysics\BulletCollision\CollisionDispatch\btSphereSphereCollisionAlgorithm.h">
      <Filter>Blocks\Bullet 3D Physics\src\BulletPhysics\BulletCollision\CollisionDispatch</Filter>
    </ClInclude>
    <ClInclude Include="..\..\..\src\BulletPhysics\BulletCollision\CollisionDispatch\btSphereTriangleCollisionAlgorithm.h">
      <Filter>Blocks\Bullet 3D Physics\src\BulletPhysics\BulletCollision\CollisionDispatch</Filter>
    </ClInclude>
    <ClInclude Include="..\..\..\src\BulletPhysics\BulletCollision\CollisionDispatch\btUnionFind.h">
      <Filter>Blocks\Bullet 3D Physics\src\BulletPhysics\BulletCollision\CollisionDispatch</Filter>
    </ClInclude>
    <ClInclude Include="..\..\..\src\BulletPhysics\BulletCollision\CollisionDispatch\SphereTriangleDetector.h">
      <Filter>Blocks\Bullet 3D Physics\src\BulletPhysics\BulletCollision\CollisionDispatch</Filter>
    </ClInclude>
    <ClInclude Include="..\..\..\src\BulletPhysics\BulletCollision\CollisionShapes\btBox2dShape.h">
      <Filter>Blocks\Bullet 3D Physics\src\BulletPhysics\BulletCollision\CollisionShapes</Filter>
    </ClInclude>
    <ClInclude Include="..\..\..\src\BulletPhysics\BulletCollision\CollisionShapes\btBoxShape.h">
      <Filter>Blocks\Bullet 3D Physics\src\BulletPhysics\BulletCollision\CollisionShapes</Filter>
    </ClInclude>
    <ClInclude Include="..\..\..\src\BulletPhysics\BulletCollision\CollisionShapes\btBvhTriangleMeshShape.h">
      <Filter>Blocks\Bullet 3D Physics\src\BulletPhysics\BulletCollision\CollisionShapes</Filter>
    </ClInclude>
    <ClInclude Include="..\..\..\src\BulletPhysics\BulletCollision\CollisionShapes\btCapsuleShape.h">
      <Filter>Blocks\Bullet 3D Physics\src\BulletPhysics\BulletCollision\CollisionShapes</Filter>
    </ClInclude>
    <ClInclude Include="..\..\..\src\BulletPhysics\BulletCollision\CollisionShapes\btCollisionMargin.h">
      <Filter>Blocks\Bullet 3D Physics\src\BulletPhysics\BulletCollision\CollisionShapes</Filter>
    </ClInclude>
    <ClInclude Include="..\..\..\src\BulletPhysics\BulletCollision\CollisionShapes\btCollisionShape.h">
      <Filter>Blocks\Bullet 3D Physics\src\BulletPhysics\BulletCollision\CollisionShapes</Filter>
    </ClInclude>
    <ClInclude Include="..\..\..\src\BulletPhysics\BulletCollision\CollisionShapes\btCompoundShape.h">
      <Filter>Blocks\Bullet 3D Physics\src\BulletPhysics\BulletCollision\CollisionShapes</Filter>
    </ClInclude>
    <ClInclude Include="..\..\..\src\BulletPhysics\BulletCollision\CollisionShapes\btConcaveShape.h">
      <Filter>Blocks\Bullet 3D Physics\src\BulletPhysics\BulletCollision\CollisionShapes</Filter>
    </ClInclude>
    <ClInclude Include="..\..\..\src\BulletPhysics\BulletCollision\CollisionShapes\btConeShape.h">
      <Filter>Blocks\Bullet 3D Physics\src\BulletPhysics\BulletCollision\CollisionShapes</Filter>
    </ClInclude>
    <ClInclude Include="..\..\..\src\BulletPhysics\BulletCollision\CollisionShapes\btConvex2dShape.h">
      <Filter>Blocks\Bullet 3D Physics\src\BulletPhysics\BulletCollision\CollisionShapes</Filter>
    </ClInclude>
    <ClInclude Include="..\..\..\src\BulletPhysics\BulletCollision\CollisionShapes\btConvexHullShape.h">
      <Filter>Blocks\Bullet 3D Physics\src\BulletPhysics\BulletCollision\CollisionShapes</Filter>
    </ClInclude>
    <ClInclude Include="..\..\..\src\BulletPhysics\BulletCollision\CollisionShapes\btConvexInternalShape.h">
      <Filter>Blocks\Bullet 3D Physics\src\BulletPhysics\BulletCollision\CollisionShapes</Filter>
    </ClInclude>
    <ClInclude Include="..\..\..\src\BulletPhysics\BulletCollision\CollisionShapes\btConvexPointCloudShape.h">
      <Filter>Blocks\Bullet 3D Physics\src\BulletPhysics\BulletCollision\CollisionShapes</Filter>
    </ClInclude>
    <ClInclude Include="..\..\..\src\BulletPhysics\BulletCollision\CollisionShapes\btConvexPolyhedron.h">
      <Filter>Blocks\Bullet 3D Physics\src\BulletPhysics\BulletCollision\CollisionShapes</Filter>
    </ClInclude>
    <ClInclude Include="..\..\..\src\BulletPhysics\BulletCollision\CollisionShapes\btConvexShape.h">
      <Filter>Blocks\Bullet 3D Physics\src\BulletPhysics\BulletCollision\CollisionShapes</Filter>
    </ClInclude>
    <ClInclude Include="..\..\..\src\BulletPhysics\BulletCollision\CollisionShapes\btConvexTriangleMeshShape.h">
      <Filter>Blocks\Bullet 3D Physics\src\BulletPhysics\BulletCollision\CollisionShapes</Filter>
    </ClInclude>
    <ClInclude Include="..\..\..\src\BulletPhysics\BulletCollision\CollisionShapes\btCylinderShape.h">
      <Filter>Blocks\Bullet 3D Physics\src\BulletPhysics\BulletCollision\CollisionShapes</Filter>
    </ClInclude>
    <ClInclude Include="..\..\..\src\BulletPhysics\BulletCollision\CollisionShapes\btEmptyShape.h">
      <Filter>Blocks\Bullet 3D Physics\src\BulletPhysics\BulletCollision\CollisionShapes</Filter>
    </ClInclude>
    <ClInclude Include="..\..\..\src\BulletPhysics\BulletCollision\CollisionShapes\btHeightfieldTerrainShape.h">
      <Filter>Blocks\Bullet 3D Physics\src\BulletPhysics\BulletCollision\CollisionShapes</Filter>
    </ClInclude>
    <ClInclude Include="..\..\..\src\BulletPhysics\BulletCollision\CollisionShapes\btMaterial.h">
      <Filter>Blocks\Bullet 3D Physics\src\BulletPhysics\BulletCollision\CollisionShapes</Filter>
    </ClInclude>
    <ClInclude Include="..\..\..\src\BulletPhysics\BulletCollision\CollisionShapes\btMinkowskiSumShape.h">
      <Filter>Blocks\Bullet 3D Physics\src\BulletPhysics\BulletCollision\CollisionShapes</Filter>
    </ClInclude>
    <ClInclude Include="..\..\..\src\BulletPhysics\BulletCollision\CollisionShapes\btMultimaterialTriangleMeshShape.h">
      <Filter>Blocks\Bullet 3D Physics\src\BulletPhysics\BulletCollision\CollisionShapes</Filter>
    </ClInclude>
    <ClInclude Include="..\..\..\src\BulletPhysics\BulletCollision\CollisionShapes\btMultiSphereShape.h">
      <Filter>Blocks\Bullet 3D Physics\src\BulletPhysics\BulletCollision\CollisionShapes</Filter>
    </ClInclude>
    <ClInclude Include="..\..\..\src\BulletPhysics\BulletCollision\CollisionShapes\btOptimizedBvh.h">
      <Filter>Blocks\Bullet 3D Physics\src\BulletPhysics\BulletCollision\CollisionShapes</Filter>
    </ClInclude>
    <ClInclude Include="..\..\..\src\BulletPhysics\BulletCollision\CollisionShapes\btPolyhedralConvexShape.h">
      <Filter>Blocks\Bullet 3D Physics\src\BulletPhysics\BulletCollision\CollisionShapes</Filter>
    </ClInclude>
    <ClInclude Include="..\..\..\src\BulletPhysics\BulletCollision\CollisionShapes\btScaledBvhTriangleMeshShape.h">
      <Filter>Blocks\Bullet 3D Physics\src\BulletPhysics\BulletCollision\CollisionShapes</Filter>
    </ClInclude>
    <ClInclude Include="..\..\..\src\BulletPhysics\BulletCollision\CollisionShapes\btShapeHull.h">
      <Filter>Blocks\Bullet 3D Physics\src\BulletPhysics\BulletCollision\CollisionShapes</Filter>
    </ClInclude>
    <ClInclude Include="..\..\..\src\BulletPhysics\BulletCollision\CollisionShapes\btSphereShape.h">
      <Filter>Blocks\Bullet 3D Physics\src\BulletPhysics\BulletCollision\CollisionShapes</Filter>
    </ClInclude>
    <ClInclude Include="..\..\..\src\BulletPhysics\BulletCollision\CollisionShapes\btStaticPlaneShape.h">
      <Filter>Blocks\Bullet 3D Physics\src\BulletPhysics\BulletCollision\CollisionShapes</Filter>
    </ClInclude>
    <ClInclude Include="..\..\..\src\BulletPhysics\BulletCollision\CollisionShapes\btStridingMeshInterface.h">
      <Filter>Blocks\Bullet 3D Physics\src\BulletPhysics\BulletCollision\CollisionShapes</Filter>
    </ClInclude>
    <ClInclude Include="..\..\..\src\BulletPhysics\BulletCollision\CollisionShapes\btTetrahedronShape.h">
      <Filter>Blocks\Bullet 3D Physics\src\BulletPhysics\BulletCollision\CollisionShapes</Filter>
    </ClInclude>
    <ClInclude Include="..\..\..\src\BulletPhysics\BulletCollision\CollisionShapes\btTriangleBuffer.h">
      <Filter>Blocks\Bullet 3D Physics\src\BulletPhysics\BulletCollision\CollisionShapes</Filter>
    </ClInclude>
    <ClInclude Include="..\..\..\src\BulletPhysics\BulletCollision\CollisionShapes\btTriangleCallback.h">
      <Filter>Blocks\Bullet 3D Physics\src\BulletPhysics\BulletCollision\CollisionShapes</Filter>
    </ClInclude>
    <ClInclude Include="..\..\..\src\BulletPhysics\BulletCollision\CollisionShapes\btTriangleIndexVertexArray.h">
      <Filter>Blocks\Bullet 3D Physics\src\BulletPhysics\BulletCollision\CollisionShapes</Filter>
    </ClInclude>
    <ClInclude Include="..\..\..\src\BulletPhysics\BulletCollision\CollisionShapes\btTriangleIndexVertexMaterialArray.h">
      <Filter>Blocks\Bullet 3D Physics\src\BulletPhysics\BulletCollision\CollisionShapes</Filter>
    </ClInclude>
    <ClInclude Include="..\..\..\src\BulletPhysics\BulletCollision\CollisionShapes\btTriangleInfoMap.h">
      <Filter>Blocks\Bullet 3D Physics\src\BulletPhysics\BulletCollision\CollisionShapes</Filter>
    </ClInclude>
    <ClInclude Include="..\..\..\src\BulletPhysics\BulletCollision\CollisionShapes\btTriangleMesh.h">
      <Filter>Blocks\Bullet 3D Physics\src\BulletPhysics\BulletCollision\CollisionShapes</Filter>
    </ClInclude>
    <ClInclude Include="..\..\..\src\BulletPhysics\BulletCollision\CollisionShapes\btTriangleMeshShape.h">
      <Filter>Blocks\Bullet 3D Physics\src\BulletPhysics\BulletCollision\CollisionShapes</Filter>
    </ClInclude>
    <ClInclude Include="..\..\..\src\BulletPhysics\BulletCollision\CollisionShapes\btTriangleShape.h">
      <Filter>Blocks\Bullet 3D Physics\src\BulletPhysics\BulletCollision\CollisionShapes</Filter>
    </ClInclude>
    <ClInclude Include="..\..\..\src\BulletPhysics\BulletCollision\CollisionShapes\btUniformScalingShape.h">
      <Filter>Blocks\Bullet 3D Physics\src\BulletPhysics\BulletCollision\CollisionShapes</Filter>
    </ClInclude>
    <ClInclude Include="..\..\..\src\BulletPhysics\BulletCollision\GImpact\btBoxCollision.h">
      <Filter>Blocks\Bullet 3D Physics\src\BulletPhysics\BulletCollision\GImpact</Filter>
    </ClInclude>
    <ClInclude Include="..\..\..\src\BulletPhysics\BulletCollision\GImpact\btClipPolygon.h">
      <Filter>Blocks\Bullet 3D Physics\src\BulletPhysics\BulletCollision\GImpact</Filter>
    </ClInclude>
    <ClInclude Include="..\..\..\src\BulletPhysics\BulletCollision\GImpact\btCompoundFromGimpact.h">
      <Filter>Blocks\Bullet 3D Physics\src\BulletPhysics\BulletCollision\GImpact</Filter>
    </ClInclude>
    <ClInclude Include="..\..\..\src\BulletPhysics\BulletCollision\GImpact\btContactProcessing.h">
      <Filter>Blocks\Bullet 3D Physics\src\BulletPhysics\BulletCollision\GImpact</Filter>
    </ClInclude>
    <ClInclude Include="..\..\..\src\BulletPhysics\BulletCollision\GImpact\btGenericPoolAllocator.h">
      <Filter>Blocks\Bullet 3D Physics\src\BulletPhysics\BulletCollision\GImpact</Filter>
    </ClInclude>
    <ClInclude Include="..\..\..\src\BulletPhysics\BulletCollision\GImpact\btGeometryOperations.h">
      <Filter>Blocks\Bullet 3D Physics\src\BulletPhysics\BulletCollision\GImpact</Filter>
    </ClInclude>
    <ClInclude Include="..\..\..\src\BulletPhysics\BulletCollision\GImpact\btGImpactBvh.h">
      <Filter>Blocks\Bullet 3D Physics\src\BulletPhysics\BulletCollision\GImpact</Filter>
    </ClInclude>
    <ClInclude Include="..\..\..\src\BulletPhysics\BulletCollision\GImpact\btGImpactCollisionAlgorithm.h">
      <Filter>Blocks\Bullet 3D Physics\src\BulletPhysics\BulletCollision\GImpact</Filter>
    </ClInclude>
    <ClInclude Include="..\..\..\src\BulletPhysics\BulletCollision\GImpact\btGImpactMassUtil.h">
      <Filter>Blocks\Bullet 3D Physics\src\BulletPhysics\BulletCollision\GImpact</Filter>
    </ClInclude>
    <ClInclude Include="..\..\..\src\BulletPhysics\BulletCollision\GImpact\btGImpactQuantizedBvh.h">
      <Filter>Blocks\Bullet 3D Physics\src\BulletPhysics\BulletCollision\GImpact</Filter>
    </ClInclude>
    <ClInclude Include="..\..\..\src\BulletPhysics\BulletCollision\GImpact\btGImpactShape.h">
      <Filter>Blocks\Bullet 3D Physics\src\BulletPhysics\BulletCollision\GImpact</Filter>
    </ClInclude>
    <ClInclude Include="..\..\..\src\BulletPhysics\BulletCollision\GImpact\btQuantization.h">
      <Filter>Blocks\Bullet 3D Physics\src\BulletPhysics\BulletCollision\GImpact</Filter>
    </ClInclude>
    <ClInclude Include="..\..\..\src\BulletPhysics\BulletCollision\GImpact\btTriangleShapeEx.h">
      <Filter>Blocks\Bullet 3D Physics\src\BulletPhysics\BulletCollision\GImpact</Filter>
    </ClInclude>
    <ClInclude Include="..\..\..\src\BulletPhysics\BulletCollision\GImpact\gim_array.h">
      <Filter>Blocks\Bullet 3D Physics\src\BulletPhysics\BulletCollision\GImpact</Filter>
    </ClInclude>
    <ClInclude Include="..\..\..\src\BulletPhysics\BulletCollision\GImpact\gim_basic_geometry_operations.h">
      <Filter>Blocks\Bullet 3D Physics\src\BulletPhysics\BulletCollision\GImpact</Filter>
    </ClInclude>
    <ClInclude Include="..\..\..\src\BulletPhysics\BulletCollision\GImpact\gim_bitset.h">
      <Filter>Blocks\Bullet 3D Physics\src\BulletPhysics\BulletCollision\GImpact</Filter>
    </ClInclude>
    <ClInclude Include="..\..\..\src\BulletPhysics\BulletCollision\GImpact\gim_box_collision.h">
      <Filter>Blocks\Bullet 3D Physics\src\BulletPhysics\BulletCollision\GImpact</Filter>
    </ClInclude>
    <ClInclude Include="..\..\..\src\BulletPhysics\BulletCollision\GImpact\gim_box_set.h">
      <Filter>Blocks\Bullet 3D Physics\src\BulletPhysics\BulletCollision\GImpact</Filter>
    </ClInclude>
    <ClInclude Include="..\..\..\src\BulletPhysics\BulletCollision\GImpact\gim_clip_polygon.h">
      <Filter>Blocks\Bullet 3D Physics\src\BulletPhysics\BulletCollision\GImpact</Filter>
    </ClInclude>
    <ClInclude Include="..\..\..\src\BulletPhysics\BulletCollision\GImpact\gim_contact.h">
      <Filter>Blocks\Bullet 3D Physics\src\BulletPhysics\BulletCollision\GImpact</Filter>
    </ClInclude>
    <ClInclude Include="..\..\..\src\BulletPhysics\BulletCollision\GImpact\gim_geom_types.h">
      <Filter>Blocks\Bullet 3D Physics\src\BulletPhysics\BulletCollision\GImpact</Filter>
    </ClInclude>
    <ClInclude Include="..\..\..\src\BulletPhysics\BulletCollision\GImpact\gim_geometry.h">
      <Filter>Blocks\Bullet 3D Physics\src\BulletPhysics\BulletCollision\GImpact</Filter>
    </ClInclude>
    <ClInclude Include="..\..\..\src\BulletPhysics\BulletCollision\GImpact\gim_hash_table.h">
      <Filter>Blocks\Bullet 3D Physics\src\BulletPhysics\BulletCollision\GImpact</Filter>
    </ClInclude>
    <ClInclude Include="..\..\..\src\BulletPhysics\BulletCollision\GImpact\gim_linear_math.h">
      <Filter>Blocks\Bullet 3D Physics\src\BulletPhysics\BulletCollision\GImpact</Filter>
    </ClInclude>
    <ClInclude Include="..\..\..\src\BulletPhysics\BulletCollision\GImpact\gim_math.h">
      <Filter>Blocks\Bullet 3D Physics\src\BulletPhysics\BulletCollision\GImpact</Filter>
    </ClInclude>
    <ClInclude Include="..\..\..\src\BulletPhysics\BulletCollision\GImpact\gim_memory.h">
      <Filter>Blocks\Bullet 3D Physics\src\BulletPhysics\BulletCollision\GImpact</Filter>
    </ClInclude>
    <ClInclude Include="..\..\..\src\BulletPhysics\BulletCollision\GImpact\gim_radixsort.h">
      <Filter>Blocks\Bullet 3D Physics\src\BulletPhysics\BulletCollision\GImpact</Filter>
    </ClInclude>
    <ClInclude Include="..\..\..\src\BulletPhysics\BulletCollision\GImpact\gim_tri_collision.h">
      <Filter>Blocks\Bullet 3D Physics\src\BulletPhysics\BulletCollision\GImpact</Filter>
    </ClInclude>
    <ClInclude Include="..\..\..\src\BulletPhysics\BulletCollision\NarrowPhaseCollision\btComputeGjkEpaPenetration.h">
      <Filter>Blocks\Bullet 3D Physics\src\BulletPhysics\BulletCollision\NarrowPhaseCollision</Filter>
    </ClInclude>
    <ClInclude Include="..\..\..\src\BulletPhysics\BulletCollision\NarrowPhaseCollision\btContinuousConvexCollision.h">
      <Filter>Blocks\Bullet 3D Physics\src\BulletPhysics\BulletCollision\NarrowPhaseCollision</Filter>
    </ClInclude>
    <ClInclude Include="..\..\..\src\BulletPhysics\BulletCollision\NarrowPhaseCollision\btConvexCast.h">
      <Filter>Blocks\Bullet 3D Physics\src\BulletPhysics\BulletCollision\NarrowPhaseCollision</Filter>
    </ClInclude>
    <ClInclude Include="..\..\..\src\BulletPhysics\BulletCollision\NarrowPhaseCollision\btConvexPenetrationDepthSolver.h">
      <Filter>Blocks\Bullet 3D Physics\src\BulletPhysics\BulletCollision\NarrowPhaseCollision</Filter>
    </ClInclude>
    <ClInclude Include="..\..\..\src\BulletPhysics\BulletCollision\NarrowPhaseCollision\btDiscreteCollisionDetectorInterface.h">
      <Filter>Blocks\Bullet 3D Physics\src\BulletPhysics\BulletCollision\NarrowPhaseCollision</Filter>
    </ClInclude>
    <ClInclude Include="..\..\..\src\BulletPhysics\BulletCollision\NarrowPhaseCollision\btGjkCollisionDescription.h">
      <Filter>Blocks\Bullet 3D Physics\src\BulletPhysics\BulletCollision\NarrowPhaseCollision</Filter>
    </ClInclude>
    <ClInclude Include="..\..\..\src\BulletPhysics\BulletCollision\NarrowPhaseCollision\btGjkConvexCast.h">
      <Filter>Blocks\Bullet 3D Physics\src\BulletPhysics\BulletCollision\NarrowPhaseCollision</Filter>
    </ClInclude>
    <ClInclude Include="..\..\..\src\BulletPhysics\BulletCollision\NarrowPhaseCollision\btGjkEpa2.h">
      <Filter>Blocks\Bullet 3D Physics\src\BulletPhysics\BulletCollision\NarrowPhaseCollision</Filter>
    </ClInclude>
    <ClInclude Include="..\..\..\src\BulletPhysics\BulletCollision\NarrowPhaseCollision\btGjkEpa3.h">
      <Filter>Blocks\Bullet 3D Physics\src\BulletPhysics\BulletCollision\NarrowPhaseCollision</Filter>
    </ClInclude>
    <ClInclude Include="..\..\..\src\BulletPhysics\BulletCollision\NarrowPhaseCollision\btGjkEpaPenetrationDepthSolver.h">
      <Filter>Blocks\Bullet 3D Physics\src\BulletPhysics\BulletCollision\NarrowPhaseCollision</Filter>
    </ClInclude>
    <ClInclude Include="..\..\..\src\BulletPhysics\BulletCollision\NarrowPhaseCollision\btGjkPairDetector.h">
      <Filter>Blocks\Bullet 3D Physics\src\BulletPhysics\BulletCollision\NarrowPhaseCollision</Filter>
    </ClInclude>
    <ClInclude Include="..\..\..\src\BulletPhysics\BulletCollision\NarrowPhaseCollision\btManifoldPoint.h">
      <Filter>Blocks\Bullet 3D Physics\src\BulletPhysics\BulletCollision\NarrowPhaseCollision</Filter>
    </ClInclude>
    <ClInclude Include="..\..\..\src\BulletPhysics\BulletCollision\NarrowPhaseCollision\btMinkowskiPenetrationDepthSolver.h">
      <Filter>Blocks\Bullet 3D Physics\src\BulletPhysics\BulletCollision\NarrowPhaseCollision</Filter>
    </ClInclude>
    <ClInclude Include="..\..\..\src\BulletPhysics\BulletCollision\NarrowPhaseCollision\btMprPenetration.h">
      <Filter>Blocks\Bullet 3D Physics\src\BulletPhysics\BulletCollision\NarrowPhaseCollision</Filter>
    </ClInclude>
    <ClInclude Include="..\..\..\src\BulletPhysics\BulletCollision\NarrowPhaseCollision\btPersistentManifold.h">
      <Filter>Blocks\Bullet 3D Physics\src\BulletPhysics\BulletCollision\NarrowPhaseCollision</Filter>
    </ClInclude>
    <ClInclude Include="..\..\..\src\BulletPhysics\BulletCollision\NarrowPhaseCollision\btPointCollector.h">
      <Filter>Blocks\Bullet 3D Physics\src\BulletPhysics\BulletCollision\NarrowPhaseCollision</Filter>
    </ClInclude>
    <ClInclude Include="..\..\..\src\BulletPhysics\BulletCollision\NarrowPhaseCollision\btPolyhedralContactClipping.h">
      <Filter>Blocks\Bullet 3D Physics\src\BulletPhysics\BulletCollision\NarrowPhaseCollision</Filter>
    </ClInclude>
    <ClInclude Include="..\..\..\src\BulletPhysics\BulletCollision\NarrowPhaseCollision\btRaycastCallback.h">
      <Filter>Blocks\Bullet 3D Physics\src\BulletPhysics\BulletCollision\NarrowPhaseCollision</Filter>
    </ClInclude>
    <ClInclude Include="..\..\..\src\BulletPhysics\BulletCollision\NarrowPhaseCollision\btSimplexSolverInterface.h">
      <Filter>Blocks\Bullet 3D Physics\src\BulletPhysics\BulletCollision\NarrowPhaseCollision</Filter>
    </ClInclude>
    <ClInclude Include="..\..\..\src\BulletPhysics\BulletCollision\NarrowPhaseCollision\btSubSimplexConvexCast.h">
      <Filter>Blocks\Bullet 3D Physics\src\BulletPhysics\BulletCollision\NarrowPhaseCollision</Filter>
    </ClInclude>
    <ClInclude Include="..\..\..\src\BulletPhysics\BulletCollision\NarrowPhaseCollision\btVoronoiSimplexSolver.h">
      <Filter>Blocks\Bullet 3D Physics\src\BulletPhysics\BulletCollision\NarrowPhaseCollision</Filter>
    </ClInclude>
    <ClInclude Include="..\..\..\src\BulletPhysics\BulletDynamics\Character\btCharacterControllerInterface.h">
      <Filter>Blocks\Bullet 3D Physics\src\BulletPhysics\BulletDynamics\Character</Filter>
    </ClInclude>
    <ClInclude Include="..\..\..\src\BulletPhysics\BulletDynamics\Character\btKinematicCharacterController.h">
      <Filter>Blocks\Bullet 3D Physics\src\BulletPhysics\BulletDynamics\Character</Filter>
    </ClInclude>
    <ClInclude Include="..\..\..\src\BulletPhysics\BulletDynamics\ConstraintSolver\btConeTwistConstraint.h">
      <Filter>Blocks\Bullet 3D Physics\src\BulletPhysics\BulletDynamics\ConstraintSolver</Filter>
    </ClInclude>
    <ClInclude Include="..\..\..\src\BulletPhysics\BulletDynamics\ConstraintSolver\btConstraintSolver.h">
      <Filter>Blocks\Bullet 3D Physics\src\BulletPhysics\BulletDynamics\ConstraintSolver</Filter>
    </ClInclude>
    <ClInclude Include="..\..\..\src\BulletPhysics\BulletDynamics\ConstraintSolver\btContactConstraint.h">
      <Filter>Blocks\Bullet 3D Physics\src\BulletPhysics\BulletDynamics\ConstraintSolver</Filter>
    </ClInclude>
    <ClInclude Include="..\..\..\src\BulletPhysics\BulletDynamics\ConstraintSolver\btContactSolverInfo.h">
      <Filter>Blocks\Bullet 3D Physics\src\BulletPhysics\BulletDynamics\ConstraintSolver</Filter>
    </ClInclude>
    <ClInclude Include="..\..\..\src\BulletPhysics\BulletDynamics\ConstraintSolver\btFixedConstraint.h">
      <Filter>Blocks\Bullet 3D Physics\src\BulletPhysics\BulletDynamics\ConstraintSolver</Filter>
    </ClInclude>
    <ClInclude Include="..\..\..\src\BulletPhysics\BulletDynamics\ConstraintSolver\btGearConstraint.h">
      <Filter>Blocks\Bullet 3D Physics\src\BulletPhysics\BulletDynamics\ConstraintSolver</Filter>
    </ClInclude>
    <ClInclude Include="..\..\..\src\BulletPhysics\BulletDynamics\ConstraintSolver\btGeneric6DofConstraint.h">
      <Filter>Blocks\Bullet 3D Physics\src\BulletPhysics\BulletDynamics\ConstraintSolver</Filter>
    </ClInclude>
    <ClInclude Include="..\..\..\src\BulletPhysics\BulletDynamics\ConstraintSolver\btGeneric6DofSpring2Constraint.h">
      <Filter>Blocks\Bullet 3D Physics\src\BulletPhysics\BulletDynamics\ConstraintSolver</Filter>
    </ClInclude>
    <ClInclude Include="..\..\..\src\BulletPhysics\BulletDynamics\ConstraintSolver\btGeneric6DofSpringConstraint.h">
      <Filter>Blocks\Bullet 3D Physics\src\BulletPhysics\BulletDynamics\ConstraintSolver</Filter>
    </ClInclude>
    <ClInclude Include="..\..\..\src\BulletPhysics\BulletDynamics\ConstraintSolver\btHinge2Constraint.h">
      <Filter>Blocks\Bullet 3D Physics\src\BulletPhysics\BulletDynamics\ConstraintSolver</Filter>
    </ClInclude>
    <ClInclude Include="..\..\..\src\BulletPhysics\BulletDynamics\ConstraintSolver\btHingeConstraint.h">
      <Filter>Blocks\Bullet 3D Physics\src\BulletPhysics\BulletDynamics\ConstraintSolver</Filter>
    </ClInclude>
    <ClInclude Include="..\..\..\src\BulletPhysics\BulletDynamics\ConstraintSolver\btJacobianEntry.h">
      <Filter>Blocks\Bullet 3D Physics\src\BulletPhysics\BulletDynamics\ConstraintSolver</Filter>
    </ClInclude>
    <ClInclude Include="..\..\..\src\BulletPhysics\BulletDynamics\ConstraintSolver\btNNCGConstraintSolver.h">
      <Filter>Blocks\Bullet 3D Physics\src\BulletPhysics\BulletDynamics\ConstraintSolver</Filter>
    </ClInclude>
    <ClInclude Include="..\..\..\src\BulletPhysics\BulletDynamics\ConstraintSolver\btPoint2PointConstraint.h">
      <Filter>Blocks\Bullet 3D Physics\src\BulletPhysics\BulletDynamics\ConstraintSolver</Filter>
    </ClInclude>
    <ClInclude Include="..\..\..\src\BulletPhysics\BulletDynamics\ConstraintSolver\btSequentialImpulseConstraintSolver.h">
      <Filter>Blocks\Bullet 3D Physics\src\BulletPhysics\BulletDynamics\ConstraintSolver</Filter>
    </ClInclude>
    <ClInclude Include="..\..\..\src\BulletPhysics\BulletDynamics\ConstraintSolver\btSliderConstraint.h">
      <Filter>Blocks\Bullet 3D Physics\src\BulletPhysics\BulletDynamics\ConstraintSolver</Filter>
    </ClInclude>
    <ClInclude Include="..\..\..\src\BulletPhysics\BulletDynamics\ConstraintSolver\btSolve2LinearConstraint.h">
      <Filter>Blocks\Bullet 3D Physics\src\BulletPhysics\BulletDynamics\ConstraintSolver</Filter>
    </ClInclude>
    <ClInclude Include="..\..\..\src\BulletPhysics\BulletDynamics\ConstraintSolver\btSolverBody.h">
      <Filter>Blocks\Bullet 3D Physics\src\BulletPhysics\BulletDynamics\ConstraintSolver</Filter>
    </ClInclude>
    <ClInclude Include="..\..\..\src\BulletPhysics\BulletDynamics\ConstraintSolver\btSolverConstraint.h">
      <Filter>Blocks\Bullet 3D Physics\src\BulletPhysics\BulletDynamics\ConstraintSolver</Filter>
    </ClInclude>
    <ClInclude Include="..\..\..\src\BulletPhysics\BulletDynamics\ConstraintSolver\btTypedConstraint.h">
      <Filter>Blocks\Bullet 3D Physics\src\BulletPhysics\BulletDynamics\ConstraintSolver</Filter>
    </ClInclude>
    <ClInclude Include="..\..\..\src\BulletPhysics\BulletDynamics\ConstraintSolver\btUniversalConstraint.h">
      <Filter>Blocks\Bullet 3D Physics\src\BulletPhysics\BulletDynamics\ConstraintSolver</Filter>
    </ClInclude>
    <ClInclude Include="..\..\..\src\BulletPhysics\BulletDynamics\Dynamics\btActionInterface.h">
      <Filter>Blocks\Bullet 3D Physics\src\BulletPhysics\BulletDynamics\Dynamics</Filter>
    </ClInclude>
    <ClInclude Include="..\..\..\src\BulletPhysics\BulletDynamics\Dynamics\btDiscreteDynamicsWorld.h">
      <Filter>Blocks\Bullet 3D Physics\src\BulletPhysics\BulletDynamics\Dynamics</Filter>
    </ClInclude>
    <ClInclude Include="..\..\..\src\BulletPhysics\BulletDynamics\Dynamics\btDynamicsWorld.h">
      <Filter>Blocks\Bullet 3D Physics\src\BulletPhysics\BulletDynamics\Dynamics</Filter>
    </ClInclude>
    <ClInclude Include="..\..\..\src\BulletPhysics\BulletDynamics\Dynamics\btRigidBody.h">
      <Filter>Blocks\Bullet 3D Physics\src\BulletPhysics\BulletDynamics\Dynamics</Filter>
    </ClInclude>
    <ClInclude Include="..\..\..\src\BulletPhysics\BulletDynamics\Dynamics\btSimpleDynamicsWorld.h">
      <Filter>Blocks\Bullet 3D Physics\src\BulletPhysics\BulletDynamics\Dynamics</Filter>
    </ClInclude>
    <ClInclude Include="..\..\..\src\BulletPhysics\BulletDynamics\FeatherStone\btMultiBody.h">
      <Filter>Blocks\Bullet 3D Physics\src\BulletPhysics\BulletDynamics\FeatherStone</Filter>
    </ClInclude>
    <ClInclude Include="..\..\..\src\BulletPhysics\BulletDynamics\FeatherStone\btMultiBodyConstraint.h">
      <Filter>Blocks\Bullet 3D Physics\src\BulletPhysics\BulletDynamics\FeatherStone</Filter>
    </ClInclude>
    <ClInclude Include="..\..\..\src\BulletPhysics\BulletDynamics\FeatherStone\btMultiBodyConstraintSolver.h">
      <Filter>Blocks\Bullet 3D Physics\src\BulletPhysics\BulletDynamics\FeatherStone</Filter>
    </ClInclude>
    <ClInclude Include="..\..\..\src\BulletPhysics\BulletDynamics\FeatherStone\btMultiBodyDynamicsWorld.h">
      <Filter>Blocks\Bullet 3D Physics\src\BulletPhysics\BulletDynamics\FeatherStone</Filter>
    </ClInclude>
    <ClInclude Include="..\..\..\src\BulletPhysics\BulletDynamics\FeatherStone\btMultiBodyFixedConstraint.h">
      <Filter>Blocks\Bullet 3D Physics\src\BulletPhysics\BulletDynamics\FeatherStone</Filter>
    </ClInclude>
    <ClInclude Include="..\..\..\src\BulletPhysics\BulletDynamics\FeatherStone\btMultiBodyJointFeedback.h">
      <Filter>Blocks\Bullet 3D Physics\src\BulletPhysics\BulletDynamics\FeatherStone</Filter>
    </ClInclude>
    <ClInclude Include="..\..\..\src\BulletPhysics\BulletDynamics\FeatherStone\btMultiBodyJointLimitConstraint.h">
      <Filter>Blocks\Bullet 3D Physics\src\BulletPhysics\BulletDynamics\FeatherStone</Filter>
    </ClInclude>
    <ClInclude Include="..\..\..\src\BulletPhysics\BulletDynamics\FeatherStone\btMultiBodyJointMotor.h">
      <Filter>Blocks\Bullet 3D Physics\src\BulletPhysics\BulletDynamics\FeatherStone</Filter>
    </ClInclude>
    <ClInclude Include="..\..\..\src\BulletPhysics\BulletDynamics\FeatherStone\btMultiBodyLink.h">
      <Filter>Blocks\Bullet 3D Physics\src\BulletPhysics\BulletDynamics\FeatherStone</Filter>
    </ClInclude>
    <ClInclude Include="..\..\..\src\BulletPhysics\BulletDynamics\FeatherStone\btMultiBodyLinkCollider.h">
      <Filter>Blocks\Bullet 3D Physics\src\BulletPhysics\BulletDynamics\FeatherStone</Filter>
    </ClInclude>
    <ClInclude Include="..\..\..\src\BulletPhysics\BulletDynamics\FeatherStone\btMultiBodyPoint2Point.h">
      <Filter>Blocks\Bullet 3D Physics\src\BulletPhysics\BulletDynamics\FeatherStone</Filter>
    </ClInclude>
    <ClInclude Include="..\..\..\src\BulletPhysics\BulletDynamics\FeatherStone\btMultiBodySliderConstraint.h">
      <Filter>Blocks\Bullet 3D Physics\src\BulletPhysics\BulletDynamics\FeatherStone</Filter>
    </ClInclude>
    <ClInclude Include="..\..\..\src\BulletPhysics\BulletDynamics\FeatherStone\btMultiBodySolverConstraint.h">
      <Filter>Blocks\Bullet 3D Physics\src\BulletPhysics\BulletDynamics\FeatherStone</Filter>
    </ClInclude>
    <ClInclude Include="..\..\..\src\BulletPhysics\BulletDynamics\MLCPSolvers\btDantzigLCP.h">
      <Filter>Blocks\Bullet 3D Physics\src\BulletPhysics\BulletDynamics\MLCPSolvers</Filter>
    </ClInclude>
    <ClInclude Include="..\..\..\src\BulletPhysics\BulletDynamics\MLCPSolvers\btDantzigSolver.h">
      <Filter>Blocks\Bullet 3D Physics\src\BulletPhysics\BulletDynamics\MLCPSolvers</Filter>
    </ClInclude>
    <ClInclude Include="..\..\..\src\BulletPhysics\BulletDynamics\MLCPSolvers\btLemkeAlgorithm.h">
      <Filter>Blocks\Bullet 3D Physics\src\BulletPhysics\BulletDynamics\MLCPSolvers</Filter>
    </ClInclude>
    <ClInclude Include="..\..\..\src\BulletPhysics\BulletDynamics\MLCPSolvers\btLemkeSolver.h">
      <Filter>Blocks\Bullet 3D Physics\src\BulletPhysics\BulletDynamics\MLCPSolvers</Filter>
    </ClInclude>
    <ClInclude Include="..\..\..\src\BulletPhysics\BulletDynamics\MLCPSolvers\btMLCPSolver.h">
      <Filter>Blocks\Bullet 3D Physics\src\BulletPhysics\BulletDynamics\MLCPSolvers</Filter>
    </ClInclude>
    <ClInclude Include="..\..\..\src\BulletPhysics\BulletDynamics\MLCPSolvers\btMLCPSolverInterface.h">
      <Filter>Blocks\Bullet 3D Physics\src\BulletPhysics\BulletDynamics\MLCPSolvers</Filter>
    </ClInclude>
    <ClInclude Include="..\..\..\src\BulletPhysics\BulletDynamics\MLCPSolvers\btPATHSolver.h">
      <Filter>Blocks\Bullet 3D Physics\src\BulletPhysics\BulletDynamics\MLCPSolvers</Filter>
    </ClInclude>
    <ClInclude Include="..\..\..\src\BulletPhysics\BulletDynamics\MLCPSolvers\btSolveProjectedGaussSeidel.h">
      <Filter>Blocks\Bullet 3D Physics\src\BulletPhysics\BulletDynamics\MLCPSolvers</Filter>
    </ClInclude>
    <ClInclude Include="..\..\..\src\BulletPhysics\BulletDynamics\Vehicle\btRaycastVehicle.h">
      <Filter>Blocks\Bullet 3D Physics\src\BulletPhysics\BulletDynamics\Vehicle</Filter>
    </ClInclude>
    <ClInclude Include="..\..\..\src\BulletPhysics\BulletDynamics\Vehicle\btVehicleRaycaster.h">
      <Filter>Blocks\Bullet 3D Physics\src\BulletPhysics\BulletDynamics\Vehicle</Filter>
    </ClInclude>
    <ClInclude Include="..\..\..\src\BulletPhysics\BulletDynamics\Vehicle\btWheelInfo.h">
      <Filter>Blocks\Bullet 3D Physics\src\BulletPhysics\BulletDynamics\Vehicle</Filter>
    </ClInclude>
    <ClInclude Include="..\..\..\src\BulletPhysics\InverseDynamics\BulletInverseDynamicsUtilsCommon.h">
      <Filter>Blocks\Bullet 3D Physics\src\BulletPhysics\InverseDynamics</Filter>
    </ClInclude>
    <ClInclude Include="..\..\..\src\BulletPhysics\HACD\hacdCircularList.h">
      <Filter>Blocks\Bullet 3D Physics\src\BulletPhysics\HACD</Filter>
    </ClInclude>
    <ClInclude Include="..\..\..\src\BulletPhysics\HACD\hacdGraph.h">
      <Filter>Blocks\Bullet 3D Physics\src\BulletPhysics\HACD</Filter>
    </ClInclude>
    <ClInclude Include="..\..\..\src\BulletPhysics\HACD\hacdHACD.h">
      <Filter>Blocks\Bullet 3D Physics\src\BulletPhysics\HACD</Filter>
    </ClInclude>
    <ClInclude Include="..\..\..\src\BulletPhysics\HACD\hacdICHull.h">
      <Filter>Blocks\Bullet 3D Physics\src\BulletPhysics\HACD</Filter>
    </ClInclude>
    <ClInclude Include="..\..\..\src\BulletPhysics\HACD\hacdManifoldMesh.h">
      <Filter>Blocks\Bullet 3D Physics\src\BulletPhysics\HACD</Filter>
    </ClInclude>
    <ClInclude Include="..\..\..\src\BulletPhysics\HACD\hacdVector.h">
      <Filter>Blocks\Bullet 3D Physics\src\BulletPhysics\HACD</Filter>
    </ClInclude>
    <ClInclude Include="..\..\..\src\BulletPhysics\HACD\hacdVersion.h">
      <Filter>Blocks\Bullet 3D Physics\src\BulletPhysics\HACD</Filter>
    </ClInclude>
    <ClInclude Include="..\..\..\src\BulletPhysics\ConvexDecomposition\bestfit.h">
      <Filter>Blocks\Bullet 3D Physics\src\BulletPhysics\ConvexDecomposition</Filter>
    </ClInclude>
    <ClInclude Include="..\..\..\src\BulletPhysics\ConvexDecomposition\bestfitobb.h">
      <Filter>Blocks\Bullet 3D Physics\src\BulletPhysics\ConvexDecomposition</Filter>
    </ClInclude>
    <ClInclude Include="..\..\..\src\BulletPhysics\ConvexDecomposition\cd_hull.h">
      <Filter>Blocks\Bullet 3D Physics\src\BulletPhysics\ConvexDecomposition</Filter>
    </ClInclude>
    <ClInclude Include="..\..\..\src\BulletPhysics\ConvexDecomposition\cd_vector.h">
      <Filter>Blocks\Bullet 3D Physics\src\BulletPhysics\ConvexDecomposition</Filter>
    </ClInclude>
    <ClInclude Include="..\..\..\src\BulletPhysics\ConvexDecomposition\cd_wavefront.h">
      <Filter>Blocks\Bullet 3D Physics\src\BulletPhysics\ConvexDecomposition</Filter>
    </ClInclude>
    <ClInclude Include="..\..\..\src\BulletPhysics\ConvexDecomposition\concavity.h">
      <Filter>Blocks\Bullet 3D Physics\src\BulletPhysics\ConvexDecomposition</Filter>
    </ClInclude>
    <ClInclude Include="..\..\..\src\BulletPhysics\ConvexDecomposition\ConvexBuilder.h">
      <Filter>Blocks\Bullet 3D Physics\src\BulletPhysics\ConvexDecomposition</Filter>
    </ClInclude>
    <ClInclude Include="..\..\..\src\BulletPhysics\ConvexDecomposition\ConvexDecomposition.h">
      <Filter>Blocks\Bullet 3D Physics\src\BulletPhysics\ConvexDecomposition</Filter>
    </ClInclude>
    <ClInclude Include="..\..\..\src\BulletPhysics\ConvexDecomposition\fitsphere.h">
      <Filter>Blocks\Bullet 3D Physics\src\BulletPhysics\ConvexDecomposition</Filter>
    </ClInclude>
    <ClInclude Include="..\..\..\src\BulletPhysics\ConvexDecomposition\float_math.h">
      <Filter>Blocks\Bullet 3D Physics\src\BulletPhysics\ConvexDecomposition</Filter>
    </ClInclude>
    <ClInclude Include="..\..\..\src\BulletPhysics\ConvexDecomposition\meshvolume.h">
      <Filter>Blocks\Bullet 3D Physics\src\BulletPhysics\ConvexDecomposition</Filter>
    </ClInclude>
    <ClInclude Include="..\..\..\src\BulletPhysics\ConvexDecomposition\planetri.h">
      <Filter>Blocks\Bullet 3D Physics\src\BulletPhysics\ConvexDecomposition</Filter>
    </ClInclude>
    <ClInclude Include="..\..\..\src\BulletPhysics\ConvexDecomposition\raytri.h">
      <Filter>Blocks\Bullet 3D Physics\src\BulletPhysics\ConvexDecomposition</Filter>
    </ClInclude>
    <ClInclude Include="..\..\..\src\BulletPhysics\ConvexDecomposition\splitplane.h">
      <Filter>Blocks\Bullet 3D Physics\src\BulletPhysics\ConvexDecomposition</Filter>
    </ClInclude>
    <ClInclude Include="..\..\..\src\BulletPhysics\ConvexDecomposition\vlookup.h">
      <Filter>Blocks\Bullet 3D Physics\src\BulletPhysics\ConvexDecomposition</Filter>
    </ClInclude>
    <ClInclude Include="..\..\..\src\BussIK\Jacobian.h">
      <Filter>Blocks\Bullet 3D Physics\src\BussIK</Filter>
    </ClInclude>
    <ClInclude Include="..\..\..\src\BussIK\LinearR2.h">
      <Filter>Blocks\Bullet 3D Physics\src\BussIK</Filter>
    </ClInclude>
    <ClInclude Include="..\..\..\src\BussIK\LinearR3.h">
      <Filter>Blocks\Bullet 3D Physics\src\BussIK</Filter>
    </ClInclude>
    <ClInclude Include="..\..\..\src\BussIK\LinearR4.h">
      <Filter>Blocks\Bullet 3D Physics\src\BussIK</Filter>
    </ClInclude>
    <ClInclude Include="..\..\..\src\BussIK\MathMisc.h">
      <Filter>Blocks\Bullet 3D Physics\src\BussIK</Filter>
    </ClInclude>
    <ClInclude Include="..\..\..\src\BussIK\MatrixRmn.h">
      <Filter>Blocks\Bullet 3D Physics\src\BussIK</Filter>
    </ClInclude>
    <ClInclude Include="..\..\..\src\BussIK\Node.h">
      <Filter>Blocks\Bullet 3D Physics\src\BussIK</Filter>
    </ClInclude>
    <ClInclude Include="..\..\..\src\BussIK\Spherical.h">
      <Filter>Blocks\Bullet 3D Physics\src\BussIK</Filter>
    </ClInclude>
    <ClInclude Include="..\..\..\src\BussIK\Tree.h">
      <Filter>Blocks\Bullet 3D Physics\src\BussIK</Filter>
    </ClInclude>
    <ClInclude Include="..\..\..\src\BussIK\VectorRn.h">
      <Filter>Blocks\Bullet 3D Physics\src\BussIK</Filter>
    </ClInclude>
    <ClInclude Include="..\..\..\src\BulletPhysics\Serialize\BulletFileLoader\bChunk.h">
      <Filter>Blocks\Bullet 3D Physics\src\BulletPhysics\Serialize\BulletFileLoader</Filter>
    </ClInclude>
    <ClInclude Include="..\..\..\src\BulletPhysics\Serialize\BulletFileLoader\bCommon.h">
      <Filter>Blocks\Bullet 3D Physics\src\BulletPhysics\Serialize\BulletFileLoader</Filter>
    </ClInclude>
    <ClInclude Include="..\..\..\src\BulletPhysics\Serialize\BulletFileLoader\bDefines.h">
      <Filter>Blocks\Bullet 3D Physics\src\BulletPhysics\Serialize\BulletFileLoader</Filter>
    </ClInclude>
    <ClInclude Include="..\..\..\src\BulletPhysics\Serialize\BulletFileLoader\bDNA.h">
      <Filter>Blocks\Bullet 3D Physics\src\BulletPhysics\Serialize\BulletFileLoader</Filter>
    </ClInclude>
    <ClInclude Include="..\..\..\src\BulletPhysics\Serialize\BulletFileLoader\bFile.h">
      <Filter>Blocks\Bullet 3D Physics\src\BulletPhysics\Serialize\BulletFileLoader</Filter>
    </ClInclude>
    <ClInclude Include="..\..\..\src\BulletPhysics\Serialize\BulletFileLoader\btBulletFile.h">
      <Filter>Blocks\Bullet 3D Physics\src\BulletPhysics\Serialize\BulletFileLoader</Filter>
    </ClInclude>
    <ClInclude Include="..\..\..\src\BulletPhysics\Serialize\BulletWorldImporter\btBulletWorldImporter.h">
      <Filter>Blocks\Bullet 3D Physics\src\BulletPhysics\Serialize\BulletWorldImporter</Filter>
    </ClInclude>
    <ClInclude Include="..\..\..\src\BulletPhysics\Serialize\BulletWorldImporter\btWorldImporter.h">
      <Filter>Blocks\Bullet 3D Physics\src\BulletPhysics\Serialize\BulletWorldImporter</Filter>
    </ClInclude>
    <ClInclude Include="..\..\..\src\BulletPhysics\BulletSoftBody\btDefaultSoftBodySolver.h">
      <Filter>Blocks\Bullet 3D Physics\src\BulletPhysics\BulletSoftBody</Filter>
    </ClInclude>
    <ClInclude Include="..\..\..\src\BulletPhysics\BulletSoftBody\btSoftBody.h">
      <Filter>Blocks\Bullet 3D Physics\src\BulletPhysics\BulletSoftBody</Filter>
    </ClInclude>
    <ClInclude Include="..\..\..\src\BulletPhysics\BulletSoftBody\btSoftBodyConcaveCollisionAlgorithm.h">
      <Filter>Blocks\Bullet 3D Physics\src\BulletPhysics\BulletSoftBody</Filter>
    </ClInclude>
    <ClInclude Include="..\..\..\src\BulletPhysics\BulletSoftBody\btSoftBodyData.h">
      <Filter>Blocks\Bullet 3D Physics\src\BulletPhysics\BulletSoftBody</Filter>
    </ClInclude>
    <ClInclude Include="..\..\..\src\BulletPhysics\BulletSoftBody\btSoftBodyHelpers.h">
      <Filter>Blocks\Bullet 3D Physics\src\BulletPhysics\BulletSoftBody</Filter>
    </ClInclude>
    <ClInclude Include="..\..\..\src\BulletPhysics\BulletSoftBody\btSoftBodyInternals.h">
      <Filter>Blocks\Bullet 3D Physics\src\BulletPhysics\BulletSoftBody</Filter>
    </ClInclude>
    <ClInclude Include="..\..\..\src\BulletPhysics\BulletSoftBody\btSoftBodyRigidBodyCollisionConfiguration.h">
      <Filter>Blocks\Bullet 3D Physics\src\BulletPhysics\BulletSoftBody</Filter>
    </ClInclude>
    <ClInclude Include="..\..\..\src\BulletPhysics\BulletSoftBody\btSoftBodySolvers.h">
      <Filter>Blocks\Bullet 3D Physics\src\BulletPhysics\BulletSoftBody</Filter>
    </ClInclude>
    <ClInclude Include="..\..\..\src\BulletPhysics\BulletSoftBody\btSoftBodySolverVertexBuffer.h">
      <Filter>Blocks\Bullet 3D Physics\src\BulletPhysics\BulletSoftBody</Filter>
    </ClInclude>
    <ClInclude Include="..\..\..\src\BulletPhysics\BulletSoftBody\btSoftRigidCollisionAlgorithm.h">
      <Filter>Blocks\Bullet 3D Physics\src\BulletPhysics\BulletSoftBody</Filter>
    </ClInclude>
    <ClInclude Include="..\..\..\src\BulletPhysics\BulletSoftBody\btSoftRigidDynamicsWorld.h">
      <Filter>Blocks\Bullet 3D Physics\src\BulletPhysics\BulletSoftBody</Filter>
    </ClInclude>
    <ClInclude Include="..\..\..\src\BulletPhysics\BulletSoftBody\btSoftSoftCollisionAlgorithm.h">
      <Filter>Blocks\Bullet 3D Physics\src\BulletPhysics\BulletSoftBody</Filter>
    </ClInclude>
    <ClInclude Include="..\..\..\src\BulletPhysics\BulletSoftBody\btSparseSDF.h">
      <Filter>Blocks\Bullet 3D Physics\src\BulletPhysics\BulletSoftBody</Filter>
    </ClInclude>
    <ClInclude Include="..\..\..\src\Cinder-Bullet3D\BulletContext.h">
      <Filter>Blocks\Bullet 3D Physics\src\Cinder-Bullet3D</Filter>
    </ClInclude>
    <ClInclude Include="..\..\..\src\Cinder-Bullet3D\Common.h">
      <Filter>Blocks\Bullet 3D Physics\src\Cinder-Bullet3D</Filter>
    </ClInclude>
    <ClInclude Include="..\..\..\src\Cinder-Bullet3D\MotionState.h">
      <Filter>Blocks\Bullet 3D Physics\src\Cinder-Bullet3D</Filter>
    </ClInclude>
    <ClInclude Include="..\..\..\src\Cinder-Bullet3D\PhysicsDebugRenderable.h">
      <Filter>Blocks\Bullet 3D Physics\src\Cinder-Bullet3D</Filter>
    </ClInclude>
    <ClInclude Include="..\..\..\src\Cinder-Bullet3D\RigidBody.h">
      <Filter>Blocks\Bullet 3D Physics\src\Cinder-Bullet3D</Filter>
    </ClInclude>
    <ClInclude Include="..\..\..\src\Cinder-Bullet3D\SoftBody.h">
      <Filter>Blocks\Bullet 3D Physics\src\Cinder-Bullet3D</Filter>
    </ClInclude>
    <ClInclude Include="..\..\..\src\BulletPhysics\BulletCollision\BroadPhaseCollision\btAxisSweep3.cpp">
      <Filter>Blocks\Bullet 3D Physics\src\BulletPhysics\BulletCollision\BroadPhaseCollision</Filter>
    </ClInclude>
    <ClInclude Include="..\..\..\src\BulletPhysics\BulletCollision\BroadPhaseCollision\btBroadphaseProxy.cpp">
      <Filter>Blocks\Bullet 3D Physics\src\BulletPhysics\BulletCollision\BroadPhaseCollision</Filter>
    </ClInclude>
    <ClInclude Include="..\..\..\src\BulletPhysics\BulletCollision\BroadPhaseCollision\btCollisionAlgorithm.cpp">
      <Filter>Blocks\Bullet 3D Physics\src\BulletPhysics\BulletCollision\BroadPhaseCollision</Filter>
    </ClInclude>
    <ClInclude Include="..\..\..\src\BulletPhysics\BulletCollision\BroadPhaseCollision\btDbvt.cpp">
      <Filter>Blocks\Bullet 3D Physics\src\BulletPhysics\BulletCollision\BroadPhaseCollision</Filter>
    </ClInclude>
    <ClInclude Include="..\..\..\src\BulletPhysics\BulletCollision\BroadPhaseCollision\btDbvtBroadphase.cpp">
      <Filter>Blocks\Bullet 3D Physics\src\BulletPhysics\BulletCollision\BroadPhaseCollision</Filter>
    </ClInclude>
    <ClInclude Include="..\..\..\src\BulletPhysics\BulletCollision\BroadPhaseCollision\btDispatcher.cpp">
      <Filter>Blocks\Bullet 3D Physics\src\BulletPhysics\BulletCollision\BroadPhaseCollision</Filter>
    </ClInclude>
    <ClInclude Include="..\..\..\src\BulletPhysics\BulletCollision\BroadPhaseCollision\btMultiSapBroadphase.cpp">
      <Filter>Blocks\Bullet 3D Physics\src\BulletPhysics\BulletCollision\BroadPhaseCollision</Filter>
    </ClInclude>
    <ClInclude Include="..\..\..\src\BulletPhysics\BulletCollision\BroadPhaseCollision\btOverlappingPairCache.cpp">
      <Filter>Blocks\Bullet 3D Physics\src\BulletPhysics\BulletCollision\BroadPhaseCollision</Filter>
    </ClInclude>
    <ClInclude Include="..\..\..\src\BulletPhysics\BulletCollision\BroadPhaseCollision\btQuantizedBvh.cpp">
      <Filter>Blocks\Bullet 3D Physics\src\BulletPhysics\BulletCollision\BroadPhaseCollision</Filter>
    </ClInclude>
    <ClInclude Include="..\..\..\src\BulletPhysics\BulletCollision\BroadPhaseCollision\btSimpleBroadphase.cpp">
      <Filter>Blocks\Bullet 3D Physics\src\BulletPhysics\BulletCollision\BroadPhaseCollision</Filter>
    </ClInclude>
    <ClInclude Include="..\..\..\src\BulletPhysics\BulletCollision\CollisionDispatch\btActivatingCollisionAlgorithm.cpp">
      <Filter>Blocks\Bullet 3D Physics\src\BulletPhysics\BulletCollision\CollisionDispatch</Filter>
    </ClInclude>
    <ClInclude Include="..\..\..\src\BulletPhysics\BulletCollision\CollisionDispatch\btBox2dBox2dCollisionAlgorithm.cpp">
      <Filter>Blocks\Bullet 3D Physics\src\BulletPhysics\BulletCollision\CollisionDispatch</Filter>
    </ClInclude>
    <ClInclude Include="..\..\..\src\BulletPhysics\BulletCollision\CollisionDispatch\btBoxBoxCollisionAlgorithm.cpp">
      <Filter>Blocks\Bullet 3D Physics\src\BulletPhysics\BulletCollision\CollisionDispatch</Filter>
    </ClInclude>
    <ClInclude Include="..\..\..\src\BulletPhysics\BulletCollision\CollisionDispatch\btBoxBoxDetector.cpp">
      <Filter>Blocks\Bullet 3D Physics\src\BulletPhysics\BulletCollision\CollisionDispatch</Filter>
    </ClInclude>
    <ClInclude Include="..\..\..\src\BulletPhysics\BulletCollision\CollisionDispatch\btCollisionDispatcher.cpp">
      <Filter>Blocks\Bullet 3D Physics\src\BulletPhysics\BulletCollision\CollisionDispatch</Filter>
    </ClInclude>
    <ClInclude Include="..\..\..\src\BulletPhysics\BulletCollision\CollisionDispatch\btCollisionObject.cpp">
      <Filter>Blocks\Bullet 3D Physics\src\BulletPhysics\BulletCollision\CollisionDispatch</Filter>
    </ClInclude>
    <ClInclude Include="..\..\..\src\BulletPhysics\BulletCollision\CollisionDispatch\btCollisionWorld.cpp">
      <Filter>Blocks\Bullet 3D Physics\src\BulletPhysics\BulletCollision\CollisionDispatch</Filter>
    </ClInclude>
    <ClInclude Include="..\..\..\src\BulletPhysics\BulletCollision\CollisionDispatch\btCollisionWorldImporter.cpp">
      <Filter>Blocks\Bullet 3D Physics\src\BulletPhysics\BulletCollision\CollisionDispatch</Filter>
    </ClInclude>
    <ClInclude Include="..\..\..\src\BulletPhysics\BulletCollision\CollisionDispatch\btCompoundCollisionAlgorithm.cpp">
      <Filter>Blocks\Bullet 3D Physics\src\BulletPhysics\BulletCollision\CollisionDispatch</Filter>
    </ClInclude>
    <ClInclude Include="..\..\..\src\BulletPhysics\BulletCollision\CollisionDispatch\btCompoundCompoundCollisionAlgorithm.cpp">
      <Filter>Blocks\Bullet 3D Physics\src\BulletPhysics\BulletCollision\CollisionDispatch</Filter>
    </ClInclude>
    <ClInclude Include="..\..\..\src\BulletPhysics\BulletCollision\CollisionDispatch\btConvex2dConvex2dAlgorithm.cpp">
      <Filter>Blocks\Bullet 3D Physics\src\BulletPhysics\BulletCollision\CollisionDispatch</Filter>
    </ClInclude>
    <ClInclude Include="..\..\..\src\BulletPhysics\BulletCollision\CollisionDispatch\btConvexConcaveCollisionAlgorithm.cpp">
      <Filter>Blocks\Bullet 3D Physics\src\BulletPhysics\BulletCollision\CollisionDispatch</Filter>
    </ClInclude>
    <ClInclude Include="..\..\..\src\BulletPhysics\BulletCollision\CollisionDispatch\btConvexConvexAlgorithm.cpp">
      <Filter>Blocks\Bullet 3D Physics\src\BulletPhysics\BulletCollision\CollisionDispatch</Filter>
    </ClInclude>
    <ClInclude Include="..\..\..\src\BulletPhysics\BulletCollision\CollisionDispatch\btConvexPlaneCollisionAlgorithm.cpp">
      <Filter>Blocks\Bullet 3D Physics\src\BulletPhysics\BulletCollision\CollisionDispatch</Filter>
    </ClInclude>
    <ClInclude Include="..\..\..\src\BulletPhysics\BulletCollision\CollisionDispatch\btDefaultCollisionConfiguration.cpp">
      <Filter>Blocks\Bullet 3D Physics\src\BulletPhysics\BulletCollision\CollisionDispatch</Filter>
    </ClInclude>
    <ClInclude Include="..\..\..\src\BulletPhysics\BulletCollision\CollisionDispatch\btEmptyCollisionAlgorithm.cpp">
      <Filter>Blocks\Bullet 3D Physics\src\BulletPhysics\BulletCollision\CollisionDispatch</Filter>
    </ClInclude>
    <ClInclude Include="..\..\..\src\BulletPhysics\BulletCollision\CollisionDispatch\btGhostObject.cpp">
      <Filter>Blocks\Bullet 3D Physics\src\BulletPhysics\BulletCollision\CollisionDispatch</Filter>
    </ClInclude>
    <ClInclude Include="..\..\..\src\BulletPhysics\BulletCollision\CollisionDispatch\btHashedSimplePairCache.cpp">
      <Filter>Blocks\Bullet 3D Physics\src\BulletPhysics\BulletCollision\CollisionDispatch</Filter>
    </ClInclude>
    <ClInclude Include="..\..\..\src\BulletPhysics\BulletCollision\CollisionDispatch\btInternalEdgeUtility.cpp">
      <Filter>Blocks\Bullet 3D Physics\src\BulletPhysics\BulletCollision\CollisionDispatch</Filter>
    </ClInclude>
    <ClInclude Include="..\..\..\src\BulletPhysics\BulletCollision\CollisionDispatch\btManifoldResult.cpp">
      <Filter>Blocks\Bullet 3D Physics\src\BulletPhysics\BulletCollision\CollisionDispatch</Filter>
    </ClInclude>
    <ClInclude Include="..\..\..\src\BulletPhysics\BulletCollision\CollisionDispatch\btSimulationIslandManager.cpp">
      <Filter>Blocks\Bullet 3D Physics\src\BulletPhysics\BulletCollision\CollisionDispatch</Filter>
    </ClInclude>
    <ClInclude Include="..\..\..\src\BulletPhysics\BulletCollision\CollisionDispatch\btSphereBoxCollisionAlgorithm.cpp">
      <Filter>Blocks\Bullet 3D Physics\src\BulletPhysics\BulletCollision\CollisionDispatch</Filter>
    </ClInclude>
    <ClInclude Include="..\..\..\src\BulletPhysics\BulletCollision\CollisionDispatch\btSphereSphereCollisionAlgorithm.cpp">
      <Filter>Blocks\Bullet 3D Physics\src\BulletPhysics\BulletCollision\CollisionDispatch</Filter>
    </ClInclude>
    <ClInclude Include="..\..\..\src\BulletPhysics\BulletCollision\CollisionDispatch\btSphereTriangleCollisionAlgorithm.cpp">
      <Filter>Blocks\Bullet 3D Physics\src\BulletPhysics\BulletCollision\CollisionDispatch</Filter>
    </ClInclude>
    <ClInclude Include="..\..\..\src\BulletPhysics\BulletCollision\CollisionDispatch\btUnionFind.cpp">
      <Filter>Blocks\Bullet 3D Physics\src\BulletPhysics\BulletCollision\CollisionDispatch</Filter>
    </ClInclude>
    <ClInclude Include="..\..\..\src\BulletPhysics\BulletCollision\CollisionDispatch\SphereTriangleDetector.cpp">
      <Filter>Blocks\Bullet 3D Physics\src\BulletPhysics\BulletCollision\CollisionDispatch</Filter>
    </ClInclude>
    <ClInclude Include="..\..\..\src\BulletPhysics\BulletCollision\CollisionShapes\btBox2dShape.cpp">
      <Filter>Blocks\Bullet 3D Physics\src\BulletPhysics\BulletCollision\CollisionShapes</Filter>
    </ClInclude>
    <ClInclude Include="..\..\..\src\BulletPhysics\BulletCollision\CollisionShapes\btBoxShape.cpp">
      <Filter>Blocks\Bullet 3D Physics\src\BulletPhysics\BulletCollision\CollisionShapes</Filter>
    </ClInclude>
    <ClInclude Include="..\..\..\src\BulletPhysics\BulletCollision\CollisionShapes\btBvhTriangleMeshShape.cpp">
      <Filter>Blocks\Bullet 3D Physics\src\BulletPhysics\BulletCollision\CollisionShapes</Filter>
    </ClInclude>
    <ClInclude Include="..\..\..\src\BulletPhysics\BulletCollision\CollisionShapes\btCapsuleShape.cpp">
      <Filter>Blocks\Bullet 3D Physics\src\BulletPhysics\BulletCollision\CollisionShapes</Filter>
    </ClInclude>
    <ClInclude Include="..\..\..\src\BulletPhysics\BulletCollision\CollisionShapes\btCollisionShape.cpp">
      <Filter>Blocks\Bullet 3D Physics\src\BulletPhysics\BulletCollision\CollisionShapes</Filter>
    </ClInclude>
    <ClInclude Include="..\..\..\src\BulletPhysics\BulletCollision\CollisionShapes\btCompoundShape.cpp">
      <Filter>Blocks\Bullet 3D Physics\src\BulletPhysics\BulletCollision\CollisionShapes</Filter>
    </ClInclude>
    <ClInclude Include="..\..\..\src\BulletPhysics\BulletCollision\CollisionShapes\btConcaveShape.cpp">
      <Filter>Blocks\Bullet 3D Physics\src\BulletPhysics\BulletCollision\CollisionShapes</Filter>
    </ClInclude>
    <ClInclude Include="..\..\..\src\BulletPhysics\BulletCollision\CollisionShapes\btConeShape.cpp">
      <Filter>Blocks\Bullet 3D Physics\src\BulletPhysics\BulletCollision\CollisionShapes</Filter>
    </ClInclude>
    <ClInclude Include="..\..\..\src\BulletPhysics\BulletCollision\CollisionShapes\btConvex2dShape.cpp">
      <Filter>Blocks\Bullet 3D Physics\src\BulletPhysics\BulletCollision\CollisionShapes</Filter>
    </ClInclude>
    <ClInclude Include="..\..\..\src\BulletPhysics\BulletCollision\CollisionShapes\btConvexHullShape.cpp">
      <Filter>Blocks\Bullet 3D Physics\src\BulletPhysics\BulletCollision\CollisionShapes</Filter>
    </ClInclude>
    <ClInclude Include="..\..\..\src\BulletPhysics\BulletCollision\CollisionShapes\btConvexInternalShape.cpp">
      <Filter>Blocks\Bullet 3D Physics\src\BulletPhysics\BulletCollision\CollisionShapes</Filter>
    </ClInclude>
    <ClInclude Include="..\..\..\src\BulletPhysics\BulletCollision\CollisionShapes\btConvexPointCloudShape.cpp">
      <Filter>Blocks\Bullet 3D Physics\src\BulletPhysics\BulletCollision\CollisionShapes</Filter>
    </ClInclude>
    <ClInclude Include="..\..\..\src\BulletPhysics\BulletCollision\CollisionShapes\btConvexPolyhedron.cpp">
      <Filter>Blocks\Bullet 3D Physics\src\BulletPhysics\BulletCollision\CollisionShapes</Filter>
    </ClInclude>
    <ClInclude Include="..\..\..\src\BulletPhysics\BulletCollision\CollisionShapes\btConvexShape.cpp">
      <Filter>Blocks\Bullet 3D Physics\src\BulletPhysics\BulletCollision\CollisionShapes</Filter>
    </ClInclude>
    <ClInclude Include="..\..\..\src\BulletPhysics\BulletCollision\CollisionShapes\btConvexTriangleMeshShape.cpp">
      <Filter>Blocks\Bullet 3D Physics\src\BulletPhysics\BulletCollision\CollisionShapes</Filter>
    </ClInclude>
    <ClInclude Include="..\..\..\src\BulletPhysics\BulletCollision\CollisionShapes\btCylinderShape.cpp">
      <Filter>Blocks\Bullet 3D Physics\src\BulletPhysics\BulletCollision\CollisionShapes</Filter>
    </ClInclude>
    <ClInclude Include="..\..\..\src\BulletPhysics\BulletCollision\CollisionShapes\btEmptyShape.cpp">
      <Filter>Blocks\Bullet 3D Physics\src\BulletPhysics\BulletCollision\CollisionShapes</Filter>
    </ClInclude>
    <ClInclude Include="..\..\..\src\BulletPhysics\BulletCollision\CollisionShapes\btHeightfieldTerrainShape.cpp">
      <Filter>Blocks\Bullet 3D Physics\src\BulletPhysics\BulletCollision\CollisionShapes</Filter>
    </ClInclude>
    <ClInclude Include="..\..\..\src\BulletPhysics\BulletCollision\CollisionShapes\btMinkowskiSumShape.cpp">
      <Filter>Blocks\Bullet 3D Physics\src\BulletPhysics\BulletCollision\CollisionShapes</Filter>
    </ClInclude>
    <ClInclude Include="..\..\..\src\BulletPhysics\BulletCollision\CollisionShapes\btMultimaterialTriangleMeshShape.cpp">
      <Filter>Blocks\Bullet 3D Physics\src\BulletPhysics\BulletCollision\CollisionShapes</Filter>
    </ClInclude>
    <ClInclude Include="..\..\..\src\BulletPhysics\BulletCollision\CollisionShapes\btMultiSphereShape.cpp">
      <Filter>Blocks\Bullet 3D Physics\src\BulletPhysics\BulletCollision\CollisionShapes</Filter>
    </ClInclude>
    <ClInclude Include="..\..\..\src\BulletPhysics\BulletCollision\CollisionShapes\btOptimizedBvh.cpp">
      <Filter>Blocks\Bullet 3D Physics\src\BulletPhysics\BulletCollision\CollisionShapes</Filter>
    </ClInclude>
    <ClInclude Include="..\..\..\src\BulletPhysics\BulletCollision\CollisionShapes\btPolyhedralConvexShape.cpp">
      <Filter>Blocks\Bullet 3D Physics\src\BulletPhysics\BulletCollision\CollisionShapes</Filter>
    </ClInclude>
    <ClInclude Include="..\..\..\src\BulletPhysics\BulletCollision\CollisionShapes\btScaledBvhTriangleMeshShape.cpp">
      <Filter>Blocks\Bullet 3D Physics\src\BulletPhysics\BulletCollision\CollisionShapes</Filter>
    </ClInclude>
    <ClInclude Include="..\..\..\src\BulletPhysics\BulletCollision\CollisionShapes\btShapeHull.cpp">
      <Filter>Blocks\Bullet 3D Physics\src\BulletPhysics\BulletCollision\CollisionShapes</Filter>
    </ClInclude>
    <ClInclude Include="..\..\..\src\BulletPhysics\BulletCollision\CollisionShapes\btSphereShape.cpp">
      <Filter>Blocks\Bullet 3D Physics\src\BulletPhysics\BulletCollision\CollisionShapes</Filter>
    </ClInclude>
    <ClInclude Include="..\..\..\src\BulletPhysics\BulletCollision\CollisionShapes\btStaticPlaneShape.cpp">
      <Filter>Blocks\Bullet 3D Physics\src\BulletPhysics\BulletCollision\CollisionShapes</Filter>
    </ClInclude>
    <ClInclude Include="..\..\..\src\BulletPhysics\BulletCollision\CollisionShapes\btStridingMeshInterface.cpp">
      <Filter>Blocks\Bullet 3D Physics\src\BulletPhysics\BulletCollision\CollisionShapes</Filter>
    </ClInclude>
    <ClInclude Include="..\..\..\src\BulletPhysics\BulletCollision\CollisionShapes\btTetrahedronShape.cpp">
      <Filter>Blocks\Bullet 3D Physics\src\BulletPhysics\BulletCollision\CollisionShapes</Filter>
    </ClInclude>
    <ClInclude Include="..\..\..\src\BulletPhysics\BulletCollision\CollisionShapes\btTriangleBuffer.cpp">
      <Filter>Blocks\Bullet 3D Physics\src\BulletPhysics\BulletCollision\CollisionShapes</Filter>
    </ClInclude>
    <ClInclude Include="..\..\..\src\BulletPhysics\BulletCollision\CollisionShapes\btTriangleCallback.cpp">
      <Filter>Blocks\Bullet 3D Physics\src\BulletPhysics\BulletCollision\CollisionShapes</Filter>
    </ClInclude>
    <ClInclude Include="..\..\..\src\BulletPhysics\BulletCollision\CollisionShapes\btTriangleIndexVertexArray.cpp">
      <Filter>Blocks\Bullet 3D Physics\src\BulletPhysics\BulletCollision\CollisionShapes</Filter>
    </ClInclude>
    <ClInclude Include="..\..\..\src\BulletPhysics\BulletCollision\CollisionShapes\btTriangleIndexVertexMaterialArray.cpp">
      <Filter>Blocks\Bullet 3D Physics\src\BulletPhysics\BulletCollision\CollisionShapes</Filter>
    </ClInclude>
    <ClInclude Include="..\..\..\src\BulletPhysics\BulletCollision\CollisionShapes\btTriangleMesh.cpp">
      <Filter>Blocks\Bullet 3D Physics\src\BulletPhysics\BulletCollision\CollisionShapes</Filter>
    </ClInclude>
    <ClInclude Include="..\..\..\src\BulletPhysics\BulletCollision\CollisionShapes\btTriangleMeshShape.cpp">
      <Filter>Blocks\Bullet 3D Physics\src\BulletPhysics\BulletCollision\CollisionShapes</Filter>
    </ClInclude>
    <ClInclude Include="..\..\..\src\BulletPhysics\BulletCollision\CollisionShapes\btUniformScalingShape.cpp">
      <Filter>Blocks\Bullet 3D Physics\src\BulletPhysics\BulletCollision\CollisionShapes</Filter>
    </ClInclude>
    <ClInclude Include="..\..\..\src\BulletPhysics\BulletCollision\GImpact\btContactProcessing.cpp">
      <Filter>Blocks\Bullet 3D Physics\src\BulletPhysics\BulletCollision\GImpact</Filter>
    </ClInclude>
    <ClInclude Include="..\..\..\src\BulletPhysics\BulletCollision\GImpact\btGenericPoolAllocator.cpp">
      <Filter>Blocks\Bullet 3D Physics\src\BulletPhysics\BulletCollision\GImpact</Filter>
    </ClInclude>
    <ClInclude Include="..\..\..\src\BulletPhysics\BulletCollision\GImpact\btGImpactBvh.cpp">
      <Filter>Blocks\Bullet 3D Physics\src\BulletPhysics\BulletCollision\GImpact</Filter>
    </ClInclude>
    <ClInclude Include="..\..\..\src\BulletPhysics\BulletCollision\GImpact\btGImpactCollisionAlgorithm.cpp">
      <Filter>Blocks\Bullet 3D Physics\src\BulletPhysics\BulletCollision\GImpact</Filter>
    </ClInclude>
    <ClInclude Include="..\..\..\src\BulletPhysics\BulletCollision\GImpact\btGImpactQuantizedBvh.cpp">
      <Filter>Blocks\Bullet 3D Physics\src\BulletPhysics\BulletCollision\GImpact</Filter>
    </ClInclude>
    <ClInclude Include="..\..\..\src\BulletPhysics\BulletCollision\GImpact\btGImpactShape.cpp">
      <Filter>Blocks\Bullet 3D Physics\src\BulletPhysics\BulletCollision\GImpact</Filter>
    </ClInclude>
    <ClInclude Include="..\..\..\src\BulletPhysics\BulletCollision\GImpact\btTriangleShapeEx.cpp">
      <Filter>Blocks\Bullet 3D Physics\src\BulletPhysics\BulletCollision\GImpact</Filter>
    </ClInclude>
    <ClInclude Include="..\..\..\src\BulletPhysics\BulletCollision\GImpact\gim_box_set.cpp">
      <Filter>Blocks\Bullet 3D Physics\src\BulletPhysics\BulletCollision\GImpact</Filter>
    </ClInclude>
    <ClInclude Include="..\..\..\src\BulletPhysics\BulletCollision\GImpact\gim_contact.cpp">
      <Filter>Blocks\Bullet 3D Physics\src\BulletPhysics\BulletCollision\GImpact</Filter>
    </ClInclude>
    <ClInclude Include="..\..\..\src\BulletPhysics\BulletCollision\GImpact\gim_memory.cpp">
      <Filter>Blocks\Bullet 3D Physics\src\BulletPhysics\BulletCollision\GImpact</Filter>
    </ClInclude>
    <ClInclude Include="..\..\..\src\BulletPhysics\BulletCollision\GImpact\gim_tri_collision.cpp">
      <Filter>Blocks\Bullet 3D Physics\src\BulletPhysics\BulletCollision\GImpact</Filter>
    </ClInclude>
    <ClInclude Include="..\..\..\src\BulletPhysics\BulletCollision\NarrowPhaseCollision\btContinuousConvexCollision.cpp">
      <Filter>Blocks\Bullet 3D Physics\src\BulletPhysics\BulletCollision\NarrowPhaseCollision</Filter>
    </ClInclude>
    <ClInclude Include="..\..\..\src\BulletPhysics\BulletCollision\NarrowPhaseCollision\btConvexCast.cpp">
      <Filter>Blocks\Bullet 3D Physics\src\BulletPhysics\BulletCollision\NarrowPhaseCollision</Filter>
    </ClInclude>
    <ClInclude Include="..\..\..\src\BulletPhysics\BulletCollision\NarrowPhaseCollision\btGjkConvexCast.cpp">
      <Filter>Blocks\Bullet 3D Physics\src\BulletPhysics\BulletCollision\NarrowPhaseCollision</Filter>
    </ClInclude>
    <ClInclude Include="..\..\..\src\BulletPhysics\BulletCollision\NarrowPhaseCollision\btGjkEpa2.cpp">
      <Filter>Blocks\Bullet 3D Physics\src\BulletPhysics\BulletCollision\NarrowPhaseCollision</Filter>
    </ClInclude>
    <ClInclude Include="..\..\..\src\BulletPhysics\BulletCollision\NarrowPhaseCollision\btGjkEpaPenetrationDepthSolver.cpp">
      <Filter>Blocks\Bullet 3D Physics\src\BulletPhysics\BulletCollision\NarrowPhaseCollision</Filter>
    </ClInclude>
    <ClInclude Include="..\..\..\src\BulletPhysics\BulletCollision\NarrowPhaseCollision\btGjkPairDetector.cpp">
      <Filter>Blocks\Bullet 3D Physics\src\BulletPhysics\BulletCollision\NarrowPhaseCollision</Filter>
    </ClInclude>
    <ClInclude Include="..\..\..\src\BulletPhysics\BulletCollision\NarrowPhaseCollision\btMinkowskiPenetrationDepthSolver.cpp">
      <Filter>Blocks\Bullet 3D Physics\src\BulletPhysics\BulletCollision\NarrowPhaseCollision</Filter>
    </ClInclude>
    <ClInclude Include="..\..\..\src\BulletPhysics\BulletCollision\NarrowPhaseCollision\btPersistentManifold.cpp">
      <Filter>Blocks\Bullet 3D Physics\src\BulletPhysics\BulletCollision\NarrowPhaseCollision</Filter>
    </ClInclude>
    <ClInclude Include="..\..\..\src\BulletPhysics\BulletCollision\NarrowPhaseCollision\btPolyhedralContactClipping.cpp">
      <Filter>Blocks\Bullet 3D Physics\src\BulletPhysics\BulletCollision\NarrowPhaseCollision</Filter>
    </ClInclude>
    <ClInclude Include="..\..\..\src\BulletPhysics\BulletCollision\NarrowPhaseCollision\btRaycastCallback.cpp">
      <Filter>Blocks\Bullet 3D Physics\src\BulletPhysics\BulletCollision\NarrowPhaseCollision</Filter>
    </ClInclude>
    <ClInclude Include="..\..\..\src\BulletPhysics\BulletCollision\NarrowPhaseCollision\btSubSimplexConvexCast.cpp">
      <Filter>Blocks\Bullet 3D Physics\src\BulletPhysics\BulletCollision\NarrowPhaseCollision</Filter>
    </ClInclude>
    <ClInclude Include="..\..\..\src\BulletPhysics\BulletCollision\NarrowPhaseCollision\btVoronoiSimplexSolver.cpp">
      <Filter>Blocks\Bullet 3D Physics\src\BulletPhysics\BulletCollision\NarrowPhaseCollision</Filter>
    </ClInclude>
    <ClInclude Include="..\..\..\src\BulletPhysics\BulletDynamics\Character\btKinematicCharacterController.cpp">
      <Filter>Blocks\Bullet 3D Physics\src\BulletPhysics\BulletDynamics\Character</Filter>
    </ClInclude>
    <ClInclude Include="..\..\..\src\BulletPhysics\BulletDynamics\ConstraintSolver\btConeTwistConstraint.cpp">
      <Filter>Blocks\Bullet 3D Physics\src\BulletPhysics\BulletDynamics\ConstraintSolver</Filter>
    </ClInclude>
    <ClInclude Include="..\..\..\src\BulletPhysics\BulletDynamics\ConstraintSolver\btContactConstraint.cpp">
      <Filter>Blocks\Bullet 3D Physics\src\BulletPhysics\BulletDynamics\ConstraintSolver</Filter>
    </ClInclude>
    <ClInclude Include="..\..\..\src\BulletPhysics\BulletDynamics\ConstraintSolver\btFixedConstraint.cpp">
      <Filter>Blocks\Bullet 3D Physics\src\BulletPhysics\BulletDynamics\ConstraintSolver</Filter>
    </ClInclude>
    <ClInclude Include="..\..\..\src\BulletPhysics\BulletDynamics\ConstraintSolver\btGearConstraint.cpp">
      <Filter>Blocks\Bullet 3D Physics\src\BulletPhysics\BulletDynamics\ConstraintSolver</Filter>
    </ClInclude>
    <ClInclude Include="..\..\..\src\BulletPhysics\BulletDynamics\ConstraintSolver\btGeneric6DofConstraint.cpp">
      <Filter>Blocks\Bullet 3D Physics\src\BulletPhysics\BulletDynamics\ConstraintSolver</Filter>
    </ClInclude>
    <ClInclude Include="..\..\..\src\BulletPhysics\BulletDynamics\ConstraintSolver\btGeneric6DofSpring2Constraint.cpp">
      <Filter>Blocks\Bullet 3D Physics\src\BulletPhysics\BulletDynamics\ConstraintSolver</Filter>
    </ClInclude>
    <ClInclude Include="..\..\..\src\BulletPhysics\BulletDynamics\ConstraintSolver\btGeneric6DofSpringConstraint.cpp">
      <Filter>Blocks\Bullet 3D Physics\src\BulletPhysics\BulletDynamics\ConstraintSolver</Filter>
    </ClInclude>
    <ClInclude Include="..\..\..\src\BulletPhysics\BulletDynamics\ConstraintSolver\btHinge2Constraint.cpp">
      <Filter>Blocks\Bullet 3D Physics\src\BulletPhysics\BulletDynamics\ConstraintSolver</Filter>
    </ClInclude>
    <ClInclude Include="..\..\..\src\BulletPhysics\BulletDynamics\ConstraintSolver\btHingeConstraint.cpp">
      <Filter>Blocks\Bullet 3D Physics\src\BulletPhysics\BulletDynamics\ConstraintSolver</Filter>
    </ClInclude>
    <ClInclude Include="..\..\..\src\BulletPhysics\BulletDynamics\ConstraintSolver\btNNCGConstraintSolver.cpp">
      <Filter>Blocks\Bullet 3D Physics\src\BulletPhysics\BulletDynamics\ConstraintSolver</Filter>
    </ClInclude>
    <ClInclude Include="..\..\..\src\BulletPhysics\BulletDynamics\ConstraintSolver\btPoint2PointConstraint.cpp">
      <Filter>Blocks\Bullet 3D Physics\src\BulletPhysics\BulletDynamics\ConstraintSolver</Filter>
    </ClInclude>
    <ClInclude Include="..\..\..\src\BulletPhysics\BulletDynamics\ConstraintSolver\btSequentialImpulseConstraintSolver.cpp">
      <Filter>Blocks\Bullet 3D Physics\src\BulletPhysics\BulletDynamics\ConstraintSolver</Filter>
    </ClInclude>
    <ClInclude Include="..\..\..\src\BulletPhysics\BulletDynamics\ConstraintSolver\btSliderConstraint.cpp">
      <Filter>Blocks\Bullet 3D Physics\src\BulletPhysics\BulletDynamics\ConstraintSolver</Filter>
    </ClInclude>
    <ClInclude Include="..\..\..\src\BulletPhysics\BulletDynamics\ConstraintSolver\btSolve2LinearConstraint.cpp">
      <Filter>Blocks\Bullet 3D Physics\src\BulletPhysics\BulletDynamics\ConstraintSolver</Filter>
    </ClInclude>
    <ClInclude Include="..\..\..\src\BulletPhysics\BulletDynamics\ConstraintSolver\btTypedConstraint.cpp">
      <Filter>Blocks\Bullet 3D Physics\src\BulletPhysics\BulletDynamics\ConstraintSolver</Filter>
    </ClInclude>
    <ClInclude Include="..\..\..\src\BulletPhysics\BulletDynamics\ConstraintSolver\btUniversalConstraint.cpp">
      <Filter>Blocks\Bullet 3D Physics\src\BulletPhysics\BulletDynamics\ConstraintSolver</Filter>
    </ClInclude>
    <ClInclude Include="..\..\..\src\BulletPhysics\BulletDynamics\Dynamics\btDiscreteDynamicsWorld.cpp">
      <Filter>Blocks\Bullet 3D Physics\src\BulletPhysics\BulletDynamics\Dynamics</Filter>
    </ClInclude>
    <ClInclude Include="..\..\..\src\BulletPhysics\BulletDynamics\Dynamics\btRigidBody.cpp">
      <Filter>Blocks\Bullet 3D Physics\src\BulletPhysics\BulletDynamics\Dynamics</Filter>
    </ClInclude>
    <ClInclude Include="..\..\..\src\BulletPhysics\BulletDynamics\Dynamics\btSimpleDynamicsWorld.cpp">
      <Filter>Blocks\Bullet 3D Physics\src\BulletPhysics\BulletDynamics\Dynamics</Filter>
    </ClInclude>
    <ClInclude Include="..\..\..\src\BulletPhysics\BulletDynamics\FeatherStone\btMultiBody.cpp">
      <Filter>Blocks\Bullet 3D Physics\src\BulletPhysics\BulletDynamics\FeatherStone</Filter>
    </ClInclude>
    <ClInclude Include="..\..\..\src\BulletPhysics\BulletDynamics\FeatherStone\btMultiBodyConstraint.cpp">
      <Filter>Blocks\Bullet 3D Physics\src\BulletPhysics\BulletDynamics\FeatherStone</Filter>
    </ClInclude>
    <ClInclude Include="..\..\..\src\BulletPhysics\BulletDynamics\FeatherStone\btMultiBodyConstraintSolver.cpp">
      <Filter>Blocks\Bullet 3D Physics\src\BulletPhysics\BulletDynamics\FeatherStone</Filter>
    </ClInclude>
    <ClInclude Include="..\..\..\src\BulletPhysics\BulletDynamics\FeatherStone\btMultiBodyDynamicsWorld.cpp">
      <Filter>Blocks\Bullet 3D Physics\src\BulletPhysics\BulletDynamics\FeatherStone</Filter>
    </ClInclude>
    <ClInclude Include="..\..\..\src\BulletPhysics\BulletDynamics\FeatherStone\btMultiBodyFixedConstraint.cpp">
      <Filter>Blocks\Bullet 3D Physics\src\BulletPhysics\BulletDynamics\FeatherStone</Filter>
    </ClInclude>
    <ClInclude Include="..\..\..\src\BulletPhysics\BulletDynamics\FeatherStone\btMultiBodyJointLimitConstraint.cpp">
      <Filter>Blocks\Bullet 3D Physics\src\BulletPhysics\BulletDynamics\FeatherStone</Filter>
    </ClInclude>
    <ClInclude Include="..\..\..\src\BulletPhysics\BulletDynamics\FeatherStone\btMultiBodyJointMotor.cpp">
      <Filter>Blocks\Bullet 3D Physics\src\BulletPhysics\BulletDynamics\FeatherStone</Filter>
    </ClInclude>
    <ClInclude Include="..\..\..\src\BulletPhysics\BulletDynamics\FeatherStone\btMultiBodyPoint2Point.cpp">
      <Filter>Blocks\Bullet 3D Physics\src\BulletPhysics\BulletDynamics\FeatherStone</Filter>
    </ClInclude>
    <ClInclude Include="..\..\..\src\BulletPhysics\BulletDynamics\FeatherStone\btMultiBodySliderConstraint.cpp">
      <Filter>Blocks\Bullet 3D Physics\src\BulletPhysics\BulletDynamics\FeatherStone</Filter>
    </ClInclude>
    <ClInclude Include="..\..\..\src\BulletPhysics\BulletDynamics\MLCPSolvers\btDantzigLCP.cpp">
      <Filter>Blocks\Bullet 3D Physics\src\BulletPhysics\BulletDynamics\MLCPSolvers</Filter>
    </ClInclude>
    <ClInclude Include="..\..\..\src\BulletPhysics\BulletDynamics\MLCPSolvers\btLemkeAlgorithm.cpp">
      <Filter>Blocks\Bullet 3D Physics\src\BulletPhysics\BulletDynamics\MLCPSolvers</Filter>
    </ClInclude>
    <ClInclude Include="..\..\..\src\BulletPhysics\BulletDynamics\MLCPSolvers\btMLCPSolver.cpp">
      <Filter>Blocks\Bullet 3D Physics\src\BulletPhysics\BulletDynamics\MLCPSolvers</Filter>
    </ClInclude>
    <ClInclude Include="..\..\..\src\BulletPhysics\BulletDynamics\Vehicle\btRaycastVehicle.cpp">
      <Filter>Blocks\Bullet 3D Physics\src\BulletPhysics\BulletDynamics\Vehicle</Filter>
    </ClInclude>
    <ClInclude Include="..\..\..\src\BulletPhysics\BulletDynamics\Vehicle\btWheelInfo.cpp">
      <Filter>Blocks\Bullet 3D Physics\src\BulletPhysics\BulletDynamics\Vehicle</Filter>
    </ClInclude>
    <ClInclude Include="..\..\..\src\BulletPhysics\BulletInverseDynamics\IDMath.cpp">
      <Filter>Blocks\Bullet 3D Physics\src\BulletPhysics\BulletInverseDynamics</Filter>
    </ClInclude>
    <ClInclude Include="..\..\..\src\BulletPhysics\BulletInverseDynamics\MultiBodyTree.cpp">
      <Filter>Blocks\Bullet 3D Physics\src\BulletPhysics\BulletInverseDynamics</Filter>
    </ClInclude>
    <ClInclude Include="..\..\..\src\BulletPhysics\BulletInverseDynamics\details\MultiBodyTreeImpl.cpp">
      <Filter>Blocks\Bullet 3D Physics\src\BulletPhysics\BulletInverseDynamics\details</Filter>
    </ClInclude>
    <ClInclude Include="..\..\..\src\BulletPhysics\BulletInverseDynamics\details\MultiBodyTreeInitCache.cpp">
      <Filter>Blocks\Bullet 3D Physics\src\BulletPhysics\BulletInverseDynamics\details</Filter>
    </ClInclude>
    <ClInclude Include="..\..\..\src\BulletPhysics\InverseDynamics\btMultiBodyTreeCreator.cpp">
      <Filter>Blocks\Bullet 3D Physics\src\BulletPhysics\InverseDynamics</Filter>
    </ClInclude>
    <ClInclude Include="..\..\..\src\BulletPhysics\InverseDynamics\CloneTreeCreator.cpp">
      <Filter>Blocks\Bullet 3D Physics\src\BulletPhysics\InverseDynamics</Filter>
    </ClInclude>
    <ClInclude Include="..\..\..\src\BulletPhysics\InverseDynamics\CoilCreator.cpp">
      <Filter>Blocks\Bullet 3D Physics\src\BulletPhysics\InverseDynamics</Filter>
    </ClInclude>
    <ClInclude Include="..\..\..\src\BulletPhysics\InverseDynamics\DillCreator.cpp">
      <Filter>Blocks\Bullet 3D Physics\src\BulletPhysics\InverseDynamics</Filter>
    </ClInclude>
    <ClInclude Include="..\..\..\src\BulletPhysics\InverseDynamics\IDRandomUtil.cpp">
      <Filter>Blocks\Bullet 3D Physics\src\BulletPhysics\InverseDynamics</Filter>
    </ClInclude>
    <ClInclude Include="..\..\..\src\BulletPhysics\InverseDynamics\invdyn_bullet_comparison.cpp">
      <Filter>Blocks\Bullet 3D Physics\src\BulletPhysics\InverseDynamics</Filter>
    </ClInclude>
    <ClInclude Include="..\..\..\src\BulletPhysics\InverseDynamics\MultiBodyNameMap.cpp">
      <Filter>Blocks\Bullet 3D Physics\src\BulletPhysics\InverseDynamics</Filter>
    </ClInclude>
    <ClInclude Include="..\..\..\src\BulletPhysics\InverseDynamics\MultiBodyTreeCreator.cpp">
      <Filter>Blocks\Bullet 3D Physics\src\BulletPhysics\InverseDynamics</Filter>
    </ClInclude>
    <ClInclude Include="..\..\..\src\BulletPhysics\InverseDynamics\MultiBodyTreeDebugGraph.cpp">
      <Filter>Blocks\Bullet 3D Physics\src\BulletPhysics\InverseDynamics</Filter>
    </ClInclude>
    <ClInclude Include="..\..\..\src\BulletPhysics\InverseDynamics\RandomTreeCreator.cpp">
      <Filter>Blocks\Bullet 3D Physics\src\BulletPhysics\InverseDynamics</Filter>
    </ClInclude>
    <ClInclude Include="..\..\..\src\BulletPhysics\InverseDynamics\SimpleTreeCreator.cpp">
      <Filter>Blocks\Bullet 3D Physics\src\BulletPhysics\InverseDynamics</Filter>
    </ClInclude>
    <ClInclude Include="..\..\..\src\BulletPhysics\InverseDynamics\User2InternalIndex.cpp">
      <Filter>Blocks\Bullet 3D Physics\src\BulletPhysics\InverseDynamics</Filter>
    </ClInclude>
    <ClInclude Include="..\..\..\src\BulletPhysics\ConvexDecomposition\bestfit.cpp">
      <Filter>Blocks\Bullet 3D Physics\src\BulletPhysics\ConvexDecomposition</Filter>
    </ClInclude>
    <ClInclude Include="..\..\..\src\BulletPhysics\ConvexDecomposition\bestfitobb.cpp">
      <Filter>Blocks\Bullet 3D Physics\src\BulletPhysics\ConvexDecomposition</Filter>
    </ClInclude>
    <ClInclude Include="..\..\..\src\BulletPhysics\ConvexDecomposition\cd_hull.cpp">
      <Filter>Blocks\Bullet 3D Physics\src\BulletPhysics\ConvexDecomposition</Filter>
    </ClInclude>
    <ClInclude Include="..\..\..\src\BulletPhysics\ConvexDecomposition\cd_wavefront.cpp">
      <Filter>Blocks\Bullet 3D Physics\src\BulletPhysics\ConvexDecomposition</Filter>
    </ClInclude>
    <ClInclude Include="..\..\..\src\BulletPhysics\ConvexDecomposition\concavity.cpp">
      <Filter>Blocks\Bullet 3D Physics\src\BulletPhysics\ConvexDecomposition</Filter>
    </ClInclude>
    <ClInclude Include="..\..\..\src\BulletPhysics\ConvexDecomposition\ConvexBuilder.cpp">
      <Filter>Blocks\Bullet 3D Physics\src\BulletPhysics\ConvexDecomposition</Filter>
    </ClInclude>
    <ClInclude Include="..\..\..\src\BulletPhysics\ConvexDecomposition\ConvexDecomposition.cpp">
      <Filter>Blocks\Bullet 3D Physics\src\BulletPhysics\ConvexDecomposition</Filter>
    </ClInclude>
    <ClInclude Include="..\..\..\src\BulletPhysics\ConvexDecomposition\fitsphere.cpp">
      <Filter>Blocks\Bullet 3D Physics\src\BulletPhysics\ConvexDecomposition</Filter>
    </ClInclude>
    <ClInclude Include="..\..\..\src\BulletPhysics\ConvexDecomposition\float_math.cpp">
      <Filter>Blocks\Bullet 3D Physics\src\BulletPhysics\ConvexDecomposition</Filter>
    </ClInclude>
    <ClInclude Include="..\..\..\src\BulletPhysics\ConvexDecomposition\meshvolume.cpp">
      <Filter>Blocks\Bullet 3D Physics\src\BulletPhysics\ConvexDecomposition</Filter>
    </ClInclude>
    <ClInclude Include="..\..\..\src\BulletPhysics\ConvexDecomposition\planetri.cpp">
      <Filter>Blocks\Bullet 3D Physics\src\BulletPhysics\ConvexDecomposition</Filter>
    </ClInclude>
    <ClInclude Include="..\..\..\src\BulletPhysics\ConvexDecomposition\raytri.cpp">
      <Filter>Blocks\Bullet 3D Physics\src\BulletPhysics\ConvexDecomposition</Filter>
    </ClInclude>
    <ClInclude Include="..\..\..\src\BulletPhysics\ConvexDecomposition\splitplane.cpp">
      <Filter>Blocks\Bullet 3D Physics\src\BulletPhysics\ConvexDecomposition</Filter>
    </ClInclude>
    <ClInclude Include="..\..\..\src\BulletPhysics\ConvexDecomposition\vlookup.cpp">
      <Filter>Blocks\Bullet 3D Physics\src\BulletPhysics\ConvexDecomposition</Filter>
    </ClInclude>
    <ClInclude Include="..\..\..\src\BussIK\Jacobian.cpp">
      <Filter>Blocks\Bullet 3D Physics\src\BussIK</Filter>
    </ClInclude>
    <ClInclude Include="..\..\..\src\BussIK\LinearR2.cpp">
      <Filter>Blocks\Bullet 3D Physics\src\BussIK</Filter>
    </ClInclude>
    <ClInclude Include="..\..\..\src\BussIK\LinearR3.cpp">
      <Filter>Blocks\Bullet 3D Physics\src\BussIK</Filter>
    </ClInclude>
    <ClInclude Include="..\..\..\src\BussIK\LinearR4.cpp">
      <Filter>Blocks\Bullet 3D Physics\src\BussIK</Filter>
    </ClInclude>
    <ClInclude Include="..\..\..\src\BussIK\MatrixRmn.cpp">
      <Filter>Blocks\Bullet 3D Physics\src\BussIK</Filter>
    </ClInclude>
    <ClInclude Include="..\..\..\src\BussIK\Misc.cpp">
      <Filter>Blocks\Bullet 3D Physics\src\BussIK</Filter>
    </ClInclude>
    <ClInclude Include="..\..\..\src\BussIK\Node.cpp">
      <Filter>Blocks\Bullet 3D Physics\src\BussIK</Filter>
    </ClInclude>
    <ClInclude Include="..\..\..\src\BussIK\Tree.cpp">
      <Filter>Blocks\Bullet 3D Physics\src\BussIK</Filter>
    </ClInclude>
    <ClInclude Include="..\..\..\src\BussIK\VectorRn.cpp">
      <Filter>Blocks\Bullet 3D Physics\src\BussIK</Filter>
    </ClInclude>
    <ClInclude Include="..\..\..\src\BulletPhysics\Serialize\BulletFileLoader\bChunk.cpp">
      <Filter>Blocks\Bullet 3D Physics\src\BulletPhysics\Serialize\BulletFileLoader</Filter>
    </ClInclude>
    <ClInclude Include="..\..\..\src\BulletPhysics\Serialize\BulletFileLoader\bDNA.cpp">
      <Filter>Blocks\Bullet 3D Physics\src\BulletPhysics\Serialize\BulletFileLoader</Filter>
    </ClInclude>
    <ClInclude Include="..\..\..\src\BulletPhysics\Serialize\BulletFileLoader\bFile.cpp">
      <Filter>Blocks\Bullet 3D Physics\src\BulletPhysics\Serialize\BulletFileLoader</Filter>
    </ClInclude>
    <ClInclude Include="..\..\..\src\BulletPhysics\Serialize\BulletFileLoader\btBulletFile.cpp">
      <Filter>Blocks\Bullet 3D Physics\src\BulletPhysics\Serialize\BulletFileLoader</Filter>
    </ClInclude>
    <ClInclude Include="..\..\..\src\BulletPhysics\Serialize\BulletWorldImporter\btBulletWorldImporter.cpp">
      <Filter>Blocks\Bullet 3D Physics\src\BulletPhysics\Serialize\BulletWorldImporter</Filter>
    </ClInclude>
    <ClInclude Include="..\..\..\src\BulletPhysics\Serialize\BulletWorldImporter\btWorldImporter.cpp">
      <Filter>Blocks\Bullet 3D Physics\src\BulletPhysics\Serialize\BulletWorldImporter</Filter>
    </ClInclude>
    <ClInclude Include="..\..\..\src\BulletPhysics\HACD\hacdGraph.cpp">
      <Filter>Blocks\Bullet 3D Physics\src\BulletPhysics\HACD</Filter>
    </ClInclude>
    <ClInclude Include="..\..\..\src\BulletPhysics\HACD\hacdHACD.cpp">
      <Filter>Blocks\Bullet 3D Physics\src\BulletPhysics\HACD</Filter>
    </ClInclude>
    <ClInclude Include="..\..\..\src\BulletPhysics\HACD\hacdICHull.cpp">
      <Filter>Blocks\Bullet 3D Physics\src\BulletPhysics\HACD</Filter>
    </ClInclude>
    <ClInclude Include="..\..\..\src\BulletPhysics\HACD\hacdManifoldMesh.cpp">
      <Filter>Blocks\Bullet 3D Physics\src\BulletPhysics\HACD</Filter>
    </ClInclude>
    <ClInclude Include="..\..\..\src\BulletPhysics\BulletSoftBody\btDefaultSoftBodySolver.cpp">
      <Filter>Blocks\Bullet 3D Physics\src\BulletPhysics\BulletSoftBody</Filter>
    </ClInclude>
    <ClInclude Include="..\..\..\src\BulletPhysics\BulletSoftBody\btSoftBody.cpp">
      <Filter>Blocks\Bullet 3D Physics\src\BulletPhysics\BulletSoftBody</Filter>
    </ClInclude>
    <ClInclude Include="..\..\..\src\BulletPhysics\BulletSoftBody\btSoftBodyConcaveCollisionAlgorithm.cpp">
      <Filter>Blocks\Bullet 3D Physics\src\BulletPhysics\BulletSoftBody</Filter>
    </ClInclude>
    <ClInclude Include="..\..\..\src\BulletPhysics\BulletSoftBody\btSoftBodyHelpers.cpp">
      <Filter>Blocks\Bullet 3D Physics\src\BulletPhysics\BulletSoftBody</Filter>
    </ClInclude>
    <ClInclude Include="..\..\..\src\BulletPhysics\BulletSoftBody\btSoftBodyRigidBodyCollisionConfiguration.cpp">
      <Filter>Blocks\Bullet 3D Physics\src\BulletPhysics\BulletSoftBody</Filter>
    </ClInclude>
    <ClInclude Include="..\..\..\src\BulletPhysics\BulletSoftBody\btSoftRigidCollisionAlgorithm.cpp">
      <Filter>Blocks\Bullet 3D Physics\src\BulletPhysics\BulletSoftBody</Filter>
    </ClInclude>
    <ClInclude Include="..\..\..\src\BulletPhysics\BulletSoftBody\btSoftRigidDynamicsWorld.cpp">
      <Filter>Blocks\Bullet 3D Physics\src\BulletPhysics\BulletSoftBody</Filter>
    </ClInclude>
    <ClInclude Include="..\..\..\src\BulletPhysics\BulletSoftBody\btSoftSoftCollisionAlgorithm.cpp">
      <Filter>Blocks\Bullet 3D Physics\src\BulletPhysics\BulletSoftBody</Filter>
    </ClInclude>
    <ClCompile Include="..\..\..\src\Cinder-Bullet3D\BulletContext.cpp">
      <Filter>Blocks\Bullet 3D Physics\src\Cinder-Bullet3D</Filter>
    </ClCompile>
    <ClCompile Include="..\..\..\src\Cinder-Bullet3D\Common.cpp">
      <Filter>Blocks\Bullet 3D Physics\src\Cinder-Bullet3D</Filter>
    </ClCompile>
    <ClCompile Include="..\..\..\src\Cinder-Bullet3D\PhysicsDebugRenderable.cpp">
      <Filter>Blocks\Bullet 3D Physics\src\Cinder-Bullet3D</Filter>
    </ClCompile>
    <ClCompile Include="..\..\..\src\Cinder-Bullet3D\RigidBody.cpp">
      <Filter>Blocks\Bullet 3D Physics\src\Cinder-Bullet3D</Filter>
    </ClCompile>
    <ClCompile Include="..\..\..\src\Cinder-Bullet3D\SoftBody.cpp">
      <Filter>Blocks\Bullet 3D Physics\src\Cinder-Bullet3D</Filter>
    </ClCompile>
  </ItemGroup>
  <ItemGroup>
    <ClInclude Include="..\include\Resources.h">
      <Filter>Header Files</Filter>
    </ClInclude>
  </ItemGroup>
  <ItemGroup>
    <ResourceCompile Include="Resources.rc">
      <Filter>Resource Files</Filter>
    </ResourceCompile>
  </ItemGroup>
</Project>
