
Microsoft Visual Studio Solution File, Format Version 12.00
# Visual Studio 2013
Project("{8BC9CEB8-8B4A-11D0-8D11-00A0C91BC942}") = "SphereGravity", "SphereGravity.vcxproj", "{E65FC703-34F1-4919-BCFE-312EF58DE170}"
EndProject
Global
	GlobalSection(SolutionConfigurationPlatforms) = preSolution
		Debug|x64 = Debug|x64
		Release|x64 = Release|x64
	EndGlobalSection
	GlobalSection(ProjectConfigurationPlatforms) = postSolution
		{E65FC703-34F1-4919-BCFE-312EF58DE170}.Debug|x64.ActiveCfg = Debug|x64
		{E65FC703-34F1-4919-BCFE-312EF58DE170}.Debug|x64.Build.0 = Debug|x64
		{E65FC703-34F1-4919-BCFE-312EF58DE170}.Release|x64.ActiveCfg = Release|x64
		{E65FC703-34F1-4919-BCFE-312EF58DE170}.Release|x64.Build.0 = Release|x64
	EndGlobalSection
	GlobalSection(SolutionProperties) = preSolution
		HideSolutionNode = FALSE
	EndGlobalSection
EndGlobal
