<Project ToolsVersion="4.0" xmlns="http://schemas.microsoft.com/developer/msbuild/2003">
  <ItemGroup>
    <Filter Include="Source Files">
      <UniqueIdentifier>{4FC737F1-C7A5-4376-A066-2A32D752A2FF}</UniqueIdentifier>
      <Extensions>cpp;c;cc;cxx;def;odl;idl;hpj;bat;asm;asmx</Extensions>
    </Filter>
    <Filter Include="Header Files">
      <UniqueIdentifier>{93995380-89BD-4b04-88EB-625FBE52EBFB}</UniqueIdentifier>
      <Extensions>h;hpp;hxx;hm;inl;inc;xsd</Extensions>
    </Filter>
    <Filter Include="Resource Files">
      <UniqueIdentifier>{67DA6AB6-F800-4c08-8B7A-83BB121AAD01}</UniqueIdentifier>
      <Extensions>rc;ico;cur;bmp;dlg;rc2;rct;bin;rgs;gif;jpg;jpeg;jpe;resx;tiff;tif;png;wav</Extensions>
    </Filter>
    <Filter Include="Blocks">
      <UniqueIdentifier>{DC87F6D0-4999-47C1-98CE-B9B5F9D5E69F}</UniqueIdentifier>
    </Filter>
    <Filter Include="Blocks\Bullet 3D Physics">
      <UniqueIdentifier>{7880894A-4E08-4182-9BDB-E03CBF5F0BF5}</UniqueIdentifier>
    </Filter>
    <Filter Include="Blocks\Bullet 3D Physics\src">
      <UniqueIdentifier>{75915311-7F1C-41AA-9951-9671B8F59E01}</UniqueIdentifier>
    </Filter>
    <Filter Include="Blocks\Bullet 3D Physics\src\BulletPhysics">
      <UniqueIdentifier>{BC6133F0-9B82-430D-932C-46A01EE11AE9}</UniqueIdentifier>
    </Filter>
    <Filter Include="Blocks\Bullet 3D Physics\src\BulletPhysics\BulletCollision">
      <UniqueIdentifier>{B0E2619F-4C40-420B-B919-1D1A0B9BFA70}</UniqueIdentifier>
    </Filter>
    <Filter Include="Blocks\Bullet 3D Physics\src\BulletPhysics\BulletCollision\BroadPhaseCollision">
      <UniqueIdentifier>{8545391C-E166-4DF0-95E6-60C77B0A5279}</UniqueIdentifier>
    </Filter>
    <Filter Include="Blocks\Bullet 3D Physics\src\BulletPhysics\BulletCollision\CollisionDispatch">
      <UniqueIdentifier>{1BA5A7E8-18EA-44B2-B71D-98EA465327FD}</UniqueIdentifier>
    </Filter>
    <Filter Include="Blocks\Bullet 3D Physics\src\BulletPhysics\BulletCollision\CollisionShapes">
      <UniqueIdentifier>{5D778A33-C918-469C-93C6-0E758637B896}</UniqueIdentifier>
    </Filter>
    <Filter Include="Blocks\Bullet 3D Physics\src\BulletPhysics\BulletCollision\GImpact">
      <UniqueIdentifier>{5055AD0A-B54F-4E7C-B4E8-6C090B0E1874}</UniqueIdentifier>
    </Filter>
    <Filter Include="Blocks\Bullet 3D Physics\src\BulletPhysics\BulletCollision\NarrowPhaseCollision">
      <UniqueIdentifier>{74FDEFC3-D053-41FF-B930-2468257276FC}</UniqueIdentifier>
    </Filter>
    <Filter Include="Blocks\Bullet 3D Physics\src\BulletPhysics\BulletDynamics">
      <UniqueIdentifier>{7E36D5D6-FDF3-4390-A901-8023141347A6}</UniqueIdentifier>
    </Filter>
    <Filter Include="Blocks\Bullet 3D Physics\src\BulletPhysics\BulletDynamics\Character">
      <UniqueIdentifier>{336EEBC6-C9CB-4EE9-88D1-D672E2A1A131}</UniqueIdentifier>
    </Filter>
    <Filter Include="Blocks\Bullet 3D Physics\src\BulletPhysics\BulletDynamics\ConstraintSolver">
      <UniqueIdentifier>{8943450C-22EC-454E-8787-27FA93BA29CD}</UniqueIdentifier>
    </Filter>
    <Filter Include="Blocks\Bullet 3D Physics\src\BulletPhysics\BulletDynamics\Dynamics">
      <UniqueIdentifier>{6AAFB1D1-2780-4854-AAAD-42C922A59464}</UniqueIdentifier>
    </Filter>
    <Filter Include="Blocks\Bullet 3D Physics\src\BulletPhysics\BulletDynamics\FeatherStone">
      <UniqueIdentifier>{CE39A0B1-50F9-4A2F-9467-774FEF40BF71}</UniqueIdentifier>
    </Filter>
    <Filter Include="Blocks\Bullet 3D Physics\src\BulletPhysics\BulletDynamics\MLCPSolvers">
      <UniqueIdentifier>{379334BB-E683-43F4-8ED9-F278F93E26E5}</UniqueIdentifier>
    </Filter>
    <Filter Include="Blocks\Bullet 3D Physics\src\BulletPhysics\BulletDynamics\Vehicle">
      <UniqueIdentifier>{2ED65464-778F-4CD6-A80A-72C6B01C919A}</UniqueIdentifier>
    </Filter>
    <Filter Include="Blocks\Bullet 3D Physics\src\BulletPhysics\InverseDynamics">
      <UniqueIdentifier>{9CDF2011-6769-431A-A042-4E3E9DB234F1}</UniqueIdentifier>
    </Filter>
    <Filter Include="Blocks\Bullet 3D Physics\src\BulletPhysics\HACD">
      <UniqueIdentifier>{6754E287-7B0F-4C75-B72D-8519093BF91D}</UniqueIdentifier>
    </Filter>
    <Filter Include="Blocks\Bullet 3D Physics\src\BulletPhysics\ConvexDecomposition">
      <UniqueIdentifier>{4F09DF7E-E308-4464-90C0-62D3C009FDF5}</UniqueIdentifier>
    </Filter>
    <Filter Include="Blocks\Bullet 3D Physics\src\BussIK">
      <UniqueIdentifier>{C62981AF-FE6D-472E-94BE-CF62381153D2}</UniqueIdentifier>
    </Filter>
    <Filter Include="Blocks\Bullet 3D Physics\src\BulletPhysics\Serialize">
      <UniqueIdentifier>{6F6CC7F1-BE2A-44D5-9005-5FB8F3602612}</UniqueIdentifier>
    </Filter>
    <Filter Include="Blocks\Bullet 3D Physics\src\BulletPhysics\Serialize\BulletFileLoader">
      <UniqueIdentifier>{7BBF4188-F3B8-4025-A5F4-2D4F965801A1}</UniqueIdentifier>
    </Filter>
    <Filter Include="Blocks\Bullet 3D Physics\src\BulletPhysics\Serialize\BulletWorldImporter">
      <UniqueIdentifier>{29BF90EE-AF64-433C-AAB4-DC5A84AD28CD}</UniqueIdentifier>
    </Filter>
    <Filter Include="Blocks\Bullet 3D Physics\src\BulletPhysics\BulletSoftBody">
      <UniqueIdentifier>{84B1C014-F9EC-40ED-A498-AD18C5628FF5}</UniqueIdentifier>
    </Filter>
    <Filter Include="Blocks\Bullet 3D Physics\src\Cinder-Bullet3D">
      <UniqueIdentifier>{18ADF955-F2CC-42AE-9656-E8D0B4115D42}</UniqueIdentifier>
    </Filter>
    <Filter Include="Blocks\Bullet 3D Physics\src\BulletPhysics\BulletInverseDynamics">
      <UniqueIdentifier>{4AC6C7E4-7932-4E1E-8846-6CD94DAA6661}</UniqueIdentifier>
    </Filter>
    <Filter Include="Blocks\Bullet 3D Physics\src\BulletPhysics\BulletInverseDynamics\details">
      <UniqueIdentifier>{29070FFD-CFA9-4154-98AC-627F76269986}</UniqueIdentifier>
    </Filter>
  </ItemGroup>
  <ItemGroup>
    <ClCompile Include="..\src\HelloWorldApp.cpp">
      <Filter>Source Files</Filter>
    </ClCompile>
    <ClCompile Include="..\src\HelloWorldApp.cpp">
      <Filter>Source Files</Filter>
    </ClCompile>
    <ClInclude Include="..\include\Resources.h">
      <Filter>Header Files</Filter>
    </ClInclude>
    <ClInclude Include="..\..\..\src\BulletPhysics\btBulletCollisionCommon.h">
      <Filter>Blocks\Bullet 3D Physics\src\BulletPhysics</Filter>
    </ClInclude>
    <ClInclude Include="..\..\..\src\BulletPhysics\btBulletDynamicsCommon.h">
      <Filter>Blocks\Bullet 3D Physics\src\BulletPhysics</Filter>
    </ClInclude>
    <ClInclude Include="..\..\..\src\BulletPhysics\BulletCollision\BroadPhaseCollision\btAxisSweep3.h">
      <Filter>Blocks\Bullet 3D Physics\src\BulletPhysics\BulletCollision\BroadPhaseCollision</Filter>
    </ClInclude>
    <ClInclude Include="..\..\..\src\BulletPhysics\BulletCollision\BroadPhaseCollision\btBroadphaseInterface.h">
      <Filter>Blocks\Bullet 3D Physics\src\BulletPhysics\BulletCollision\BroadPhaseCollision</Filter>
    </ClInclude>
    <ClInclude Include="..\..\..\src\BulletPhysics\BulletCollision\BroadPhaseCollision\btBroadphaseProxy.h">
      <Filter>Blocks\Bullet 3D Physics\src\BulletPhysics\BulletCollision\BroadPhaseCollision</Filter>
    </ClInclude>
    <ClInclude Include="..\..\..\src\BulletPhysics\BulletCollision\BroadPhaseCollision\btCollisionAlgorithm.h">
      <Filter>Blocks\Bullet 3D Physics\src\BulletPhysics\BulletCollision\BroadPhaseCollision</Filter>
    </ClInclude>
    <ClInclude Include="..\..\..\src\BulletPhysics\BulletCollision\BroadPhaseCollision\btDbvt.h">
      <Filter>Blocks\Bullet 3D Physics\src\BulletPhysics\BulletCollision\BroadPhaseCollision</Filter>
    </ClInclude>
    <ClInclude Include="..\..\..\src\BulletPhysics\BulletCollision\BroadPhaseCollision\btDbvtBroadphase.h">
      <Filter>Blocks\Bullet 3D Physics\src\BulletPhysics\BulletCollision\BroadPhaseCollision</Filter>
    </ClInclude>
    <ClInclude Include="..\..\..\src\BulletPhysics\BulletCollision\BroadPhaseCollision\btDispatcher.h">
      <Filter>Blocks\Bullet 3D Physics\src\BulletPhysics\BulletCollision\BroadPhaseCollision</Filter>
    </ClInclude>
    <ClInclude Include="..\..\..\src\BulletPhysics\BulletCollision\BroadPhaseCollision\btMultiSapBroadphase.h">
      <Filter>Blocks\Bullet 3D Physics\src\BulletPhysics\BulletCollision\BroadPhaseCollision</Filter>
    </ClInclude>
    <ClInclude Include="..\..\..\src\BulletPhysics\BulletCollision\BroadPhaseCollision\btOverlappingPairCache.h">
      <Filter>Blocks\Bullet 3D Physics\src\BulletPhysics\BulletCollision\BroadPhaseCollision</Filter>
    </ClInclude>
    <ClInclude Include="..\..\..\src\BulletPhysics\BulletCollision\BroadPhaseCollision\btOverlappingPairCallback.h">
      <Filter>Blocks\Bullet 3D Physics\src\BulletPhysics\BulletCollision\BroadPhaseCollision</Filter>
    </ClInclude>
    <ClInclude Include="..\..\..\src\BulletPhysics\BulletCollision\BroadPhaseCollision\btQuantizedBvh.h">
      <Filter>Blocks\Bullet 3D Physics\src\BulletPhysics\BulletCollision\BroadPhaseCollision</Filter>
    </ClInclude>
    <ClInclude Include="..\..\..\src\BulletPhysics\BulletCollision\BroadPhaseCollision\btSimpleBroadphase.h">
      <Filter>Blocks\Bullet 3D Physics\src\BulletPhysics\BulletCollision\BroadPhaseCollision</Filter>
    </ClInclude>
    <ClInclude Include="..\..\..\src\BulletPhysics\BulletCollision\CollisionDispatch\btActivatingCollisionAlgorithm.h">
      <Filter>Blocks\Bullet 3D Physics\src\BulletPhysics\BulletCollision\CollisionDispatch</Filter>
    </ClInclude>
    <ClInclude Include="..\..\..\src\BulletPhysics\BulletCollision\CollisionDispatch\btBox2dBox2dCollisionAlgorithm.h">
      <Filter>Blocks\Bullet 3D Physics\src\BulletPhysics\BulletCollision\CollisionDispatch</Filter>
    </ClInclude>
    <ClInclude Include="..\..\..\src\BulletPhysics\BulletCollision\CollisionDispatch\btBoxBoxCollisionAlgorithm.h">
      <Filter>Blocks\Bullet 3D Physics\src\BulletPhysics\BulletCollision\CollisionDispatch</Filter>
    </ClInclude>
    <ClInclude Include="..\..\..\src\BulletPhysics\BulletCollision\CollisionDispatch\btBoxBoxDetector.h">
      <Filter>Blocks\Bullet 3D Physics\src\BulletPhysics\BulletCollision\CollisionDispatch</Filter>
    </ClInclude>
    <ClInclude Include="..\..\..\src\BulletPhysics\BulletCollision\CollisionDispatch\btCollisionConfiguration.h">
      <Filter>Blocks\Bullet 3D Physics\src\BulletPhysics\BulletCollision\CollisionDispatch</Filter>
    </ClInclude>
    <ClInclude Include="..\..\..\src\BulletPhysics\BulletCollision\CollisionDispatch\btCollisionCreateFunc.h">
      <Filter>Blocks\Bullet 3D Physics\src\BulletPhysics\BulletCollision\CollisionDispatch</Filter>
    </ClInclude>
    <ClInclude Include="..\..\..\src\BulletPhysics\BulletCollision\CollisionDispatch\btCollisionDispatcher.h">
      <Filter>Blocks\Bullet 3D Physics\src\BulletPhysics\BulletCollision\CollisionDispatch</Filter>
    </ClInclude>
    <ClInclude Include="..\..\..\src\BulletPhysics\BulletCollision\CollisionDispatch\btCollisionObject.h">
      <Filter>Blocks\Bullet 3D Physics\src\BulletPhysics\BulletCollision\CollisionDispatch</Filter>
    </ClInclude>
    <ClInclude Include="..\..\..\src\BulletPhysics\BulletCollision\CollisionDispatch\btCollisionObjectWrapper.h">
      <Filter>Blocks\Bullet 3D Physics\src\BulletPhysics\BulletCollision\CollisionDispatch</Filter>
    </ClInclude>
    <ClInclude Include="..\..\..\src\BulletPhysics\BulletCollision\CollisionDispatch\btCollisionWorld.h">
      <Filter>Blocks\Bullet 3D Physics\src\BulletPhysics\BulletCollision\CollisionDispatch</Filter>
    </ClInclude>
    <ClInclude Include="..\..\..\src\BulletPhysics\BulletCollision\CollisionDispatch\btCollisionWorldImporter.h">
      <Filter>Blocks\Bullet 3D Physics\src\BulletPhysics\BulletCollision\CollisionDispatch</Filter>
    </ClInclude>
    <ClInclude Include="..\..\..\src\BulletPhysics\BulletCollision\CollisionDispatch\btCompoundCollisionAlgorithm.h">
      <Filter>Blocks\Bullet 3D Physics\src\BulletPhysics\BulletCollision\CollisionDispatch</Filter>
    </ClInclude>
    <ClInclude Include="..\..\..\src\BulletPhysics\BulletCollision\CollisionDispatch\btCompoundCompoundCollisionAlgorithm.h">
      <Filter>Blocks\Bullet 3D Physics\src\BulletPhysics\BulletCollision\CollisionDispatch</Filter>
    </ClInclude>
    <ClInclude Include="..\..\..\src\BulletPhysics\BulletCollision\CollisionDispatch\btConvex2dConvex2dAlgorithm.h">
      <Filter>Blocks\Bullet 3D Physics\src\BulletPhysics\BulletCollision\CollisionDispatch</Filter>
    </ClInclude>
    <ClInclude Include="..\..\..\src\BulletPhysics\BulletCollision\CollisionDispatch\btConvexConcaveCollisionAlgorithm.h">
      <Filter>Blocks\Bullet 3D Physics\src\BulletPhysics\BulletCollision\CollisionDispatch</Filter>
    </ClInclude>
    <ClInclude Include="..\..\..\src\BulletPhysics\BulletCollision\CollisionDispatch\btConvexConvexAlgorithm.h">
      <Filter>Blocks\Bullet 3D Physics\src\BulletPhysics\BulletCollision\CollisionDispatch</Filter>
    </ClInclude>
    <ClInclude Include="..\..\..\src\BulletPhysics\BulletCollision\CollisionDispatch\btConvexPlaneCollisionAlgorithm.h">
      <Filter>Blocks\Bullet 3D Physics\src\BulletPhysics\BulletCollision\CollisionDispatch</Filter>
    </ClInclude>
    <ClInclude Include="..\..\..\src\BulletPhysics\BulletCollision\CollisionDispatch\btDefaultCollisionConfiguration.h">
      <Filter>Blocks\Bullet 3D Physics\src\BulletPhysics\BulletCollision\CollisionDispatch</Filter>
    </ClInclude>
    <ClInclude Include="..\..\..\src\BulletPhysics\BulletCollision\CollisionDispatch\btEmptyCollisionAlgorithm.h">
      <Filter>Blocks\Bullet 3D Physics\src\BulletPhysics\BulletCollision\CollisionDispatch</Filter>
    </ClInclude>
    <ClInclude Include="..\..\..\src\BulletPhysics\BulletCollision\CollisionDispatch\btGhostObject.h">
      <Filter>Blocks\Bullet 3D Physics\src\BulletPhysics\BulletCollision\CollisionDispatch</Filter>
    </ClInclude>
    <ClInclude Include="..\..\..\src\BulletPhysics\BulletCollision\CollisionDispatch\btHashedSimplePairCache.h">
      <Filter>Blocks\Bullet 3D Physics\src\BulletPhysics\BulletCollision\CollisionDispatch</Filter>
    </ClInclude>
    <ClInclude Include="..\..\..\src\BulletPhysics\BulletCollision\CollisionDispatch\btInternalEdgeUtility.h">
      <Filter>Blocks\Bullet 3D Physics\src\BulletPhysics\BulletCollision\CollisionDispatch</Filter>
    </ClInclude>
    <ClInclude Include="..\..\..\src\BulletPhysics\BulletCollision\CollisionDispatch\btManifoldResult.h">
      <Filter>Blocks\Bullet 3D Physics\src\BulletPhysics\BulletCollision\CollisionDispatch</Filter>
    </ClInclude>
    <ClInclude Include="..\..\..\src\BulletPhysics\BulletCollision\CollisionDispatch\btSimulationIslandManager.h">
      <Filter>Blocks\Bullet 3D Physics\src\BulletPhysics\BulletCollision\CollisionDispatch</Filter>
    </ClInclude>
    <ClInclude Include="..\..\..\src\BulletPhysics\BulletCollision\CollisionDispatch\btSphereBoxCollisionAlgorithm.h">
      <Filter>Blocks\Bullet 3D Physics\src\BulletPhysics\BulletCollision\CollisionDispatch</Filter>
    </ClInclude>
    <ClInclude Include="..\..\..\src\BulletPhysics\BulletCollision\CollisionDispatch\btSphereSphereCollisionAlgorithm.h">
      <Filter>Blocks\Bullet 3D Physics\src\BulletPhysics\BulletCollision\CollisionDispatch</Filter>
    </ClInclude>
    <ClInclude Include="..\..\..\src\BulletPhysics\BulletCollision\CollisionDispatch\btSphereTriangleCollisionAlgorithm.h">
      <Filter>Blocks\Bullet 3D Physics\src\BulletPhysics\BulletCollision\CollisionDispatch</Filter>
    </ClInclude>
    <ClInclude Include="..\..\..\src\BulletPhysics\BulletCollision\CollisionDispatch\btUnionFind.h">
      <Filter>Blocks\Bullet 3D Physics\src\BulletPhysics\BulletCollision\CollisionDispatch</Filter>
    </ClInclude>
    <ClInclude Include="..\..\..\src\BulletPhysics\BulletCollision\CollisionDispatch\SphereTriangleDetector.h">
      <Filter>Blocks\Bullet 3D Physics\src\BulletPhysics\BulletCollision\CollisionDispatch</Filter>
    </ClInclude>
    <ClInclude Include="..\..\..\src\BulletPhysics\BulletCollision\CollisionShapes\btBox2dShape.h">
      <Filter>Blocks\Bullet 3D Physics\src\BulletPhysics\BulletCollision\CollisionShapes</Filter>
    </ClInclude>
    <ClInclude Include="..\..\..\src\BulletPhysics\BulletCollision\CollisionShapes\btBoxShape.h">
      <Filter>Blocks\Bullet 3D Physics\src\BulletPhysics\BulletCollision\CollisionShapes</Filter>
    </ClInclude>
    <ClInclude Include="..\..\..\src\BulletPhysics\BulletCollision\CollisionShapes\btBvhTriangleMeshShape.h">
      <Filter>Blocks\Bullet 3D Physics\src\BulletPhysics\BulletCollision\CollisionShapes</Filter>
    </ClInclude>
    <ClInclude Include="..\..\..\src\BulletPhysics\BulletCollision\CollisionShapes\btCapsuleShape.h">
      <Filter>Blocks\Bullet 3D Physics\src\BulletPhysics\BulletCollision\CollisionShapes</Filter>
    </ClInclude>
    <ClInclude Include="..\..\..\src\BulletPhysics\BulletCollision\CollisionShapes\btCollisionMargin.h">
      <Filter>Blocks\Bullet 3D Physics\src\BulletPhysics\BulletCollision\CollisionShapes</Filter>
    </ClInclude>
    <ClInclude Include="..\..\..\src\BulletPhysics\BulletCollision\CollisionShapes\btCollisionShape.h">
      <Filter>Blocks\Bullet 3D Physics\src\BulletPhysics\BulletCollision\CollisionShapes</Filter>
    </ClInclude>
    <ClInclude Include="..\..\..\src\BulletPhysics\BulletCollision\CollisionShapes\btCompoundShape.h">
      <Filter>Blocks\Bullet 3D Physics\src\BulletPhysics\BulletCollision\CollisionShapes</Filter>
    </ClInclude>
    <ClInclude Include="..\..\..\src\BulletPhysics\BulletCollision\CollisionShapes\btConcaveShape.h">
      <Filter>Blocks\Bullet 3D Physics\src\BulletPhysics\BulletCollision\CollisionShapes</Filter>
    </ClInclude>
    <ClInclude Include="..\..\..\src\BulletPhysics\BulletCollision\CollisionShapes\btConeShape.h">
      <Filter>Blocks\Bullet 3D Physics\src\BulletPhysics\BulletCollision\CollisionShapes</Filter>
    </ClInclude>
    <ClInclude Include="..\..\..\src\BulletPhysics\BulletCollision\CollisionShapes\btConvex2dShape.h">
      <Filter>Blocks\Bullet 3D Physics\src\BulletPhysics\BulletCollision\CollisionShapes</Filter>
    </ClInclude>
    <ClInclude Include="..\..\..\src\BulletPhysics\BulletCollision\CollisionShapes\btConvexHullShape.h">
      <Filter>Blocks\Bullet 3D Physics\src\BulletPhysics\BulletCollision\CollisionShapes</Filter>
    </ClInclude>
    <ClInclude Include="..\..\..\src\BulletPhysics\BulletCollision\CollisionShapes\btConvexInternalShape.h">
      <Filter>Blocks\Bullet 3D Physics\src\BulletPhysics\BulletCollision\CollisionShapes</Filter>
    </ClInclude>
    <ClInclude Include="..\..\..\src\BulletPhysics\BulletCollision\CollisionShapes\btConvexPointCloudShape.h">
      <Filter>Blocks\Bullet 3D Physics\src\BulletPhysics\BulletCollision\CollisionShapes</Filter>
    </ClInclude>
    <ClInclude Include="..\..\..\src\BulletPhysics\BulletCollision\CollisionShapes\btConvexPolyhedron.h">
      <Filter>Blocks\Bullet 3D Physics\src\BulletPhysics\BulletCollision\CollisionShapes</Filter>
    </ClInclude>
    <ClInclude Include="..\..\..\src\BulletPhysics\BulletCollision\CollisionShapes\btConvexShape.h">
      <Filter>Blocks\Bullet 3D Physics\src\BulletPhysics\BulletCollision\CollisionShapes</Filter>
    </ClInclude>
    <ClInclude Include="..\..\..\src\BulletPhysics\BulletCollision\CollisionShapes\btConvexTriangleMeshShape.h">
      <Filter>Blocks\Bullet 3D Physics\src\BulletPhysics\BulletCollision\CollisionShapes</Filter>
    </ClInclude>
    <ClInclude Include="..\..\..\src\BulletPhysics\BulletCollision\CollisionShapes\btCylinderShape.h">
      <Filter>Blocks\Bullet 3D Physics\src\BulletPhysics\BulletCollision\CollisionShapes</Filter>
    </ClInclude>
    <ClInclude Include="..\..\..\src\BulletPhysics\BulletCollision\CollisionShapes\btEmptyShape.h">
      <Filter>Blocks\Bullet 3D Physics\src\BulletPhysics\BulletCollision\CollisionShapes</Filter>
    </ClInclude>
    <ClInclude Include="..\..\..\src\BulletPhysics\BulletCollision\CollisionShapes\btHeightfieldTerrainShape.h">
      <Filter>Blocks\Bullet 3D Physics\src\BulletPhysics\BulletCollision\CollisionShapes</Filter>
    </ClInclude>
    <ClInclude Include="..\..\..\src\BulletPhysics\BulletCollision\CollisionShapes\btMaterial.h">
      <Filter>Blocks\Bullet 3D Physics\src\BulletPhysics\BulletCollision\CollisionShapes</Filter>
    </ClInclude>
    <ClInclude Include="..\..\..\src\BulletPhysics\BulletCollision\CollisionShapes\btMinkowskiSumShape.h">
      <Filter>Blocks\Bullet 3D Physics\src\BulletPhysics\BulletCollision\CollisionShapes</Filter>
    </ClInclude>
    <ClInclude Include="..\..\..\src\BulletPhysics\BulletCollision\CollisionShapes\btMultimaterialTriangleMeshShape.h">
      <Filter>Blocks\Bullet 3D Physics\src\BulletPhysics\BulletCollision\CollisionShapes</Filter>
    </ClInclude>
    <ClInclude Include="..\..\..\src\BulletPhysics\BulletCollision\CollisionShapes\btMultiSphereShape.h">
      <Filter>Blocks\Bullet 3D Physics\src\BulletPhysics\BulletCollision\CollisionShapes</Filter>
    </ClInclude>
    <ClInclude Include="..\..\..\src\BulletPhysics\BulletCollision\CollisionShapes\btOptimizedBvh.h">
      <Filter>Blocks\Bullet 3D Physics\src\BulletPhysics\BulletCollision\CollisionShapes</Filter>
    </ClInclude>
    <ClInclude Include="..\..\..\src\BulletPhysics\BulletCollision\CollisionShapes\btPolyhedralConvexShape.h">
      <Filter>Blocks\Bullet 3D Physics\src\BulletPhysics\BulletCollision\CollisionShapes</Filter>
    </ClInclude>
    <ClInclude Include="..\..\..\src\BulletPhysics\BulletCollision\CollisionShapes\btScaledBvhTriangleMeshShape.h">
      <Filter>Blocks\Bullet 3D Physics\src\BulletPhysics\BulletCollision\CollisionShapes</Filter>
    </ClInclude>
    <ClInclude Include="..\..\..\src\BulletPhysics\BulletCollision\CollisionShapes\btShapeHull.h">
      <Filter>Blocks\Bullet 3D Physics\src\BulletPhysics\BulletCollision\CollisionShapes</Filter>
    </ClInclude>
    <ClInclude Include="..\..\..\src\BulletPhysics\BulletCollision\CollisionShapes\btSphereShape.h">
      <Filter>Blocks\Bullet 3D Physics\src\BulletPhysics\BulletCollision\CollisionShapes</Filter>
    </ClInclude>
    <ClInclude Include="..\..\..\src\BulletPhysics\BulletCollision\CollisionShapes\btStaticPlaneShape.h">
      <Filter>Blocks\Bullet 3D Physics\src\BulletPhysics\BulletCollision\CollisionShapes</Filter>
    </ClInclude>
    <ClInclude Include="..\..\..\src\BulletPhysics\BulletCollision\CollisionShapes\btStridingMeshInterface.h">
      <Filter>Blocks\Bullet 3D Physics\src\BulletPhysics\BulletCollision\CollisionShapes</Filter>
    </ClInclude>
    <ClInclude Include="..\..\..\src\BulletPhysics\BulletCollision\CollisionShapes\btTetrahedronShape.h">
      <Filter>Blocks\Bullet 3D Physics\src\BulletPhysics\BulletCollision\CollisionShapes</Filter>
    </ClInclude>
    <ClInclude Include="..\..\..\src\BulletPhysics\BulletCollision\CollisionShapes\btTriangleBuffer.h">
      <Filter>Blocks\Bullet 3D Physics\src\BulletPhysics\BulletCollision\CollisionShapes</Filter>
    </ClInclude>
    <ClInclude Include="..\..\..\src\BulletPhysics\BulletCollision\CollisionShapes\btTriangleCallback.h">
      <Filter>Blocks\Bullet 3D Physics\src\BulletPhysics\BulletCollision\CollisionShapes</Filter>
    </ClInclude>
    <ClInclude Include="..\..\..\src\BulletPhysics\BulletCollision\CollisionShapes\btTriangleIndexVertexArray.h">
      <Filter>Blocks\Bullet 3D Physics\src\BulletPhysics\BulletCollision\CollisionShapes</Filter>
    </ClInclude>
    <ClInclude Include="..\..\..\src\BulletPhysics\BulletCollision\CollisionShapes\btTriangleIndexVertexMaterialArray.h">
      <Filter>Blocks\Bullet 3D Physics\src\BulletPhysics\BulletCollision\CollisionShapes</Filter>
    </ClInclude>
    <ClInclude Include="..\..\..\src\BulletPhysics\BulletCollision\CollisionShapes\btTriangleInfoMap.h">
      <Filter>Blocks\Bullet 3D Physics\src\BulletPhysics\BulletCollision\CollisionShapes</Filter>
    </ClInclude>
    <ClInclude Include="..\..\..\src\BulletPhysics\BulletCollision\CollisionShapes\btTriangleMesh.h">
      <Filter>Blocks\Bullet 3D Physics\src\BulletPhysics\BulletCollision\CollisionShapes</Filter>
    </ClInclude>
    <ClInclude Include="..\..\..\src\BulletPhysics\BulletCollision\CollisionShapes\btTriangleMeshShape.h">
      <Filter>Blocks\Bullet 3D Physics\src\BulletPhysics\BulletCollision\CollisionShapes</Filter>
    </ClInclude>
    <ClInclude Include="..\..\..\src\BulletPhysics\BulletCollision\CollisionShapes\btTriangleShape.h">
      <Filter>Blocks\Bullet 3D Physics\src\BulletPhysics\BulletCollision\CollisionShapes</Filter>
    </ClInclude>
    <ClInclude Include="..\..\..\src\BulletPhysics\BulletCollision\CollisionShapes\btUniformScalingShape.h">
      <Filter>Blocks\Bullet 3D Physics\src\BulletPhysics\BulletCollision\CollisionShapes</Filter>
    </ClInclude>
    <ClInclude Include="..\..\..\src\BulletPhysics\BulletCollision\GImpact\btBoxCollision.h">
      <Filter>Blocks\Bullet 3D Physics\src\BulletPhysics\BulletCollision\GImpact</Filter>
    </ClInclude>
    <ClInclude Include="..\..\..\src\BulletPhysics\BulletCollision\GImpact\btClipPolygon.h">
      <Filter>Blocks\Bullet 3D Physics\src\BulletPhysics\BulletCollision\GImpact</Filter>
    </ClInclude>
    <ClInclude Include="..\..\..\src\BulletPhysics\BulletCollision\GImpact\btCompoundFromGimpact.h">
      <Filter>Blocks\Bullet 3D Physics\src\BulletPhysics\BulletCollision\GImpact</Filter>
    </ClInclude>
    <ClInclude Include="..\..\..\src\BulletPhysics\BulletCollision\GImpact\btContactProcessing.h">
      <Filter>Blocks\Bullet 3D Physics\src\BulletPhysics\BulletCollision\GImpact</Filter>
    </ClInclude>
    <ClInclude Include="..\..\..\src\BulletPhysics\BulletCollision\GImpact\btGenericPoolAllocator.h">
      <Filter>Blocks\Bullet 3D Physics\src\BulletPhysics\BulletCollision\GImpact</Filter>
    </ClInclude>
    <ClInclude Include="..\..\..\src\BulletPhysics\BulletCollision\GImpact\btGeometryOperations.h">
      <Filter>Blocks\Bullet 3D Physics\src\BulletPhysics\BulletCollision\GImpact</Filter>
    </ClInclude>
    <ClInclude Include="..\..\..\src\BulletPhysics\BulletCollision\GImpact\btGImpactBvh.h">
      <Filter>Blocks\Bullet 3D Physics\src\BulletPhysics\BulletCollision\GImpact</Filter>
    </ClInclude>
    <ClInclude Include="..\..\..\src\BulletPhysics\BulletCollision\GImpact\btGImpactCollisionAlgorithm.h">
      <Filter>Blocks\Bullet 3D Physics\src\BulletPhysics\BulletCollision\GImpact</Filter>
    </ClInclude>
    <ClInclude Include="..\..\..\src\BulletPhysics\BulletCollision\GImpact\btGImpactMassUtil.h">
      <Filter>Blocks\Bullet 3D Physics\src\BulletPhysics\BulletCollision\GImpact</Filter>
    </ClInclude>
    <ClInclude Include="..\..\..\src\BulletPhysics\BulletCollision\GImpact\btGImpactQuantizedBvh.h">
      <Filter>Blocks\Bullet 3D Physics\src\BulletPhysics\BulletCollision\GImpact</Filter>
    </ClInclude>
    <ClInclude Include="..\..\..\src\BulletPhysics\BulletCollision\GImpact\btGImpactShape.h">
      <Filter>Blocks\Bullet 3D Physics\src\BulletPhysics\BulletCollision\GImpact</Filter>
    </ClInclude>
    <ClInclude Include="..\..\..\src\BulletPhysics\BulletCollision\GImpact\btQuantization.h">
      <Filter>Blocks\Bullet 3D Physics\src\BulletPhysics\BulletCollision\GImpact</Filter>
    </ClInclude>
    <ClInclude Include="..\..\..\src\BulletPhysics\BulletCollision\GImpact\btTriangleShapeEx.h">
      <Filter>Blocks\Bullet 3D Physics\src\BulletPhysics\BulletCollision\GImpact</Filter>
    </ClInclude>
    <ClInclude Include="..\..\..\src\BulletPhysics\BulletCollision\GImpact\gim_array.h">
      <Filter>Blocks\Bullet 3D Physics\src\BulletPhysics\BulletCollision\GImpact</Filter>
    </ClInclude>
    <ClInclude Include="..\..\..\src\BulletPhysics\BulletCollision\GImpact\gim_basic_geometry_operations.h">
      <Filter>Blocks\Bullet 3D Physics\src\BulletPhysics\BulletCollision\GImpact</Filter>
    </ClInclude>
    <ClInclude Include="..\..\..\src\BulletPhysics\BulletCollision\GImpact\gim_bitset.h">
      <Filter>Blocks\Bullet 3D Physics\src\BulletPhysics\BulletCollision\GImpact</Filter>
    </ClInclude>
    <ClInclude Include="..\..\..\src\BulletPhysics\BulletCollision\GImpact\gim_box_collision.h">
      <Filter>Blocks\Bullet 3D Physics\src\BulletPhysics\BulletCollision\GImpact</Filter>
    </ClInclude>
    <ClInclude Include="..\..\..\src\BulletPhysics\BulletCollision\GImpact\gim_box_set.h">
      <Filter>Blocks\Bullet 3D Physics\src\BulletPhysics\BulletCollision\GImpact</Filter>
    </ClInclude>
    <ClInclude Include="..\..\..\src\BulletPhysics\BulletCollision\GImpact\gim_clip_polygon.h">
      <Filter>Blocks\Bullet 3D Physics\src\BulletPhysics\BulletCollision\GImpact</Filter>
    </ClInclude>
    <ClInclude Include="..\..\..\src\BulletPhysics\BulletCollision\GImpact\gim_contact.h">
      <Filter>Blocks\Bullet 3D Physics\src\BulletPhysics\BulletCollision\GImpact</Filter>
    </ClInclude>
    <ClInclude Include="..\..\..\src\BulletPhysics\BulletCollision\GImpact\gim_geom_types.h">
      <Filter>Blocks\Bullet 3D Physics\src\BulletPhysics\BulletCollision\GImpact</Filter>
    </ClInclude>
    <ClInclude Include="..\..\..\src\BulletPhysics\BulletCollision\GImpact\gim_geometry.h">
      <Filter>Blocks\Bullet 3D Physics\src\BulletPhysics\BulletCollision\GImpact</Filter>
    </ClInclude>
    <ClInclude Include="..\..\..\src\BulletPhysics\BulletCollision\GImpact\gim_hash_table.h">
      <Filter>Blocks\Bullet 3D Physics\src\BulletPhysics\BulletCollision\GImpact</Filter>
    </ClInclude>
    <ClInclude Include="..\..\..\src\BulletPhysics\BulletCollision\GImpact\gim_linear_math.h">
      <Filter>Blocks\Bullet 3D Physics\src\BulletPhysics\BulletCollision\GImpact</Filter>
    </ClInclude>
    <ClInclude Include="..\..\..\src\BulletPhysics\BulletCollision\GImpact\gim_math.h">
      <Filter>Blocks\Bullet 3D Physics\src\BulletPhysics\BulletCollision\GImpact</Filter>
    </ClInclude>
    <ClInclude Include="..\..\..\src\BulletPhysics\BulletCollision\GImpact\gim_memory.h">
      <Filter>Blocks\Bullet 3D Physics\src\BulletPhysics\BulletCollision\GImpact</Filter>
    </ClInclude>
    <ClInclude Include="..\..\..\src\BulletPhysics\BulletCollision\GImpact\gim_radixsort.h">
      <Filter>Blocks\Bullet 3D Physics\src\BulletPhysics\BulletCollision\GImpact</Filter>
    </ClInclude>
    <ClInclude Include="..\..\..\src\BulletPhysics\BulletCollision\GImpact\gim_tri_collision.h">
      <Filter>Blocks\Bullet 3D Physics\src\BulletPhysics\BulletCollision\GImpact</Filter>
    </ClInclude>
    <ClInclude Include="..\..\..\src\BulletPhysics\BulletCollision\NarrowPhaseCollision\btComputeGjkEpaPenetration.h">
      <Filter>Blocks\Bullet 3D Physics\src\BulletPhysics\BulletCollision\NarrowPhaseCollision</Filter>
    </ClInclude>
    <ClInclude Include="..\..\..\src\BulletPhysics\BulletCollision\NarrowPhaseCollision\btContinuousConvexCollision.h">
      <Filter>Blocks\Bullet 3D Physics\src\BulletPhysics\BulletCollision\NarrowPhaseCollision</Filter>
    </ClInclude>
    <ClInclude Include="..\..\..\src\BulletPhysics\BulletCollision\NarrowPhaseCollision\btConvexCast.h">
      <Filter>Blocks\Bullet 3D Physics\src\BulletPhysics\BulletCollision\NarrowPhaseCollision</Filter>
    </ClInclude>
    <ClInclude Include="..\..\..\src\BulletPhysics\BulletCollision\NarrowPhaseCollision\btConvexPenetrationDepthSolver.h">
      <Filter>Blocks\Bullet 3D Physics\src\BulletPhysics\BulletCollision\NarrowPhaseCollision</Filter>
    </ClInclude>
    <ClInclude Include="..\..\..\src\BulletPhysics\BulletCollision\NarrowPhaseCollision\btDiscreteCollisionDetectorInterface.h">
      <Filter>Blocks\Bullet 3D Physics\src\BulletPhysics\BulletCollision\NarrowPhaseCollision</Filter>
    </ClInclude>
    <ClInclude Include="..\..\..\src\BulletPhysics\BulletCollision\NarrowPhaseCollision\btGjkCollisionDescription.h">
      <Filter>Blocks\Bullet 3D Physics\src\BulletPhysics\BulletCollision\NarrowPhaseCollision</Filter>
    </ClInclude>
    <ClInclude Include="..\..\..\src\BulletPhysics\BulletCollision\NarrowPhaseCollision\btGjkConvexCast.h">
      <Filter>Blocks\Bullet 3D Physics\src\BulletPhysics\BulletCollision\NarrowPhaseCollision</Filter>
    </ClInclude>
    <ClInclude Include="..\..\..\src\BulletPhysics\BulletCollision\NarrowPhaseCollision\btGjkEpa2.h">
      <Filter>Blocks\Bullet 3D Physics\src\BulletPhysics\BulletCollision\NarrowPhaseCollision</Filter>
    </ClInclude>
    <ClInclude Include="..\..\..\src\BulletPhysics\BulletCollision\NarrowPhaseCollision\btGjkEpa3.h">
      <Filter>Blocks\Bullet 3D Physics\src\BulletPhysics\BulletCollision\NarrowPhaseCollision</Filter>
    </ClInclude>
    <ClInclude Include="..\..\..\src\BulletPhysics\BulletCollision\NarrowPhaseCollision\btGjkEpaPenetrationDepthSolver.h">
      <Filter>Blocks\Bullet 3D Physics\src\BulletPhysics\BulletCollision\NarrowPhaseCollision</Filter>
    </ClInclude>
    <ClInclude Include="..\..\..\src\BulletPhysics\BulletCollision\NarrowPhaseCollision\btGjkPairDetector.h">
      <Filter>Blocks\Bullet 3D Physics\src\BulletPhysics\BulletCollision\NarrowPhaseCollision</Filter>
    </ClInclude>
    <ClInclude Include="..\..\..\src\BulletPhysics\BulletCollision\NarrowPhaseCollision\btManifoldPoint.h">
      <Filter>Blocks\Bullet 3D Physics\src\BulletPhysics\BulletCollision\NarrowPhaseCollision</Filter>
    </ClInclude>
    <ClInclude Include="..\..\..\src\BulletPhysics\BulletCollision\NarrowPhaseCollision\btMinkowskiPenetrationDepthSolver.h">
      <Filter>Blocks\Bullet 3D Physics\src\BulletPhysics\BulletCollision\NarrowPhaseCollision</Filter>
    </ClInclude>
    <ClInclude Include="..\..\..\src\BulletPhysics\BulletCollision\NarrowPhaseCollision\btMprPenetration.h">
      <Filter>Blocks\Bullet 3D Physics\src\BulletPhysics\BulletCollision\NarrowPhaseCollision</Filter>
    </ClInclude>
    <ClInclude Include="..\..\..\src\BulletPhysics\BulletCollision\NarrowPhaseCollision\btPersistentManifold.h">
      <Filter>Blocks\Bullet 3D Physics\src\BulletPhysics\BulletCollision\NarrowPhaseCollision</Filter>
    </ClInclude>
    <ClInclude Include="..\..\..\src\BulletPhysics\BulletCollision\NarrowPhaseCollision\btPointCollector.h">
      <Filter>Blocks\Bullet 3D Physics\src\BulletPhysics\BulletCollision\NarrowPhaseCollision</Filter>
    </ClInclude>
    <ClInclude Include="..\..\..\src\BulletPhysics\BulletCollision\NarrowPhaseCollision\btPolyhedralContactClipping.h">
      <Filter>Blocks\Bullet 3D Physics\src\BulletPhysics\BulletCollision\NarrowPhaseCollision</Filter>
    </ClInclude>
    <ClInclude Include="..\..\..\src\BulletPhysics\BulletCollision\NarrowPhaseCollision\btRaycastCallback.h">
      <Filter>Blocks\Bullet 3D Physics\src\BulletPhysics\BulletCollision\NarrowPhaseCollision</Filter>
    </ClInclude>
    <ClInclude Include="..\..\..\src\BulletPhysics\BulletCollision\NarrowPhaseCollision\btSimplexSolverInterface.h">
      <Filter>Blocks\Bullet 3D Physics\src\BulletPhysics\BulletCollision\NarrowPhaseCollision</Filter>
    </ClInclude>
    <ClInclude Include="..\..\..\src\BulletPhysics\BulletCollision\NarrowPhaseCollision\btSubSimplexConvexCast.h">
      <Filter>Blocks\Bullet 3D Physics\src\BulletPhysics\BulletCollision\NarrowPhaseCollision</Filter>
    </ClInclude>
    <ClInclude Include="..\..\..\src\BulletPhysics\BulletCollision\NarrowPhaseCollision\btVoronoiSimplexSolver.h">
      <Filter>Blocks\Bullet 3D Physics\src\BulletPhysics\BulletCollision\NarrowPhaseCollision</Filter>
    </ClInclude>
    <ClInclude Include="..\..\..\src\BulletPhysics\BulletDynamics\Character\btCharacterControllerInterface.h">
      <Filter>Blocks\Bullet 3D Physics\src\BulletPhysics\BulletDynamics\Character</Filter>
    </ClInclude>
    <ClInclude Include="..\..\..\src\BulletPhysics\BulletDynamics\Character\btKinematicCharacterController.h">
      <Filter>Blocks\Bullet 3D Physics\src\BulletPhysics\BulletDynamics\Character</Filter>
    </ClInclude>
    <ClInclude Include="..\..\..\src\BulletPhysics\BulletDynamics\ConstraintSolver\btConeTwistConstraint.h">
      <Filter>Blocks\Bullet 3D Physics\src\BulletPhysics\BulletDynamics\ConstraintSolver</Filter>
    </ClInclude>
    <ClInclude Include="..\..\..\src\BulletPhysics\BulletDynamics\ConstraintSolver\btConstraintSolver.h">
      <Filter>Blocks\Bullet 3D Physics\src\BulletPhysics\BulletDynamics\ConstraintSolver</Filter>
    </ClInclude>
    <ClInclude Include="..\..\..\src\BulletPhysics\BulletDynamics\ConstraintSolver\btContactConstraint.h">
      <Filter>Blocks\Bullet 3D Physics\src\BulletPhysics\BulletDynamics\ConstraintSolver</Filter>
    </ClInclude>
    <ClInclude Include="..\..\..\src\BulletPhysics\BulletDynamics\ConstraintSolver\btContactSolverInfo.h">
      <Filter>Blocks\Bullet 3D Physics\src\BulletPhysics\BulletDynamics\ConstraintSolver</Filter>
    </ClInclude>
    <ClInclude Include="..\..\..\src\BulletPhysics\BulletDynamics\ConstraintSolver\btFixedConstraint.h">
      <Filter>Blocks\Bullet 3D Physics\src\BulletPhysics\BulletDynamics\ConstraintSolver</Filter>
    </ClInclude>
    <ClInclude Include="..\..\..\src\BulletPhysics\BulletDynamics\ConstraintSolver\btGearConstraint.h">
      <Filter>Blocks\Bullet 3D Physics\src\BulletPhysics\BulletDynamics\ConstraintSolver</Filter>
    </ClInclude>
    <ClInclude Include="..\..\..\src\BulletPhysics\BulletDynamics\ConstraintSolver\btGeneric6DofConstraint.h">
      <Filter>Blocks\Bullet 3D Physics\src\BulletPhysics\BulletDynamics\ConstraintSolver</Filter>
    </ClInclude>
    <ClInclude Include="..\..\..\src\BulletPhysics\BulletDynamics\ConstraintSolver\btGeneric6DofSpring2Constraint.h">
      <Filter>Blocks\Bullet 3D Physics\src\BulletPhysics\BulletDynamics\ConstraintSolver</Filter>
    </ClInclude>
    <ClInclude Include="..\..\..\src\BulletPhysics\BulletDynamics\ConstraintSolver\btGeneric6DofSpringConstraint.h">
      <Filter>Blocks\Bullet 3D Physics\src\BulletPhysics\BulletDynamics\ConstraintSolver</Filter>
    </ClInclude>
    <ClInclude Include="..\..\..\src\BulletPhysics\BulletDynamics\ConstraintSolver\btHinge2Constraint.h">
      <Filter>Blocks\Bullet 3D Physics\src\BulletPhysics\BulletDynamics\ConstraintSolver</Filter>
    </ClInclude>
    <ClInclude Include="..\..\..\src\BulletPhysics\BulletDynamics\ConstraintSolver\btHingeConstraint.h">
      <Filter>Blocks\Bullet 3D Physics\src\BulletPhysics\BulletDynamics\ConstraintSolver</Filter>
    </ClInclude>
    <ClInclude Include="..\..\..\src\BulletPhysics\BulletDynamics\ConstraintSolver\btJacobianEntry.h">
      <Filter>Blocks\Bullet 3D Physics\src\BulletPhysics\BulletDynamics\ConstraintSolver</Filter>
    </ClInclude>
    <ClInclude Include="..\..\..\src\BulletPhysics\BulletDynamics\ConstraintSolver\btNNCGConstraintSolver.h">
      <Filter>Blocks\Bullet 3D Physics\src\BulletPhysics\BulletDynamics\ConstraintSolver</Filter>
    </ClInclude>
    <ClInclude Include="..\..\..\src\BulletPhysics\BulletDynamics\ConstraintSolver\btPoint2PointConstraint.h">
      <Filter>Blocks\Bullet 3D Physics\src\BulletPhysics\BulletDynamics\ConstraintSolver</Filter>
    </ClInclude>
    <ClInclude Include="..\..\..\src\BulletPhysics\BulletDynamics\ConstraintSolver\btSequentialImpulseConstraintSolver.h">
      <Filter>Blocks\Bullet 3D Physics\src\BulletPhysics\BulletDynamics\ConstraintSolver</Filter>
    </ClInclude>
    <ClInclude Include="..\..\..\src\BulletPhysics\BulletDynamics\ConstraintSolver\btSliderConstraint.h">
      <Filter>Blocks\Bullet 3D Physics\src\BulletPhysics\BulletDynamics\ConstraintSolver</Filter>
    </ClInclude>
    <ClInclude Include="..\..\..\src\BulletPhysics\BulletDynamics\ConstraintSolver\btSolve2LinearConstraint.h">
      <Filter>Blocks\Bullet 3D Physics\src\BulletPhysics\BulletDynamics\ConstraintSolver</Filter>
    </ClInclude>
    <ClInclude Include="..\..\..\src\BulletPhysics\BulletDynamics\ConstraintSolver\btSolverBody.h">
      <Filter>Blocks\Bullet 3D Physics\src\BulletPhysics\BulletDynamics\ConstraintSolver</Filter>
    </ClInclude>
    <ClInclude Include="..\..\..\src\BulletPhysics\BulletDynamics\ConstraintSolver\btSolverConstraint.h">
      <Filter>Blocks\Bullet 3D Physics\src\BulletPhysics\BulletDynamics\ConstraintSolver</Filter>
    </ClInclude>
    <ClInclude Include="..\..\..\src\BulletPhysics\BulletDynamics\ConstraintSolver\btTypedConstraint.h">
      <Filter>Blocks\Bullet 3D Physics\src\BulletPhysics\BulletDynamics\ConstraintSolver</Filter>
    </ClInclude>
    <ClInclude Include="..\..\..\src\BulletPhysics\BulletDynamics\ConstraintSolver\btUniversalConstraint.h">
      <Filter>Blocks\Bullet 3D Physics\src\BulletPhysics\BulletDynamics\ConstraintSolver</Filter>
    </ClInclude>
    <ClInclude Include="..\..\..\src\BulletPhysics\BulletDynamics\Dynamics\btActionInterface.h">
      <Filter>Blocks\Bullet 3D Physics\src\BulletPhysics\BulletDynamics\Dynamics</Filter>
    </ClInclude>
    <ClInclude Include="..\..\..\src\BulletPhysics\BulletDynamics\Dynamics\btDiscreteDynamicsWorld.h">
      <Filter>Blocks\Bullet 3D Physics\src\BulletPhysics\BulletDynamics\Dynamics</Filter>
    </ClInclude>
    <ClInclude Include="..\..\..\src\BulletPhysics\BulletDynamics\Dynamics\btDynamicsWorld.h">
      <Filter>Blocks\Bullet 3D Physics\src\BulletPhysics\BulletDynamics\Dynamics</Filter>
    </ClInclude>
    <ClInclude Include="..\..\..\src\BulletPhysics\BulletDynamics\Dynamics\btRigidBody.h">
      <Filter>Blocks\Bullet 3D Physics\src\BulletPhysics\BulletDynamics\Dynamics</Filter>
    </ClInclude>
    <ClInclude Include="..\..\..\src\BulletPhysics\BulletDynamics\Dynamics\btSimpleDynamicsWorld.h">
      <Filter>Blocks\Bullet 3D Physics\src\BulletPhysics\BulletDynamics\Dynamics</Filter>
    </ClInclude>
    <ClInclude Include="..\..\..\src\BulletPhysics\BulletDynamics\FeatherStone\btMultiBody.h">
      <Filter>Blocks\Bullet 3D Physics\src\BulletPhysics\BulletDynamics\FeatherStone</Filter>
    </ClInclude>
    <ClInclude Include="..\..\..\src\BulletPhysics\BulletDynamics\FeatherStone\btMultiBodyConstraint.h">
      <Filter>Blocks\Bullet 3D Physics\src\BulletPhysics\BulletDynamics\FeatherStone</Filter>
    </ClInclude>
    <ClInclude Include="..\..\..\src\BulletPhysics\BulletDynamics\FeatherStone\btMultiBodyConstraintSolver.h">
      <Filter>Blocks\Bullet 3D Physics\src\BulletPhysics\BulletDynamics\FeatherStone</Filter>
    </ClInclude>
    <ClInclude Include="..\..\..\src\BulletPhysics\BulletDynamics\FeatherStone\btMultiBodyDynamicsWorld.h">
      <Filter>Blocks\Bullet 3D Physics\src\BulletPhysics\BulletDynamics\FeatherStone</Filter>
    </ClInclude>
    <ClInclude Include="..\..\..\src\BulletPhysics\BulletDynamics\FeatherStone\btMultiBodyFixedConstraint.h">
      <Filter>Blocks\Bullet 3D Physics\src\BulletPhysics\BulletDynamics\FeatherStone</Filter>
    </ClInclude>
    <ClInclude Include="..\..\..\src\BulletPhysics\BulletDynamics\FeatherStone\btMultiBodyJointFeedback.h">
      <Filter>Blocks\Bullet 3D Physics\src\BulletPhysics\BulletDynamics\FeatherStone</Filter>
    </ClInclude>
    <ClInclude Include="..\..\..\src\BulletPhysics\BulletDynamics\FeatherStone\btMultiBodyJointLimitConstraint.h">
      <Filter>Blocks\Bullet 3D Physics\src\BulletPhysics\BulletDynamics\FeatherStone</Filter>
    </ClInclude>
    <ClInclude Include="..\..\..\src\BulletPhysics\BulletDynamics\FeatherStone\btMultiBodyJointMotor.h">
      <Filter>Blocks\Bullet 3D Physics\src\BulletPhysics\BulletDynamics\FeatherStone</Filter>
    </ClInclude>
    <ClInclude Include="..\..\..\src\BulletPhysics\BulletDynamics\FeatherStone\btMultiBodyLink.h">
      <Filter>Blocks\Bullet 3D Physics\src\BulletPhysics\BulletDynamics\FeatherStone</Filter>
    </ClInclude>
    <ClInclude Include="..\..\..\src\BulletPhysics\BulletDynamics\FeatherStone\btMultiBodyLinkCollider.h">
      <Filter>Blocks\Bullet 3D Physics\src\BulletPhysics\BulletDynamics\FeatherStone</Filter>
    </ClInclude>
    <ClInclude Include="..\..\..\src\BulletPhysics\BulletDynamics\FeatherStone\btMultiBodyPoint2Point.h">
      <Filter>Blocks\Bullet 3D Physics\src\BulletPhysics\BulletDynamics\FeatherStone</Filter>
    </ClInclude>
    <ClInclude Include="..\..\..\src\BulletPhysics\BulletDynamics\FeatherStone\btMultiBodySliderConstraint.h">
      <Filter>Blocks\Bullet 3D Physics\src\BulletPhysics\BulletDynamics\FeatherStone</Filter>
    </ClInclude>
    <ClInclude Include="..\..\..\src\BulletPhysics\BulletDynamics\FeatherStone\btMultiBodySolverConstraint.h">
      <Filter>Blocks\Bullet 3D Physics\src\BulletPhysics\BulletDynamics\FeatherStone</Filter>
    </ClInclude>
    <ClInclude Include="..\..\..\src\BulletPhysics\BulletDynamics\MLCPSolvers\btDantzigLCP.h">
      <Filter>Blocks\Bullet 3D Physics\src\BulletPhysics\BulletDynamics\MLCPSolvers</Filter>
    </ClInclude>
    <ClInclude Include="..\..\..\src\BulletPhysics\BulletDynamics\MLCPSolvers\btDantzigSolver.h">
      <Filter>Blocks\Bullet 3D Physics\src\BulletPhysics\BulletDynamics\MLCPSolvers</Filter>
    </ClInclude>
    <ClInclude Include="..\..\..\src\BulletPhysics\BulletDynamics\MLCPSolvers\btLemkeAlgorithm.h">
      <Filter>Blocks\Bullet 3D Physics\src\BulletPhysics\BulletDynamics\MLCPSolvers</Filter>
    </ClInclude>
    <ClInclude Include="..\..\..\src\BulletPhysics\BulletDynamics\MLCPSolvers\btLemkeSolver.h">
      <Filter>Blocks\Bullet 3D Physics\src\BulletPhysics\BulletDynamics\MLCPSolvers</Filter>
    </ClInclude>
    <ClInclude Include="..\..\..\src\BulletPhysics\BulletDynamics\MLCPSolvers\btMLCPSolver.h">
      <Filter>Blocks\Bullet 3D Physics\src\BulletPhysics\BulletDynamics\MLCPSolvers</Filter>
    </ClInclude>
    <ClInclude Include="..\..\..\src\BulletPhysics\BulletDynamics\MLCPSolvers\btMLCPSolverInterface.h">
      <Filter>Blocks\Bullet 3D Physics\src\BulletPhysics\BulletDynamics\MLCPSolvers</Filter>
    </ClInclude>
    <ClInclude Include="..\..\..\src\BulletPhysics\BulletDynamics\MLCPSolvers\btPATHSolver.h">
      <Filter>Blocks\Bullet 3D Physics\src\BulletPhysics\BulletDynamics\MLCPSolvers</Filter>
    </ClInclude>
    <ClInclude Include="..\..\..\src\BulletPhysics\BulletDynamics\MLCPSolvers\btSolveProjectedGaussSeidel.h">
      <Filter>Blocks\Bullet 3D Physics\src\BulletPhysics\BulletDynamics\MLCPSolvers</Filter>
    </ClInclude>
    <ClInclude Include="..\..\..\src\BulletPhysics\BulletDynamics\Vehicle\btRaycastVehicle.h">
      <Filter>Blocks\Bullet 3D Physics\src\BulletPhysics\BulletDynamics\Vehicle</Filter>
    </ClInclude>
    <ClInclude Include="..\..\..\src\BulletPhysics\BulletDynamics\Vehicle\btVehicleRaycaster.h">
      <Filter>Blocks\Bullet 3D Physics\src\BulletPhysics\BulletDynamics\Vehicle</Filter>
    </ClInclude>
    <ClInclude Include="..\..\..\src\BulletPhysics\BulletDynamics\Vehicle\btWheelInfo.h">
      <Filter>Blocks\Bullet 3D Physics\src\BulletPhysics\BulletDynamics\Vehicle</Filter>
    </ClInclude>
    <ClInclude Include="..\..\..\src\BulletPhysics\InverseDynamics\BulletInverseDynamicsUtilsCommon.h">
      <Filter>Blocks\Bullet 3D Physics\src\BulletPhysics\InverseDynamics</Filter>
    </ClInclude>
    <ClInclude Include="..\..\..\src\BulletPhysics\HACD\hacdCircularList.h">
      <Filter>Blocks\Bullet 3D Physics\src\BulletPhysics\HACD</Filter>
    </ClInclude>
    <ClInclude Include="..\..\..\src\BulletPhysics\HACD\hacdGraph.h">
      <Filter>Blocks\Bullet 3D Physics\src\BulletPhysics\HACD</Filter>
    </ClInclude>
    <ClInclude Include="..\..\..\src\BulletPhysics\HACD\hacdHACD.h">
      <Filter>Blocks\Bullet 3D Physics\src\BulletPhysics\HACD</Filter>
    </ClInclude>
    <ClInclude Include="..\..\..\src\BulletPhysics\HACD\hacdICHull.h">
      <Filter>Blocks\Bullet 3D Physics\src\BulletPhysics\HACD</Filter>
    </ClInclude>
    <ClInclude Include="..\..\..\src\BulletPhysics\HACD\hacdManifoldMesh.h">
      <Filter>Blocks\Bullet 3D Physics\src\BulletPhysics\HACD</Filter>
    </ClInclude>
    <ClInclude Include="..\..\..\src\BulletPhysics\HACD\hacdVector.h">
      <Filter>Blocks\Bullet 3D Physics\src\BulletPhysics\HACD</Filter>
    </ClInclude>
    <ClInclude Include="..\..\..\src\BulletPhysics\HACD\hacdVersion.h">
      <Filter>Blocks\Bullet 3D Physics\src\BulletPhysics\HACD</Filter>
    </ClInclude>
    <ClInclude Include="..\..\..\src\BulletPhysics\ConvexDecomposition\bestfit.h">
      <Filter>Blocks\Bullet 3D Physics\src\BulletPhysics\ConvexDecomposition</Filter>
    </ClInclude>
    <ClInclude Include="..\..\..\src\BulletPhysics\ConvexDecomposition\bestfitobb.h">
      <Filter>Blocks\Bullet 3D Physics\src\BulletPhysics\ConvexDecomposition</Filter>
    </ClInclude>
    <ClInclude Include="..\..\..\src\BulletPhysics\ConvexDecomposition\cd_hull.h">
      <Filter>Blocks\Bullet 3D Physics\src\BulletPhysics\ConvexDecomposition</Filter>
    </ClInclude>
    <ClInclude Include="..\..\..\src\BulletPhysics\ConvexDecomposition\cd_vector.h">
      <Filter>Blocks\Bullet 3D Physics\src\BulletPhysics\ConvexDecomposition</Filter>
    </ClInclude>
    <ClInclude Include="..\..\..\src\BulletPhysics\ConvexDecomposition\cd_wavefront.h">
      <Filter>Blocks\Bullet 3D Physics\src\BulletPhysics\ConvexDecomposition</Filter>
    </ClInclude>
    <ClInclude Include="..\..\..\src\BulletPhysics\ConvexDecomposition\concavity.h">
      <Filter>Blocks\Bullet 3D Physics\src\BulletPhysics\ConvexDecomposition</Filter>
    </ClInclude>
    <ClInclude Include="..\..\..\src\BulletPhysics\ConvexDecomposition\ConvexBuilder.h">
      <Filter>Blocks\Bullet 3D Physics\src\BulletPhysics\ConvexDecomposition</Filter>
    </ClInclude>
    <ClInclude Include="..\..\..\src\BulletPhysics\ConvexDecomposition\ConvexDecomposition.h">
      <Filter>Blocks\Bullet 3D Physics\src\BulletPhysics\ConvexDecomposition</Filter>
    </ClInclude>
    <ClInclude Include="..\..\..\src\BulletPhysics\ConvexDecomposition\fitsphere.h">
      <Filter>Blocks\Bullet 3D Physics\src\BulletPhysics\ConvexDecomposition</Filter>
    </ClInclude>
    <ClInclude Include="..\..\..\src\BulletPhysics\ConvexDecomposition\float_math.h">
      <Filter>Blocks\Bullet 3D Physics\src\BulletPhysics\ConvexDecomposition</Filter>
    </ClInclude>
    <ClInclude Include="..\..\..\src\BulletPhysics\ConvexDecomposition\meshvolume.h">
      <Filter>Blocks\Bullet 3D Physics\src\BulletPhysics\ConvexDecomposition</Filter>
    </ClInclude>
    <ClInclude Include="..\..\..\src\BulletPhysics\ConvexDecomposition\planetri.h">
      <Filter>Blocks\Bullet 3D Physics\src\BulletPhysics\ConvexDecomposition</Filter>
    </ClInclude>
    <ClInclude Include="..\..\..\src\BulletPhysics\ConvexDecomposition\raytri.h">
      <Filter>Blocks\Bullet 3D Physics\src\BulletPhysics\ConvexDecomposition</Filter>
    </ClInclude>
    <ClInclude Include="..\..\..\src\BulletPhysics\ConvexDecomposition\splitplane.h">
      <Filter>Blocks\Bullet 3D Physics\src\BulletPhysics\ConvexDecomposition</Filter>
    </ClInclude>
    <ClInclude Include="..\..\..\src\BulletPhysics\ConvexDecomposition\vlookup.h">
      <Filter>Blocks\Bullet 3D Physics\src\BulletPhysics\ConvexDecomposition</Filter>
    </ClInclude>
    <ClInclude Include="..\..\..\src\BussIK\Jacobian.h">
      <Filter>Blocks\Bullet 3D Physics\src\BussIK</Filter>
    </ClInclude>
    <ClInclude Include="..\..\..\src\BussIK\LinearR2.h">
      <Filter>Blocks\Bullet 3D Physics\src\BussIK</Filter>
    </ClInclude>
    <ClInclude Include="..\..\..\src\BussIK\LinearR3.h">
      <Filter>Blocks\Bullet 3D Physics\src\BussIK</Filter>
    </ClInclude>
    <ClInclude Include="..\..\..\src\BussIK\LinearR4.h">
      <Filter>Blocks\Bullet 3D Physics\src\BussIK</Filter>
    </ClInclude>
    <ClInclude Include="..\..\..\src\BussIK\MathMisc.h">
      <Filter>Blocks\Bullet 3D Physics\src\BussIK</Filter>
    </ClInclude>
    <ClInclude Include="..\..\..\src\BussIK\MatrixRmn.h">
      <Filter>Blocks\Bullet 3D Physics\src\BussIK</Filter>
    </ClInclude>
    <ClInclude Include="..\..\..\src\BussIK\Node.h">
      <Filter>Blocks\Bullet 3D Physics\src\BussIK</Filter>
    </ClInclude>
    <ClInclude Include="..\..\..\src\BussIK\Spherical.h">
      <Filter>Blocks\Bullet 3D Physics\src\BussIK</Filter>
    </ClInclude>
    <ClInclude Include="..\..\..\src\BussIK\Tree.h">
      <Filter>Blocks\Bullet 3D Physics\src\BussIK</Filter>
    </ClInclude>
    <ClInclude Include="..\..\..\src\BussIK\VectorRn.h">
      <Filter>Blocks\Bullet 3D Physics\src\BussIK</Filter>
    </ClInclude>
    <ClInclude Include="..\..\..\src\BulletPhysics\Serialize\BulletFileLoader\bChunk.h">
      <Filter>Blocks\Bullet 3D Physics\src\BulletPhysics\Serialize\BulletFileLoader</Filter>
    </ClInclude>
    <ClInclude Include="..\..\..\src\BulletPhysics\Serialize\BulletFileLoader\bCommon.h">
      <Filter>Blocks\Bullet 3D Physics\src\BulletPhysics\Serialize\BulletFileLoader</Filter>
    </ClInclude>
    <ClInclude Include="..\..\..\src\BulletPhysics\Serialize\BulletFileLoader\bDefines.h">
      <Filter>Blocks\Bullet 3D Physics\src\BulletPhysics\Serialize\BulletFileLoader</Filter>
    </ClInclude>
    <ClInclude Include="..\..\..\src\BulletPhysics\Serialize\BulletFileLoader\bDNA.h">
      <Filter>Blocks\Bullet 3D Physics\src\BulletPhysics\Serialize\BulletFileLoader</Filter>
    </ClInclude>
    <ClInclude Include="..\..\..\src\BulletPhysics\Serialize\BulletFileLoader\bFile.h">
      <Filter>Blocks\Bullet 3D Physics\src\BulletPhysics\Serialize\BulletFileLoader</Filter>
    </ClInclude>
    <ClInclude Include="..\..\..\src\BulletPhysics\Serialize\BulletFileLoader\btBulletFile.h">
      <Filter>Blocks\Bullet 3D Physics\src\BulletPhysics\Serialize\BulletFileLoader</Filter>
    </ClInclude>
    <ClInclude Include="..\..\..\src\BulletPhysics\Serialize\BulletWorldImporter\btBulletWorldImporter.h">
      <Filter>Blocks\Bullet 3D Physics\src\BulletPhysics\Serialize\BulletWorldImporter</Filter>
    </ClInclude>
    <ClInclude Include="..\..\..\src\BulletPhysics\Serialize\BulletWorldImporter\btWorldImporter.h">
      <Filter>Blocks\Bullet 3D Physics\src\BulletPhysics\Serialize\BulletWorldImporter</Filter>
    </ClInclude>
    <ClInclude Include="..\..\..\src\BulletPhysics\BulletSoftBody\btDefaultSoftBodySolver.h">
      <Filter>Blocks\Bullet 3D Physics\src\BulletPhysics\BulletSoftBody</Filter>
    </ClInclude>
    <ClInclude Include="..\..\..\src\BulletPhysics\BulletSoftBody\btSoftBody.h">
      <Filter>Blocks\Bullet 3D Physics\src\BulletPhysics\BulletSoftBody</Filter>
    </ClInclude>
    <ClInclude Include="..\..\..\src\BulletPhysics\BulletSoftBody\btSoftBodyConcaveCollisionAlgorithm.h">
      <Filter>Blocks\Bullet 3D Physics\src\BulletPhysics\BulletSoftBody</Filter>
    </ClInclude>
    <ClInclude Include="..\..\..\src\BulletPhysics\BulletSoftBody\btSoftBodyData.h">
      <Filter>Blocks\Bullet 3D Physics\src\BulletPhysics\BulletSoftBody</Filter>
    </ClInclude>
    <ClInclude Include="..\..\..\src\BulletPhysics\BulletSoftBody\btSoftBodyHelpers.h">
      <Filter>Blocks\Bullet 3D Physics\src\BulletPhysics\BulletSoftBody</Filter>
    </ClInclude>
    <ClInclude Include="..\..\..\src\BulletPhysics\BulletSoftBody\btSoftBodyInternals.h">
      <Filter>Blocks\Bullet 3D Physics\src\BulletPhysics\BulletSoftBody</Filter>
    </ClInclude>
    <ClInclude Include="..\..\..\src\BulletPhysics\BulletSoftBody\btSoftBodyRigidBodyCollisionConfiguration.h">
      <Filter>Blocks\Bullet 3D Physics\src\BulletPhysics\BulletSoftBody</Filter>
    </ClInclude>
    <ClInclude Include="..\..\..\src\BulletPhysics\BulletSoftBody\btSoftBodySolvers.h">
      <Filter>Blocks\Bullet 3D Physics\src\BulletPhysics\BulletSoftBody</Filter>
    </ClInclude>
    <ClInclude Include="..\..\..\src\BulletPhysics\BulletSoftBody\btSoftBodySolverVertexBuffer.h">
      <Filter>Blocks\Bullet 3D Physics\src\BulletPhysics\BulletSoftBody</Filter>
    </ClInclude>
    <ClInclude Include="..\..\..\src\BulletPhysics\BulletSoftBody\btSoftRigidCollisionAlgorithm.h">
      <Filter>Blocks\Bullet 3D Physics\src\BulletPhysics\BulletSoftBody</Filter>
    </ClInclude>
    <ClInclude Include="..\..\..\src\BulletPhysics\BulletSoftBody\btSoftRigidDynamicsWorld.h">
      <Filter>Blocks\Bullet 3D Physics\src\BulletPhysics\BulletSoftBody</Filter>
    </ClInclude>
    <ClInclude Include="..\..\..\src\BulletPhysics\BulletSoftBody\btSoftSoftCollisionAlgorithm.h">
      <Filter>Blocks\Bullet 3D Physics\src\BulletPhysics\BulletSoftBody</Filter>
    </ClInclude>
    <ClInclude Include="..\..\..\src\BulletPhysics\BulletSoftBody\btSparseSDF.h">
      <Filter>Blocks\Bullet 3D Physics\src\BulletPhysics\BulletSoftBody</Filter>
    </ClInclude>
    <ClInclude Include="..\..\..\src\Cinder-Bullet3D\BulletContext.h">
      <Filter>Blocks\Bullet 3D Physics\src\Cinder-Bullet3D</Filter>
    </ClInclude>
    <ClInclude Include="..\..\..\src\Cinder-Bullet3D\Common.h">
      <Filter>Blocks\Bullet 3D Physics\src\Cinder-Bullet3D</Filter>
    </ClInclude>
    <ClInclude Include="..\..\..\src\Cinder-Bullet3D\MotionState.h">
      <Filter>Blocks\Bullet 3D Physics\src\Cinder-Bullet3D</Filter>
    </ClInclude>
    <ClInclude Include="..\..\..\src\Cinder-Bullet3D\PhysicsDebugRenderable.h">
      <Filter>Blocks\Bullet 3D Physics\src\Cinder-Bullet3D</Filter>
    </ClInclude>
    <ClInclude Include="..\..\..\src\Cinder-Bullet3D\RigidBody.h">
      <Filter>Blocks\Bullet 3D Physics\src\Cinder-Bullet3D</Filter>
    </ClInclude>
    <ClInclude Include="..\..\..\src\Cinder-Bullet3D\SoftBody.h">
      <Filter>Blocks\Bullet 3D Physics\src\Cinder-Bullet3D</Filter>
    </ClInclude>
    <ClInclude Include="..\..\..\src\BulletPhysics\BulletCollision\BroadPhaseCollision\btAxisSweep3.cpp">
      <Filter>Blocks\Bullet 3D Physics\src\BulletPhysics\BulletCollision\BroadPhaseCollision</Filter>
    </ClInclude>
    <ClInclude Include="..\..\..\src\BulletPhysics\BulletCollision\BroadPhaseCollision\btBroadphaseProxy.cpp">
      <Filter>Blocks\Bullet 3D Physics\src\BulletPhysics\BulletCollision\BroadPhaseCollision</Filter>
    </ClInclude>
    <ClInclude Include="..\..\..\src\BulletPhysics\BulletCollision\BroadPhaseCollision\btCollisionAlgorithm.cpp">
      <Filter>Blocks\Bullet 3D Physics\src\BulletPhysics\BulletCollision\BroadPhaseCollision</Filter>
    </ClInclude>
    <ClInclude Include="..\..\..\src\BulletPhysics\BulletCollision\BroadPhaseCollision\btDbvt.cpp">
      <Filter>Blocks\Bullet 3D Physics\src\BulletPhysics\BulletCollision\BroadPhaseCollision</Filter>
    </ClInclude>
    <ClInclude Include="..\..\..\src\BulletPhysics\BulletCollision\BroadPhaseCollision\btDbvtBroadphase.cpp">
      <Filter>Blocks\Bullet 3D Physics\src\BulletPhysics\BulletCollision\BroadPhaseCollision</Filter>
    </ClInclude>
    <ClInclude Include="..\..\..\src\BulletPhysics\BulletCollision\BroadPhaseCollision\btDispatcher.cpp">
      <Filter>Blocks\Bullet 3D Physics\src\BulletPhysics\BulletCollision\BroadPhaseCollision</Filter>
    </ClInclude>
    <ClInclude Include="..\..\..\src\BulletPhysics\BulletCollision\BroadPhaseCollision\btMultiSapBroadphase.cpp">
      <Filter>Blocks\Bullet 3D Physics\src\BulletPhysics\BulletCollision\BroadPhaseCollision</Filter>
    </ClInclude>
    <ClInclude Include="..\..\..\src\BulletPhysics\BulletCollision\BroadPhaseCollision\btOverlappingPairCache.cpp">
      <Filter>Blocks\Bullet 3D Physics\src\BulletPhysics\BulletCollision\BroadPhaseCollision</Filter>
    </ClInclude>
    <ClInclude Include="..\..\..\src\BulletPhysics\BulletCollision\BroadPhaseCollision\btQuantizedBvh.cpp">
      <Filter>Blocks\Bullet 3D Physics\src\BulletPhysics\BulletCollision\BroadPhaseCollision</Filter>
    </ClInclude>
    <ClInclude Include="..\..\..\src\BulletPhysics\BulletCollision\BroadPhaseCollision\btSimpleBroadphase.cpp">
      <Filter>Blocks\Bullet 3D Physics\src\BulletPhysics\BulletCollision\BroadPhaseCollision</Filter>
    </ClInclude>
    <ClInclude Include="..\..\..\src\BulletPhysics\BulletCollision\CollisionDispatch\btActivatingCollisionAlgorithm.cpp">
      <Filter>Blocks\Bullet 3D Physics\src\BulletPhysics\BulletCollision\CollisionDispatch</Filter>
    </ClInclude>
    <ClInclude Include="..\..\..\src\BulletPhysics\BulletCollision\CollisionDispatch\btBox2dBox2dCollisionAlgorithm.cpp">
      <Filter>Blocks\Bullet 3D Physics\src\BulletPhysics\BulletCollision\CollisionDispatch</Filter>
    </ClInclude>
    <ClInclude Include="..\..\..\src\BulletPhysics\BulletCollision\CollisionDispatch\btBoxBoxCollisionAlgorithm.cpp">
      <Filter>Blocks\Bullet 3D Physics\src\BulletPhysics\BulletCollision\CollisionDispatch</Filter>
    </ClInclude>
    <ClInclude Include="..\..\..\src\BulletPhysics\BulletCollision\CollisionDispatch\btBoxBoxDetector.cpp">
      <Filter>Blocks\Bullet 3D Physics\src\BulletPhysics\BulletCollision\CollisionDispatch</Filter>
    </ClInclude>
    <ClInclude Include="..\..\..\src\BulletPhysics\BulletCollision\CollisionDispatch\btCollisionDispatcher.cpp">
      <Filter>Blocks\Bullet 3D Physics\src\BulletPhysics\BulletCollision\CollisionDispatch</Filter>
    </ClInclude>
    <ClInclude Include="..\..\..\src\BulletPhysics\BulletCollision\CollisionDispatch\btCollisionObject.cpp">
      <Filter>Blocks\Bullet 3D Physics\src\BulletPhysics\BulletCollision\CollisionDispatch</Filter>
    </ClInclude>
    <ClInclude Include="..\..\..\src\BulletPhysics\BulletCollision\CollisionDispatch\btCollisionWorld.cpp">
      <Filter>Blocks\Bullet 3D Physics\src\BulletPhysics\BulletCollision\CollisionDispatch</Filter>
    </ClInclude>
    <ClInclude Include="..\..\..\src\BulletPhysics\BulletCollision\CollisionDispatch\btCollisionWorldImporter.cpp">
      <Filter>Blocks\Bullet 3D Physics\src\BulletPhysics\BulletCollision\CollisionDispatch</Filter>
    </ClInclude>
    <ClInclude Include="..\..\..\src\BulletPhysics\BulletCollision\CollisionDispatch\btCompoundCollisionAlgorithm.cpp">
      <Filter>Blocks\Bullet 3D Physics\src\BulletPhysics\BulletCollision\CollisionDispatch</Filter>
    </ClInclude>
    <ClInclude Include="..\..\..\src\BulletPhysics\BulletCollision\CollisionDispatch\btCompoundCompoundCollisionAlgorithm.cpp">
      <Filter>Blocks\Bullet 3D Physics\src\BulletPhysics\BulletCollision\CollisionDispatch</Filter>
    </ClInclude>
    <ClInclude Include="..\..\..\src\BulletPhysics\BulletCollision\CollisionDispatch\btConvex2dConvex2dAlgorithm.cpp">
      <Filter>Blocks\Bullet 3D Physics\src\BulletPhysics\BulletCollision\CollisionDispatch</Filter>
    </ClInclude>
    <ClInclude Include="..\..\..\src\BulletPhysics\BulletCollision\CollisionDispatch\btConvexConcaveCollisionAlgorithm.cpp">
      <Filter>Blocks\Bullet 3D Physics\src\BulletPhysics\BulletCollision\CollisionDispatch</Filter>
    </ClInclude>
    <ClInclude Include="..\..\..\src\BulletPhysics\BulletCollision\CollisionDispatch\btConvexConvexAlgorithm.cpp">
      <Filter>Blocks\Bullet 3D Physics\src\BulletPhysics\BulletCollision\CollisionDispatch</Filter>
    </ClInclude>
    <ClInclude Include="..\..\..\src\BulletPhysics\BulletCollision\CollisionDispatch\btConvexPlaneCollisionAlgorithm.cpp">
      <Filter>Blocks\Bullet 3D Physics\src\BulletPhysics\BulletCollision\CollisionDispatch</Filter>
    </ClInclude>
    <ClInclude Include="..\..\..\src\BulletPhysics\BulletCollision\CollisionDispatch\btDefaultCollisionConfiguration.cpp">
      <Filter>Blocks\Bullet 3D Physics\src\BulletPhysics\BulletCollision\CollisionDispatch</Filter>
    </ClInclude>
    <ClInclude Include="..\..\..\src\BulletPhysics\BulletCollision\CollisionDispatch\btEmptyCollisionAlgorithm.cpp">
      <Filter>Blocks\Bullet 3D Physics\src\BulletPhysics\BulletCollision\CollisionDispatch</Filter>
    </ClInclude>
    <ClInclude Include="..\..\..\src\BulletPhysics\BulletCollision\CollisionDispatch\btGhostObject.cpp">
      <Filter>Blocks\Bullet 3D Physics\src\BulletPhysics\BulletCollision\CollisionDispatch</Filter>
    </ClInclude>
    <ClInclude Include="..\..\..\src\BulletPhysics\BulletCollision\CollisionDispatch\btHashedSimplePairCache.cpp">
      <Filter>Blocks\Bullet 3D Physics\src\BulletPhysics\BulletCollision\CollisionDispatch</Filter>
    </ClInclude>
    <ClInclude Include="..\..\..\src\BulletPhysics\BulletCollision\CollisionDispatch\btInternalEdgeUtility.cpp">
      <Filter>Blocks\Bullet 3D Physics\src\BulletPhysics\BulletCollision\CollisionDispatch</Filter>
    </ClInclude>
    <ClInclude Include="..\..\..\src\BulletPhysics\BulletCollision\CollisionDispatch\btManifoldResult.cpp">
      <Filter>Blocks\Bullet 3D Physics\src\BulletPhysics\BulletCollision\CollisionDispatch</Filter>
    </ClInclude>
    <ClInclude Include="..\..\..\src\BulletPhysics\BulletCollision\CollisionDispatch\btSimulationIslandManager.cpp">
      <Filter>Blocks\Bullet 3D Physics\src\BulletPhysics\BulletCollision\CollisionDispatch</Filter>
    </ClInclude>
    <ClInclude Include="..\..\..\src\BulletPhysics\BulletCollision\CollisionDispatch\btSphereBoxCollisionAlgorithm.cpp">
      <Filter>Blocks\Bullet 3D Physics\src\BulletPhysics\BulletCollision\CollisionDispatch</Filter>
    </ClInclude>
    <ClInclude Include="..\..\..\src\BulletPhysics\BulletCollision\CollisionDispatch\btSphereSphereCollisionAlgorithm.cpp">
      <Filter>Blocks\Bullet 3D Physics\src\BulletPhysics\BulletCollision\CollisionDispatch</Filter>
    </ClInclude>
    <ClInclude Include="..\..\..\src\BulletPhysics\BulletCollision\CollisionDispatch\btSphereTriangleCollisionAlgorithm.cpp">
      <Filter>Blocks\Bullet 3D Physics\src\BulletPhysics\BulletCollision\CollisionDispatch</Filter>
    </ClInclude>
    <ClInclude Include="..\..\..\src\BulletPhysics\BulletCollision\CollisionDispatch\btUnionFind.cpp">
      <Filter>Blocks\Bullet 3D Physics\src\BulletPhysics\BulletCollision\CollisionDispatch</Filter>
    </ClInclude>
    <ClInclude Include="..\..\..\src\BulletPhysics\BulletCollision\CollisionDispatch\SphereTriangleDetector.cpp">
      <Filter>Blocks\Bullet 3D Physics\src\BulletPhysics\BulletCollision\CollisionDispatch</Filter>
    </ClInclude>
    <ClInclude Include="..\..\..\src\BulletPhysics\BulletCollision\CollisionShapes\btBox2dShape.cpp">
      <Filter>Blocks\Bullet 3D Physics\src\BulletPhysics\BulletCollision\CollisionShapes</Filter>
    </ClInclude>
    <ClInclude Include="..\..\..\src\BulletPhysics\BulletCollision\CollisionShapes\btBoxShape.cpp">
      <Filter>Blocks\Bullet 3D Physics\src\BulletPhysics\BulletCollision\CollisionShapes</Filter>
    </ClInclude>
    <ClInclude Include="..\..\..\src\BulletPhysics\BulletCollision\CollisionShapes\btBvhTriangleMeshShape.cpp">
      <Filter>Blocks\Bullet 3D Physics\src\BulletPhysics\BulletCollision\CollisionShapes</Filter>
    </ClInclude>
    <ClInclude Include="..\..\..\src\BulletPhysics\BulletCollision\CollisionShapes\btCapsuleShape.cpp">
      <Filter>Blocks\Bullet 3D Physics\src\BulletPhysics\BulletCollision\CollisionShapes</Filter>
    </ClInclude>
    <ClInclude Include="..\..\..\src\BulletPhysics\BulletCollision\CollisionShapes\btCollisionShape.cpp">
      <Filter>Blocks\Bullet 3D Physics\src\BulletPhysics\BulletCollision\CollisionShapes</Filter>
    </ClInclude>
    <ClInclude Include="..\..\..\src\BulletPhysics\BulletCollision\CollisionShapes\btCompoundShape.cpp">
      <Filter>Blocks\Bullet 3D Physics\src\BulletPhysics\BulletCollision\CollisionShapes</Filter>
    </ClInclude>
    <ClInclude Include="..\..\..\src\BulletPhysics\BulletCollision\CollisionShapes\btConcaveShape.cpp">
      <Filter>Blocks\Bullet 3D Physics\src\BulletPhysics\BulletCollision\CollisionShapes</Filter>
    </ClInclude>
    <ClInclude Include="..\..\..\src\BulletPhysics\BulletCollision\CollisionShapes\btConeShape.cpp">
      <Filter>Blocks\Bullet 3D Physics\src\BulletPhysics\BulletCollision\CollisionShapes</Filter>
    </ClInclude>
    <ClInclude Include="..\..\..\src\BulletPhysics\BulletCollision\CollisionShapes\btConvex2dShape.cpp">
      <Filter>Blocks\Bullet 3D Physics\src\BulletPhysics\BulletCollision\CollisionShapes</Filter>
    </ClInclude>
    <ClInclude Include="..\..\..\src\BulletPhysics\BulletCollision\CollisionShapes\btConvexHullShape.cpp">
      <Filter>Blocks\Bullet 3D Physics\src\BulletPhysics\BulletCollision\CollisionShapes</Filter>
    </ClInclude>
    <ClInclude Include="..\..\..\src\BulletPhysics\BulletCollision\CollisionShapes\btConvexInternalShape.cpp">
      <Filter>Blocks\Bullet 3D Physics\src\BulletPhysics\BulletCollision\CollisionShapes</Filter>
    </ClInclude>
    <ClInclude Include="..\..\..\src\BulletPhysics\BulletCollision\CollisionShapes\btConvexPointCloudShape.cpp">
      <Filter>Blocks\Bullet 3D Physics\src\BulletPhysics\BulletCollision\CollisionShapes</Filter>
    </ClInclude>
    <ClInclude Include="..\..\..\src\BulletPhysics\BulletCollision\CollisionShapes\btConvexPolyhedron.cpp">
      <Filter>Blocks\Bullet 3D Physics\src\BulletPhysics\BulletCollision\CollisionShapes</Filter>
    </ClInclude>
    <ClInclude Include="..\..\..\src\BulletPhysics\BulletCollision\CollisionShapes\btConvexShape.cpp">
      <Filter>Blocks\Bullet 3D Physics\src\BulletPhysics\BulletCollision\CollisionShapes</Filter>
    </ClInclude>
    <ClInclude Include="..\..\..\src\BulletPhysics\BulletCollision\CollisionShapes\btConvexTriangleMeshShape.cpp">
      <Filter>Blocks\Bullet 3D Physics\src\BulletPhysics\BulletCollision\CollisionShapes</Filter>
    </ClInclude>
    <ClInclude Include="..\..\..\src\BulletPhysics\BulletCollision\CollisionShapes\btCylinderShape.cpp">
      <Filter>Blocks\Bullet 3D Physics\src\BulletPhysics\BulletCollision\CollisionShapes</Filter>
    </ClInclude>
    <ClInclude Include="..\..\..\src\BulletPhysics\BulletCollision\CollisionShapes\btEmptyShape.cpp">
      <Filter>Blocks\Bullet 3D Physics\src\BulletPhysics\BulletCollision\CollisionShapes</Filter>
    </ClInclude>
    <ClInclude Include="..\..\..\src\BulletPhysics\BulletCollision\CollisionShapes\btHeightfieldTerrainShape.cpp">
      <Filter>Blocks\Bullet 3D Physics\src\BulletPhysics\BulletCollision\CollisionShapes</Filter>
    </ClInclude>
    <ClInclude Include="..\..\..\src\BulletPhysics\BulletCollision\CollisionShapes\btMinkowskiSumShape.cpp">
      <Filter>Blocks\Bullet 3D Physics\src\BulletPhysics\BulletCollision\CollisionShapes</Filter>
    </ClInclude>
    <ClInclude Include="..\..\..\src\BulletPhysics\BulletCollision\CollisionShapes\btMultimaterialTriangleMeshShape.cpp">
      <Filter>Blocks\Bullet 3D Physics\src\BulletPhysics\BulletCollision\CollisionShapes</Filter>
    </ClInclude>
    <ClInclude Include="..\..\..\src\BulletPhysics\BulletCollision\CollisionShapes\btMultiSphereShape.cpp">
      <Filter>Blocks\Bullet 3D Physics\src\BulletPhysics\BulletCollision\CollisionShapes</Filter>
    </ClInclude>
    <ClInclude Include="..\..\..\src\BulletPhysics\BulletCollision\CollisionShapes\btOptimizedBvh.cpp">
      <Filter>Blocks\Bullet 3D Physics\src\BulletPhysics\BulletCollision\CollisionShapes</Filter>
    </ClInclude>
    <ClInclude Include="..\..\..\src\BulletPhysics\BulletCollision\CollisionShapes\btPolyhedralConvexShape.cpp">
      <Filter>Blocks\Bullet 3D Physics\src\BulletPhysics\BulletCollision\CollisionShapes</Filter>
    </ClInclude>
    <ClInclude Include="..\..\..\src\BulletPhysics\BulletCollision\CollisionShapes\btScaledBvhTriangleMeshShape.cpp">
      <Filter>Blocks\Bullet 3D Physics\src\BulletPhysics\BulletCollision\CollisionShapes</Filter>
    </ClInclude>
    <ClInclude Include="..\..\..\src\BulletPhysics\BulletCollision\CollisionShapes\btShapeHull.cpp">
      <Filter>Blocks\Bullet 3D Physics\src\BulletPhysics\BulletCollision\CollisionShapes</Filter>
    </ClInclude>
    <ClInclude Include="..\..\..\src\BulletPhysics\BulletCollision\CollisionShapes\btSphereShape.cpp">
      <Filter>Blocks\Bullet 3D Physics\src\BulletPhysics\BulletCollision\CollisionShapes</Filter>
    </ClInclude>
    <ClInclude Include="..\..\..\src\BulletPhysics\BulletCollision\CollisionShapes\btStaticPlaneShape.cpp">
      <Filter>Blocks\Bullet 3D Physics\src\BulletPhysics\BulletCollision\CollisionShapes</Filter>
    </ClInclude>
    <ClInclude Include="..\..\..\src\BulletPhysics\BulletCollision\CollisionShapes\btStridingMeshInterface.cpp">
      <Filter>Blocks\Bullet 3D Physics\src\BulletPhysics\BulletCollision\CollisionShapes</Filter>
    </ClInclude>
    <ClInclude Include="..\..\..\src\BulletPhysics\BulletCollision\CollisionShapes\btTetrahedronShape.cpp">
      <Filter>Blocks\Bullet 3D Physics\src\BulletPhysics\BulletCollision\CollisionShapes</Filter>
    </ClInclude>
    <ClInclude Include="..\..\..\src\BulletPhysics\BulletCollision\CollisionShapes\btTriangleBuffer.cpp">
      <Filter>Blocks\Bullet 3D Physics\src\BulletPhysics\BulletCollision\CollisionShapes</Filter>
    </ClInclude>
    <ClInclude Include="..\..\..\src\BulletPhysics\BulletCollision\CollisionShapes\btTriangleCallback.cpp">
      <Filter>Blocks\Bullet 3D Physics\src\BulletPhysics\BulletCollision\CollisionShapes</Filter>
    </ClInclude>
    <ClInclude Include="..\..\..\src\BulletPhysics\BulletCollision\CollisionShapes\btTriangleIndexVertexArray.cpp">
      <Filter>Blocks\Bullet 3D Physics\src\BulletPhysics\BulletCollision\CollisionShapes</Filter>
    </ClInclude>
    <ClInclude Include="..\..\..\src\BulletPhysics\BulletCollision\CollisionShapes\btTriangleIndexVertexMaterialArray.cpp">
      <Filter>Blocks\Bullet 3D Physics\src\BulletPhysics\BulletCollision\CollisionShapes</Filter>
    </ClInclude>
    <ClInclude Include="..\..\..\src\BulletPhysics\BulletCollision\CollisionShapes\btTriangleMesh.cpp">
      <Filter>Blocks\Bullet 3D Physics\src\BulletPhysics\BulletCollision\CollisionShapes</Filter>
    </ClInclude>
    <ClInclude Include="..\..\..\src\BulletPhysics\BulletCollision\CollisionShapes\btTriangleMeshShape.cpp">
      <Filter>Blocks\Bullet 3D Physics\src\BulletPhysics\BulletCollision\CollisionShapes</Filter>
    </ClInclude>
    <ClInclude Include="..\..\..\src\BulletPhysics\BulletCollision\CollisionShapes\btUniformScalingShape.cpp">
      <Filter>Blocks\Bullet 3D Physics\src\BulletPhysics\BulletCollision\CollisionShapes</Filter>
    </ClInclude>
    <ClInclude Include="..\..\..\src\BulletPhysics\BulletCollision\GImpact\btContactProcessing.cpp">
      <Filter>Blocks\Bullet 3D Physics\src\BulletPhysics\BulletCollision\GImpact</Filter>
    </ClInclude>
    <ClInclude Include="..\..\..\src\BulletPhysics\BulletCollision\GImpact\btGenericPoolAllocator.cpp">
      <Filter>Blocks\Bullet 3D Physics\src\BulletPhysics\BulletCollision\GImpact</Filter>
    </ClInclude>
    <ClInclude Include="..\..\..\src\BulletPhysics\BulletCollision\GImpact\btGImpactBvh.cpp">
      <Filter>Blocks\Bullet 3D Physics\src\BulletPhysics\BulletCollision\GImpact</Filter>
    </ClInclude>
    <ClInclude Include="..\..\..\src\BulletPhysics\BulletCollision\GImpact\btGImpactCollisionAlgorithm.cpp">
      <Filter>Blocks\Bullet 3D Physics\src\BulletPhysics\BulletCollision\GImpact</Filter>
    </ClInclude>
    <ClInclude Include="..\..\..\src\BulletPhysics\BulletCollision\GImpact\btGImpactQuantizedBvh.cpp">
      <Filter>Blocks\Bullet 3D Physics\src\BulletPhysics\BulletCollision\GImpact</Filter>
    </ClInclude>
    <ClInclude Include="..\..\..\src\BulletPhysics\BulletCollision\GImpact\btGImpactShape.cpp">
      <Filter>Blocks\Bullet 3D Physics\src\BulletPhysics\BulletCollision\GImpact</Filter>
    </ClInclude>
    <ClInclude Include="..\..\..\src\BulletPhysics\BulletCollision\GImpact\btTriangleShapeEx.cpp">
      <Filter>Blocks\Bullet 3D Physics\src\BulletPhysics\BulletCollision\GImpact</Filter>
    </ClInclude>
    <ClInclude Include="..\..\..\src\BulletPhysics\BulletCollision\GImpact\gim_box_set.cpp">
      <Filter>Blocks\Bullet 3D Physics\src\BulletPhysics\BulletCollision\GImpact</Filter>
    </ClInclude>
    <ClInclude Include="..\..\..\src\BulletPhysics\BulletCollision\GImpact\gim_contact.cpp">
      <Filter>Blocks\Bullet 3D Physics\src\BulletPhysics\BulletCollision\GImpact</Filter>
    </ClInclude>
    <ClInclude Include="..\..\..\src\BulletPhysics\BulletCollision\GImpact\gim_memory.cpp">
      <Filter>Blocks\Bullet 3D Physics\src\BulletPhysics\BulletCollision\GImpact</Filter>
    </ClInclude>
    <ClInclude Include="..\..\..\src\BulletPhysics\BulletCollision\GImpact\gim_tri_collision.cpp">
      <Filter>Blocks\Bullet 3D Physics\src\BulletPhysics\BulletCollision\GImpact</Filter>
    </ClInclude>
    <ClInclude Include="..\..\..\src\BulletPhysics\BulletCollision\NarrowPhaseCollision\btContinuousConvexCollision.cpp">
      <Filter>Blocks\Bullet 3D Physics\src\BulletPhysics\BulletCollision\NarrowPhaseCollision</Filter>
    </ClInclude>
    <ClInclude Include="..\..\..\src\BulletPhysics\BulletCollision\NarrowPhaseCollision\btConvexCast.cpp">
      <Filter>Blocks\Bullet 3D Physics\src\BulletPhysics\BulletCollision\NarrowPhaseCollision</Filter>
    </ClInclude>
    <ClInclude Include="..\..\..\src\BulletPhysics\BulletCollision\NarrowPhaseCollision\btGjkConvexCast.cpp">
      <Filter>Blocks\Bullet 3D Physics\src\BulletPhysics\BulletCollision\NarrowPhaseCollision</Filter>
    </ClInclude>
    <ClInclude Include="..\..\..\src\BulletPhysics\BulletCollision\NarrowPhaseCollision\btGjkEpa2.cpp">
      <Filter>Blocks\Bullet 3D Physics\src\BulletPhysics\BulletCollision\NarrowPhaseCollision</Filter>
    </ClInclude>
    <ClInclude Include="..\..\..\src\BulletPhysics\BulletCollision\NarrowPhaseCollision\btGjkEpaPenetrationDepthSolver.cpp">
      <Filter>Blocks\Bullet 3D Physics\src\BulletPhysics\BulletCollision\NarrowPhaseCollision</Filter>
    </ClInclude>
    <ClInclude Include="..\..\..\src\BulletPhysics\BulletCollision\NarrowPhaseCollision\btGjkPairDetector.cpp">
      <Filter>Blocks\Bullet 3D Physics\src\BulletPhysics\BulletCollision\NarrowPhaseCollision</Filter>
    </ClInclude>
    <ClInclude Include="..\..\..\src\BulletPhysics\BulletCollision\NarrowPhaseCollision\btMinkowskiPenetrationDepthSolver.cpp">
      <Filter>Blocks\Bullet 3D Physics\src\BulletPhysics\BulletCollision\NarrowPhaseCollision</Filter>
    </ClInclude>
    <ClInclude Include="..\..\..\src\BulletPhysics\BulletCollision\NarrowPhaseCollision\btPersistentManifold.cpp">
      <Filter>Blocks\Bullet 3D Physics\src\BulletPhysics\BulletCollision\NarrowPhaseCollision</Filter>
    </ClInclude>
    <ClInclude Include="..\..\..\src\BulletPhysics\BulletCollision\NarrowPhaseCollision\btPolyhedralContactClipping.cpp">
      <Filter>Blocks\Bullet 3D Physics\src\BulletPhysics\BulletCollision\NarrowPhaseCollision</Filter>
    </ClInclude>
    <ClInclude Include="..\..\..\src\BulletPhysics\BulletCollision\NarrowPhaseCollision\btRaycastCallback.cpp">
      <Filter>Blocks\Bullet 3D Physics\src\BulletPhysics\BulletCollision\NarrowPhaseCollision</Filter>
    </ClInclude>
    <ClInclude Include="..\..\..\src\BulletPhysics\BulletCollision\NarrowPhaseCollision\btSubSimplexConvexCast.cpp">
      <Filter>Blocks\Bullet 3D Physics\src\BulletPhysics\BulletCollision\NarrowPhaseCollision</Filter>
    </ClInclude>
    <ClInclude Include="..\..\..\src\BulletPhysics\BulletCollision\NarrowPhaseCollision\btVoronoiSimplexSolver.cpp">
      <Filter>Blocks\Bullet 3D Physics\src\BulletPhysics\BulletCollision\NarrowPhaseCollision</Filter>
    </ClInclude>
    <ClInclude Include="..\..\..\src\BulletPhysics\BulletDynamics\Character\btKinematicCharacterController.cpp">
      <Filter>Blocks\Bullet 3D Physics\src\BulletPhysics\BulletDynamics\Character</Filter>
    </ClInclude>
    <ClInclude Include="..\..\..\src\BulletPhysics\BulletDynamics\ConstraintSolver\btConeTwistConstraint.cpp">
      <Filter>Blocks\Bullet 3D Physics\src\BulletPhysics\BulletDynamics\ConstraintSolver</Filter>
    </ClInclude>
    <ClInclude Include="..\..\..\src\BulletPhysics\BulletDynamics\ConstraintSolver\btContactConstraint.cpp">
      <Filter>Blocks\Bullet 3D Physics\src\BulletPhysics\BulletDynamics\ConstraintSolver</Filter>
    </ClInclude>
    <ClInclude Include="..\..\..\src\BulletPhysics\BulletDynamics\ConstraintSolver\btFixedConstraint.cpp">
      <Filter>Blocks\Bullet 3D Physics\src\BulletPhysics\BulletDynamics\ConstraintSolver</Filter>
    </ClInclude>
    <ClInclude Include="..\..\..\src\BulletPhysics\BulletDynamics\ConstraintSolver\btGearConstraint.cpp">
      <Filter>Blocks\Bullet 3D Physics\src\BulletPhysics\BulletDynamics\ConstraintSolver</Filter>
    </ClInclude>
    <ClInclude Include="..\..\..\src\BulletPhysics\BulletDynamics\ConstraintSolver\btGeneric6DofConstraint.cpp">
      <Filter>Blocks\Bullet 3D Physics\src\BulletPhysics\BulletDynamics\ConstraintSolver</Filter>
    </ClInclude>
    <ClInclude Include="..\..\..\src\BulletPhysics\BulletDynamics\ConstraintSolver\btGeneric6DofSpring2Constraint.cpp">
      <Filter>Blocks\Bullet 3D Physics\src\BulletPhysics\BulletDynamics\ConstraintSolver</Filter>
    </ClInclude>
    <ClInclude Include="..\..\..\src\BulletPhysics\BulletDynamics\ConstraintSolver\btGeneric6DofSpringConstraint.cpp">
      <Filter>Blocks\Bullet 3D Physics\src\BulletPhysics\BulletDynamics\ConstraintSolver</Filter>
    </ClInclude>
    <ClInclude Include="..\..\..\src\BulletPhysics\BulletDynamics\ConstraintSolver\btHinge2Constraint.cpp">
      <Filter>Blocks\Bullet 3D Physics\src\BulletPhysics\BulletDynamics\ConstraintSolver</Filter>
    </ClInclude>
    <ClInclude Include="..\..\..\src\BulletPhysics\BulletDynamics\ConstraintSolver\btHingeConstraint.cpp">
      <Filter>Blocks\Bullet 3D Physics\src\BulletPhysics\BulletDynamics\ConstraintSolver</Filter>
    </ClInclude>
    <ClInclude Include="..\..\..\src\BulletPhysics\BulletDynamics\ConstraintSolver\btNNCGConstraintSolver.cpp">
      <Filter>Blocks\Bullet 3D Physics\src\BulletPhysics\BulletDynamics\ConstraintSolver</Filter>
    </ClInclude>
    <ClInclude Include="..\..\..\src\BulletPhysics\BulletDynamics\ConstraintSolver\btPoint2PointConstraint.cpp">
      <Filter>Blocks\Bullet 3D Physics\src\BulletPhysics\BulletDynamics\ConstraintSolver</Filter>
    </ClInclude>
    <ClInclude Include="..\..\..\src\BulletPhysics\BulletDynamics\ConstraintSolver\btSequentialImpulseConstraintSolver.cpp">
      <Filter>Blocks\Bullet 3D Physics\src\BulletPhysics\BulletDynamics\ConstraintSolver</Filter>
    </ClInclude>
    <ClInclude Include="..\..\..\src\BulletPhysics\BulletDynamics\ConstraintSolver\btSliderConstraint.cpp">
      <Filter>Blocks\Bullet 3D Physics\src\BulletPhysics\BulletDynamics\ConstraintSolver</Filter>
    </ClInclude>
    <ClInclude Include="..\..\..\src\BulletPhysics\BulletDynamics\ConstraintSolver\btSolve2LinearConstraint.cpp">
      <Filter>Blocks\Bullet 3D Physics\src\BulletPhysics\BulletDynamics\ConstraintSolver</Filter>
    </ClInclude>
    <ClInclude Include="..\..\..\src\BulletPhysics\BulletDynamics\ConstraintSolver\btTypedConstraint.cpp">
      <Filter>Blocks\Bullet 3D Physics\src\BulletPhysics\BulletDynamics\ConstraintSolver</Filter>
    </ClInclude>
    <ClInclude Include="..\..\..\src\BulletPhysics\BulletDynamics\ConstraintSolver\btUniversalConstraint.cpp">
      <Filter>Blocks\Bullet 3D Physics\src\BulletPhysics\BulletDynamics\ConstraintSolver</Filter>
    </ClInclude>
    <ClInclude Include="..\..\..\src\BulletPhysics\BulletDynamics\Dynamics\btDiscreteDynamicsWorld.cpp">
      <Filter>Blocks\Bullet 3D Physics\src\BulletPhysics\BulletDynamics\Dynamics</Filter>
    </ClInclude>
    <ClInclude Include="..\..\..\src\BulletPhysics\BulletDynamics\Dynamics\btRigidBody.cpp">
      <Filter>Blocks\Bullet 3D Physics\src\BulletPhysics\BulletDynamics\Dynamics</Filter>
    </ClInclude>
    <ClInclude Include="..\..\..\src\BulletPhysics\BulletDynamics\Dynamics\btSimpleDynamicsWorld.cpp">
      <Filter>Blocks\Bullet 3D Physics\src\BulletPhysics\BulletDynamics\Dynamics</Filter>
    </ClInclude>
    <ClInclude Include="..\..\..\src\BulletPhysics\BulletDynamics\FeatherStone\btMultiBody.cpp">
      <Filter>Blocks\Bullet 3D Physics\src\BulletPhysics\BulletDynamics\FeatherStone</Filter>
    </ClInclude>
    <ClInclude Include="..\..\..\src\BulletPhysics\BulletDynamics\FeatherStone\btMultiBodyConstraint.cpp">
      <Filter>Blocks\Bullet 3D Physics\src\BulletPhysics\BulletDynamics\FeatherStone</Filter>
    </ClInclude>
    <ClInclude Include="..\..\..\src\BulletPhysics\BulletDynamics\FeatherStone\btMultiBodyConstraintSolver.cpp">
      <Filter>Blocks\Bullet 3D Physics\src\BulletPhysics\BulletDynamics\FeatherStone</Filter>
    </ClInclude>
    <ClInclude Include="..\..\..\src\BulletPhysics\BulletDynamics\FeatherStone\btMultiBodyDynamicsWorld.cpp">
      <Filter>Blocks\Bullet 3D Physics\src\BulletPhysics\BulletDynamics\FeatherStone</Filter>
    </ClInclude>
    <ClInclude Include="..\..\..\src\BulletPhysics\BulletDynamics\FeatherStone\btMultiBodyFixedConstraint.cpp">
      <Filter>Blocks\Bullet 3D Physics\src\BulletPhysics\BulletDynamics\FeatherStone</Filter>
    </ClInclude>
    <ClInclude Include="..\..\..\src\BulletPhysics\BulletDynamics\FeatherStone\btMultiBodyJointLimitConstraint.cpp">
      <Filter>Blocks\Bullet 3D Physics\src\BulletPhysics\BulletDynamics\FeatherStone</Filter>
    </ClInclude>
    <ClInclude Include="..\..\..\src\BulletPhysics\BulletDynamics\FeatherStone\btMultiBodyJointMotor.cpp">
      <Filter>Blocks\Bullet 3D Physics\src\BulletPhysics\BulletDynamics\FeatherStone</Filter>
    </ClInclude>
    <ClInclude Include="..\..\..\src\BulletPhysics\BulletDynamics\FeatherStone\btMultiBodyPoint2Point.cpp">
      <Filter>Blocks\Bullet 3D Physics\src\BulletPhysics\BulletDynamics\FeatherStone</Filter>
    </ClInclude>
    <ClInclude Include="..\..\..\src\BulletPhysics\BulletDynamics\FeatherStone\btMultiBodySliderConstraint.cpp">
      <Filter>Blocks\Bullet 3D Physics\src\BulletPhysics\BulletDynamics\FeatherStone</Filter>
    </ClInclude>
    <ClInclude Include="..\..\..\src\BulletPhysics\BulletDynamics\MLCPSolvers\btDantzigLCP.cpp">
      <Filter>Blocks\Bullet 3D Physics\src\BulletPhysics\BulletDynamics\MLCPSolvers</Filter>
    </ClInclude>
    <ClInclude Include="..\..\..\src\BulletPhysics\BulletDynamics\MLCPSolvers\btLemkeAlgorithm.cpp">
      <Filter>Blocks\Bullet 3D Physics\src\BulletPhysics\BulletDynamics\MLCPSolvers</Filter>
    </ClInclude>
    <ClInclude Include="..\..\..\src\BulletPhysics\BulletDynamics\MLCPSolvers\btMLCPSolver.cpp">
      <Filter>Blocks\Bullet 3D Physics\src\BulletPhysics\BulletDynamics\MLCPSolvers</Filter>
    </ClInclude>
    <ClInclude Include="..\..\..\src\BulletPhysics\BulletDynamics\Vehicle\btRaycastVehicle.cpp">
      <Filter>Blocks\Bullet 3D Physics\src\BulletPhysics\BulletDynamics\Vehicle</Filter>
    </ClInclude>
    <ClInclude Include="..\..\..\src\BulletPhysics\BulletDynamics\Vehicle\btWheelInfo.cpp">
      <Filter>Blocks\Bullet 3D Physics\src\BulletPhysics\BulletDynamics\Vehicle</Filter>
    </ClInclude>
    <ClInclude Include="..\..\..\src\BulletPhysics\BulletInverseDynamics\IDMath.cpp">
      <Filter>Blocks\Bullet 3D Physics\src\BulletPhysics\BulletInverseDynamics</Filter>
    </ClInclude>
    <ClInclude Include="..\..\..\src\BulletPhysics\BulletInverseDynamics\MultiBodyTree.cpp">
      <Filter>Blocks\Bullet 3D Physics\src\BulletPhysics\BulletInverseDynamics</Filter>
    </ClInclude>
    <ClInclude Include="..\..\..\src\BulletPhysics\BulletInverseDynamics\details\MultiBodyTreeImpl.cpp">
      <Filter>Blocks\Bullet 3D Physics\src\BulletPhysics\BulletInverseDynamics\details</Filter>
    </ClInclude>
    <ClInclude Include="..\..\..\src\BulletPhysics\BulletInverseDynamics\details\MultiBodyTreeInitCache.cpp">
      <Filter>Blocks\Bullet 3D Physics\src\BulletPhysics\BulletInverseDynamics\details</Filter>
    </ClInclude>
    <ClInclude Include="..\..\..\src\BulletPhysics\InverseDynamics\btMultiBodyTreeCreator.cpp">
      <Filter>Blocks\Bullet 3D Physics\src\BulletPhysics\InverseDynamics</Filter>
    </ClInclude>
    <ClInclude Include="..\..\..\src\BulletPhysics\InverseDynamics\CloneTreeCreator.cpp">
      <Filter>Blocks\Bullet 3D Physics\src\BulletPhysics\InverseDynamics</Filter>
    </ClInclude>
    <ClInclude Include="..\..\..\src\BulletPhysics\InverseDynamics\CoilCreator.cpp">
      <Filter>Blocks\Bullet 3D Physics\src\BulletPhysics\InverseDynamics</Filter>
    </ClInclude>
    <ClInclude Include="..\..\..\src\BulletPhysics\InverseDynamics\DillCreator.cpp">
      <Filter>Blocks\Bullet 3D Physics\src\BulletPhysics\InverseDynamics</Filter>
    </ClInclude>
    <ClInclude Include="..\..\..\src\BulletPhysics\InverseDynamics\IDRandomUtil.cpp">
      <Filter>Blocks\Bullet 3D Physics\src\BulletPhysics\InverseDynamics</Filter>
    </ClInclude>
    <ClInclude Include="..\..\..\src\BulletPhysics\InverseDynamics\invdyn_bullet_comparison.cpp">
      <Filter>Blocks\Bullet 3D Physics\src\BulletPhysics\InverseDynamics</Filter>
    </ClInclude>
    <ClInclude Include="..\..\..\src\BulletPhysics\InverseDynamics\MultiBodyNameMap.cpp">
      <Filter>Blocks\Bullet 3D Physics\src\BulletPhysics\InverseDynamics</Filter>
    </ClInclude>
    <ClInclude Include="..\..\..\src\BulletPhysics\InverseDynamics\MultiBodyTreeCreator.cpp">
      <Filter>Blocks\Bullet 3D Physics\src\BulletPhysics\InverseDynamics</Filter>
    </ClInclude>
    <ClInclude Include="..\..\..\src\BulletPhysics\InverseDynamics\MultiBodyTreeDebugGraph.cpp">
      <Filter>Blocks\Bullet 3D Physics\src\BulletPhysics\InverseDynamics</Filter>
    </ClInclude>
    <ClInclude Include="..\..\..\src\BulletPhysics\InverseDynamics\RandomTreeCreator.cpp">
      <Filter>Blocks\Bullet 3D Physics\src\BulletPhysics\InverseDynamics</Filter>
    </ClInclude>
    <ClInclude Include="..\..\..\src\BulletPhysics\InverseDynamics\SimpleTreeCreator.cpp">
      <Filter>Blocks\Bullet 3D Physics\src\BulletPhysics\InverseDynamics</Filter>
    </ClInclude>
    <ClInclude Include="..\..\..\src\BulletPhysics\InverseDynamics\User2InternalIndex.cpp">
      <Filter>Blocks\Bullet 3D Physics\src\BulletPhysics\InverseDynamics</Filter>
    </ClInclude>
    <ClInclude Include="..\..\..\src\BulletPhysics\ConvexDecomposition\bestfit.cpp">
      <Filter>Blocks\Bullet 3D Physics\src\BulletPhysics\ConvexDecomposition</Filter>
    </ClInclude>
    <ClInclude Include="..\..\..\src\BulletPhysics\ConvexDecomposition\bestfitobb.cpp">
      <Filter>Blocks\Bullet 3D Physics\src\BulletPhysics\ConvexDecomposition</Filter>
    </ClInclude>
    <ClInclude Include="..\..\..\src\BulletPhysics\ConvexDecomposition\cd_hull.cpp">
      <Filter>Blocks\Bullet 3D Physics\src\BulletPhysics\ConvexDecomposition</Filter>
    </ClInclude>
    <ClInclude Include="..\..\..\src\BulletPhysics\ConvexDecomposition\cd_wavefront.cpp">
      <Filter>Blocks\Bullet 3D Physics\src\BulletPhysics\ConvexDecomposition</Filter>
    </ClInclude>
    <ClInclude Include="..\..\..\src\BulletPhysics\ConvexDecomposition\concavity.cpp">
      <Filter>Blocks\Bullet 3D Physics\src\BulletPhysics\ConvexDecomposition</Filter>
    </ClInclude>
    <ClInclude Include="..\..\..\src\BulletPhysics\ConvexDecomposition\ConvexBuilder.cpp">
      <Filter>Blocks\Bullet 3D Physics\src\BulletPhysics\ConvexDecomposition</Filter>
    </ClInclude>
    <ClInclude Include="..\..\..\src\BulletPhysics\ConvexDecomposition\ConvexDecomposition.cpp">
      <Filter>Blocks\Bullet 3D Physics\src\BulletPhysics\ConvexDecomposition</Filter>
    </ClInclude>
    <ClInclude Include="..\..\..\src\BulletPhysics\ConvexDecomposition\fitsphere.cpp">
      <Filter>Blocks\Bullet 3D Physics\src\BulletPhysics\ConvexDecomposition</Filter>
    </ClInclude>
    <ClInclude Include="..\..\..\src\BulletPhysics\ConvexDecomposition\float_math.cpp">
      <Filter>Blocks\Bullet 3D Physics\src\BulletPhysics\ConvexDecomposition</Filter>
    </ClInclude>
    <ClInclude Include="..\..\..\src\BulletPhysics\ConvexDecomposition\meshvolume.cpp">
      <Filter>Blocks\Bullet 3D Physics\src\BulletPhysics\ConvexDecomposition</Filter>
    </ClInclude>
    <ClInclude Include="..\..\..\src\BulletPhysics\ConvexDecomposition\planetri.cpp">
      <Filter>Blocks\Bullet 3D Physics\src\BulletPhysics\ConvexDecomposition</Filter>
    </ClInclude>
    <ClInclude Include="..\..\..\src\BulletPhysics\ConvexDecomposition\raytri.cpp">
      <Filter>Blocks\Bullet 3D Physics\src\BulletPhysics\ConvexDecomposition</Filter>
    </ClInclude>
    <ClInclude Include="..\..\..\src\BulletPhysics\ConvexDecomposition\splitplane.cpp">
      <Filter>Blocks\Bullet 3D Physics\src\BulletPhysics\ConvexDecomposition</Filter>
    </ClInclude>
    <ClInclude Include="..\..\..\src\BulletPhysics\ConvexDecomposition\vlookup.cpp">
      <Filter>Blocks\Bullet 3D Physics\src\BulletPhysics\ConvexDecomposition</Filter>
    </ClInclude>
    <ClInclude Include="..\..\..\src\BussIK\Jacobian.cpp">
      <Filter>Blocks\Bullet 3D Physics\src\BussIK</Filter>
    </ClInclude>
    <ClInclude Include="..\..\..\src\BussIK\LinearR2.cpp">
      <Filter>Blocks\Bullet 3D Physics\src\BussIK</Filter>
    </ClInclude>
    <ClInclude Include="..\..\..\src\BussIK\LinearR3.cpp">
      <Filter>Blocks\Bullet 3D Physics\src\BussIK</Filter>
    </ClInclude>
    <ClInclude Include="..\..\..\src\BussIK\LinearR4.cpp">
      <Filter>Blocks\Bullet 3D Physics\src\BussIK</Filter>
    </ClInclude>
    <ClInclude Include="..\..\..\src\BussIK\MatrixRmn.cpp">
      <Filter>Blocks\Bullet 3D Physics\src\BussIK</Filter>
    </ClInclude>
    <ClInclude Include="..\..\..\src\BussIK\Misc.cpp">
      <Filter>Blocks\Bullet 3D Physics\src\BussIK</Filter>
    </ClInclude>
    <ClInclude Include="..\..\..\src\BussIK\Node.cpp">
      <Filter>Blocks\Bullet 3D Physics\src\BussIK</Filter>
    </ClInclude>
    <ClInclude Include="..\..\..\src\BussIK\Tree.cpp">
      <Filter>Blocks\Bullet 3D Physics\src\BussIK</Filter>
    </ClInclude>
    <ClInclude Include="..\..\..\src\BussIK\VectorRn.cpp">
      <Filter>Blocks\Bullet 3D Physics\src\BussIK</Filter>
    </ClInclude>
    <ClInclude Include="..\..\..\src\BulletPhysics\Serialize\BulletFileLoader\bChunk.cpp">
      <Filter>Blocks\Bullet 3D Physics\src\BulletPhysics\Serialize\BulletFileLoader</Filter>
    </ClInclude>
    <ClInclude Include="..\..\..\src\BulletPhysics\Serialize\BulletFileLoader\bDNA.cpp">
      <Filter>Blocks\Bullet 3D Physics\src\BulletPhysics\Serialize\BulletFileLoader</Filter>
    </ClInclude>
    <ClInclude Include="..\..\..\src\BulletPhysics\Serialize\BulletFileLoader\bFile.cpp">
      <Filter>Blocks\Bullet 3D Physics\src\BulletPhysics\Serialize\BulletFileLoader</Filter>
    </ClInclude>
    <ClInclude Include="..\..\..\src\BulletPhysics\Serialize\BulletFileLoader\btBulletFile.cpp">
      <Filter>Blocks\Bullet 3D Physics\src\BulletPhysics\Serialize\BulletFileLoader</Filter>
    </ClInclude>
    <ClInclude Include="..\..\..\src\BulletPhysics\Serialize\BulletWorldImporter\btBulletWorldImporter.cpp">
      <Filter>Blocks\Bullet 3D Physics\src\BulletPhysics\Serialize\BulletWorldImporter</Filter>
    </ClInclude>
    <ClInclude Include="..\..\..\src\BulletPhysics\Serialize\BulletWorldImporter\btWorldImporter.cpp">
      <Filter>Blocks\Bullet 3D Physics\src\BulletPhysics\Serialize\BulletWorldImporter</Filter>
    </ClInclude>
    <ClInclude Include="..\..\..\src\BulletPhysics\HACD\hacdGraph.cpp">
      <Filter>Blocks\Bullet 3D Physics\src\BulletPhysics\HACD</Filter>
    </ClInclude>
    <ClInclude Include="..\..\..\src\BulletPhysics\HACD\hacdHACD.cpp">
      <Filter>Blocks\Bullet 3D Physics\src\BulletPhysics\HACD</Filter>
    </ClInclude>
    <ClInclude Include="..\..\..\src\BulletPhysics\HACD\hacdICHull.cpp">
      <Filter>Blocks\Bullet 3D Physics\src\BulletPhysics\HACD</Filter>
    </ClInclude>
    <ClInclude Include="..\..\..\src\BulletPhysics\HACD\hacdManifoldMesh.cpp">
      <Filter>Blocks\Bullet 3D Physics\src\BulletPhysics\HACD</Filter>
    </ClInclude>
    <ClInclude Include="..\..\..\src\BulletPhysics\BulletSoftBody\btDefaultSoftBodySolver.cpp">
      <Filter>Blocks\Bullet 3D Physics\src\BulletPhysics\BulletSoftBody</Filter>
    </ClInclude>
    <ClInclude Include="..\..\..\src\BulletPhysics\BulletSoftBody\btSoftBody.cpp">
      <Filter>Blocks\Bullet 3D Physics\src\BulletPhysics\BulletSoftBody</Filter>
    </ClInclude>
    <ClInclude Include="..\..\..\src\BulletPhysics\BulletSoftBody\btSoftBodyConcaveCollisionAlgorithm.cpp">
      <Filter>Blocks\Bullet 3D Physics\src\BulletPhysics\BulletSoftBody</Filter>
    </ClInclude>
    <ClInclude Include="..\..\..\src\BulletPhysics\BulletSoftBody\btSoftBodyHelpers.cpp">
      <Filter>Blocks\Bullet 3D Physics\src\BulletPhysics\BulletSoftBody</Filter>
    </ClInclude>
    <ClInclude Include="..\..\..\src\BulletPhysics\BulletSoftBody\btSoftBodyRigidBodyCollisionConfiguration.cpp">
      <Filter>Blocks\Bullet 3D Physics\src\BulletPhysics\BulletSoftBody</Filter>
    </ClInclude>
    <ClInclude Include="..\..\..\src\BulletPhysics\BulletSoftBody\btSoftRigidCollisionAlgorithm.cpp">
      <Filter>Blocks\Bullet 3D Physics\src\BulletPhysics\BulletSoftBody</Filter>
    </ClInclude>
    <ClInclude Include="..\..\..\src\BulletPhysics\BulletSoftBody\btSoftRigidDynamicsWorld.cpp">
      <Filter>Blocks\Bullet 3D Physics\src\BulletPhysics\BulletSoftBody</Filter>
    </ClInclude>
    <ClInclude Include="..\..\..\src\BulletPhysics\BulletSoftBody\btSoftSoftCollisionAlgorithm.cpp">
      <Filter>Blocks\Bullet 3D Physics\src\BulletPhysics\BulletSoftBody</Filter>
    </ClInclude>
    <ClCompile Include="..\..\..\src\Cinder-Bullet3D\BulletContext.cpp">
      <Filter>Blocks\Bullet 3D Physics\src\Cinder-Bullet3D</Filter>
    </ClCompile>
    <ClCompile Include="..\..\..\src\Cinder-Bullet3D\Common.cpp">
      <Filter>Blocks\Bullet 3D Physics\src\Cinder-Bullet3D</Filter>
    </ClCompile>
    <ClCompile Include="..\..\..\src\Cinder-Bullet3D\PhysicsDebugRenderable.cpp">
      <Filter>Blocks\Bullet 3D Physics\src\Cinder-Bullet3D</Filter>
    </ClCompile>
    <ClCompile Include="..\..\..\src\Cinder-Bullet3D\RigidBody.cpp">
      <Filter>Blocks\Bullet 3D Physics\src\Cinder-Bullet3D</Filter>
    </ClCompile>
    <ClCompile Include="..\..\..\src\Cinder-Bullet3D\SoftBody.cpp">
      <Filter>Blocks\Bullet 3D Physics\src\Cinder-Bullet3D</Filter>
    </ClCompile>
  </ItemGroup>
  <ItemGroup>
    <ClInclude Include="..\include\Resources.h">
      <Filter>Header Files</Filter>
    </ClInclude>
  </ItemGroup>
  <ItemGroup>
    <ResourceCompile Include="Resources.rc">
      <Filter>Resource Files</Filter>
    </ResourceCompile>
  </ItemGroup>
</Project>
